{"version":4,"terraform_version":"1.8.2","serial":11,"lineage":"cd1a5b3a-baa6-d7ee-a773-2a9f165e29e3","outputs":{"cdn":{"value":{"arn":"arn:aws:cloudfront::694710432912:distribution/EU7L1RD1IYZ3E","domainName":"d2gu602khdcdiz.cloudfront.net","hostedZoneId":"Z2FDTNDATAQYW2","id":"EU7L1RD1IYZ3E","status":"Deployed"},"type":["object",{"arn":"string","domainName":"string","hostedZoneId":"string","id":"string","status":"string"}]}},"resources":[{"mode":"data","type":"aws_caller_identity","name":"CallerIdentity","provider":"provider[\"registry.opentofu.org/hashicorp/aws\"]","instances":[{"schema_version":0,"attributes":{"account_id":"694710432912","arn":"arn:aws:iam::694710432912:user/vincent_desmet","id":"694710432912","user_id":"AIDA2DP7X6SIASZ7NF473"},"sensitive_attributes":[]}]},{"mode":"data","type":"aws_cloudfront_cache_policy","name":"Cdn_Managed-CachingOptimized_58CFD2BA","provider":"provider[\"registry.opentofu.org/hashicorp/aws\"]","instances":[{"schema_version":0,"attributes":{"arn":"arn:aws:cloudfront::694710432912:cache-policy/658327ea-f89d-4fab-a63d-7e88639e58f6","comment":"Policy with caching enabled. Supports Gzip and Brotli compression.","default_ttl":86400,"etag":"E23ZP02F085DFQ","id":"658327ea-f89d-4fab-a63d-7e88639e58f6","max_ttl":31536000,"min_ttl":1,"name":"Managed-CachingOptimized","parameters_in_cache_key_and_forwarded_to_origin":[{"cookies_config":[{"cookie_behavior":"none","cookies":[]}],"enable_accept_encoding_brotli":true,"enable_accept_encoding_gzip":true,"headers_config":[{"header_behavior":"none","headers":[]}],"query_strings_config":[{"query_string_behavior":"none","query_strings":[]}]}]},"sensitive_attributes":[]}]},{"mode":"data","type":"aws_iam_policy_document","name":"Source_Policy_BC7DCC4B","provider":"provider[\"registry.opentofu.org/hashicorp/aws\"]","instances":[{"schema_version":0,"attributes":{"id":"3983898907","json":"{\n  \"Version\": \"2012-10-17\",\n  \"Statement\": [\n    {\n      \"Effect\": \"Allow\",\n      \"Action\": \"s3:GetObject\",\n      \"Resource\": \"arn:aws:s3:::website-landingsource20241224042259745700000002/*\",\n      \"Principal\": {\n        \"AWS\": \"arn:aws:iam::cloudfront:user/CloudFront Origin Access Identity E17UNOLO94PGAC\"\n      }\n    }\n  ]\n}","minified_json":"{\"Version\":\"2012-10-17\",\"Statement\":[{\"Effect\":\"Allow\",\"Action\":\"s3:GetObject\",\"Resource\":\"arn:aws:s3:::website-landingsource20241224042259745700000002/*\",\"Principal\":{\"AWS\":\"arn:aws:iam::cloudfront:user/CloudFront Origin Access Identity E17UNOLO94PGAC\"}}]}","override_json":null,"override_policy_documents":null,"policy_id":null,"source_json":null,"source_policy_documents":null,"statement":[{"actions":["s3:GetObject"],"condition":[],"effect":"Allow","not_actions":[],"not_principals":[],"not_resources":[],"principals":[{"identifiers":["arn:aws:iam::cloudfront:user/CloudFront Origin Access Identity E17UNOLO94PGAC"],"type":"AWS"}],"resources":["arn:aws:s3:::website-landingsource20241224042259745700000002/*"],"sid":""}],"version":"2012-10-17"},"sensitive_attributes":[]}]},{"mode":"data","type":"aws_partition","name":"Partitition","provider":"provider[\"registry.opentofu.org/hashicorp/aws\"]","instances":[{"schema_version":0,"attributes":{"dns_suffix":"amazonaws.com","id":"aws","partition":"aws","reverse_dns_prefix":"com.amazonaws"},"sensitive_attributes":[]}]},{"mode":"data","type":"aws_route53_zone","name":"Zone_A5DE4B68","provider":"provider[\"registry.opentofu.org/hashicorp/aws\"]","instances":[{"schema_version":0,"attributes":{"arn":"arn:aws:route53:::hostedzone/Z09339061DF0IQA1CJMKQ","caller_reference":"7d21c009-caa9-4f3b-bb69-88c7eacd30ce","comment":"","id":"Z09339061DF0IQA1CJMKQ","linked_service_description":null,"linked_service_principal":null,"name":"terraconstructs.dev","name_servers":["ns-840.awsdns-41.net","ns-1623.awsdns-10.co.uk","ns-173.awsdns-21.com","ns-1165.awsdns-17.org"],"primary_name_server":"ns-840.awsdns-41.net","private_zone":false,"resource_record_set_count":9,"tags":{},"vpc_id":null,"zone_id":"Z09339061DF0IQA1CJMKQ"},"sensitive_attributes":[]}]},{"mode":"managed","type":"aws_acm_certificate","name":"Certificate_4E7ABB08","provider":"provider[\"registry.opentofu.org/hashicorp/aws\"]","instances":[{"schema_version":0,"attributes":{"arn":"arn:aws:acm:us-east-1:694710432912:certificate/ad36002b-f4e1-48a0-a016-995e8efb3165","certificate_authority_arn":"","certificate_body":null,"certificate_chain":null,"domain_name":"terraconstructs.dev","domain_validation_options":[{"domain_name":"*.terraconstructs.dev","resource_record_name":"_2b12036ef3cde0d6125e67a032915caa.terraconstructs.dev.","resource_record_type":"CNAME","resource_record_value":"_7ca91bb70d2047003d7948a01ca66e03.zfyfvmchrl.acm-validations.aws."},{"domain_name":"terraconstructs.dev","resource_record_name":"_2b12036ef3cde0d6125e67a032915caa.terraconstructs.dev.","resource_record_type":"CNAME","resource_record_value":"_7ca91bb70d2047003d7948a01ca66e03.zfyfvmchrl.acm-validations.aws."}],"early_renewal_duration":"","id":"arn:aws:acm:us-east-1:694710432912:certificate/ad36002b-f4e1-48a0-a016-995e8efb3165","key_algorithm":"RSA_2048","not_after":"2026-01-23T23:59:59Z","not_before":"2024-12-24T00:00:00Z","options":[{"certificate_transparency_logging_preference":"ENABLED"}],"pending_renewal":false,"private_key":null,"renewal_eligibility":"ELIGIBLE","renewal_summary":[],"status":"ISSUED","subject_alternative_names":["*.terraconstructs.dev","terraconstructs.dev"],"tags":{"Name":"prod-Certificate","grid:EnvironmentName":"prod","grid:UUID":"website"},"tags_all":{"Name":"prod-Certificate","grid:EnvironmentName":"prod","grid:UUID":"website"},"type":"AMAZON_ISSUED","validation_emails":[],"validation_method":"DNS","validation_option":[{"domain_name":"terraconstructs.dev","validation_domain":"terraconstructs.dev"}]},"sensitive_attributes":[[{"type":"get_attr","value":"private_key"}]],"private":"bnVsbA==","dependencies":["data.aws_route53_zone.Zone_A5DE4B68"],"create_before_destroy":true}]},{"mode":"managed","type":"aws_acm_certificate_validation","name":"Certificate_Validation_1DBF2B44","provider":"provider[\"registry.opentofu.org/hashicorp/aws\"]","instances":[{"schema_version":0,"attributes":{"certificate_arn":"arn:aws:acm:us-east-1:694710432912:certificate/ad36002b-f4e1-48a0-a016-995e8efb3165","id":"2024-12-24 04:23:20.647 +0000 UTC","timeouts":null,"validation_record_fqdns":["_2b12036ef3cde0d6125e67a032915caa.terraconstructs.dev"]},"sensitive_attributes":[],"private":"eyJlMmJmYjczMC1lY2FhLTExZTYtOGY4OC0zNDM2M2JjN2M0YzAiOnsiY3JlYXRlIjo0NTAwMDAwMDAwMDAwfX0=","dependencies":["aws_acm_certificate.Certificate_4E7ABB08","aws_route53_record.Certificate_ValidationRecord-terraconstructsdev_E1E87186","data.aws_route53_zone.Zone_A5DE4B68"]}]},{"mode":"managed","type":"aws_cloudfront_distribution","name":"Cdn_9963B1AD","provider":"provider[\"registry.opentofu.org/hashicorp/aws\"]","instances":[{"schema_version":1,"attributes":{"aliases":["terraconstructs.dev"],"arn":"arn:aws:cloudfront::694710432912:distribution/EU7L1RD1IYZ3E","caller_reference":"terraform-20241224042311564500000004","comment":null,"continuous_deployment_policy_id":"","custom_error_response":[{"error_caching_min_ttl":0,"error_code":403,"response_code":200,"response_page_path":"/index.html"},{"error_caching_min_ttl":0,"error_code":404,"response_code":200,"response_page_path":"/index.html"}],"default_cache_behavior":[{"allowed_methods":["GET","HEAD"],"cache_policy_id":"658327ea-f89d-4fab-a63d-7e88639e58f6","cached_methods":["GET","HEAD"],"compress":true,"default_ttl":0,"field_level_encryption_id":"","forwarded_values":[],"function_association":[],"grpc_config":[{"enabled":false}],"lambda_function_association":[],"max_ttl":0,"min_ttl":0,"origin_request_policy_id":"","realtime_log_config_arn":"","response_headers_policy_id":"","smooth_streaming":false,"target_origin_id":"origin-0","trusted_key_groups":[],"trusted_signers":[],"viewer_protocol_policy":"redirect-to-https"}],"default_root_object":"index.html","domain_name":"d2gu602khdcdiz.cloudfront.net","enabled":true,"etag":"E3VQLFKDBIRVXW","hosted_zone_id":"Z2FDTNDATAQYW2","http_version":"http2","id":"EU7L1RD1IYZ3E","in_progress_validation_batches":0,"is_ipv6_enabled":false,"last_modified_time":"2024-12-24 04:23:24.935 +0000 UTC","logging_config":[],"ordered_cache_behavior":[],"origin":[{"connection_attempts":3,"connection_timeout":10,"custom_header":[],"custom_origin_config":[],"domain_name":"website-landingsource20241224042259745700000002.s3.us-east-1.amazonaws.com","origin_access_control_id":"","origin_id":"origin-0","origin_path":"","origin_shield":[],"s3_origin_config":[{"origin_access_identity":"origin-access-identity/cloudfront/E17UNOLO94PGAC"}],"vpc_origin_config":[]}],"origin_group":[],"price_class":"PriceClass_100","restrictions":[{"geo_restriction":[{"locations":[],"restriction_type":"none"}]}],"retain_on_delete":false,"staging":false,"status":"Deployed","tags":{"Name":"prod-Cdn","grid:EnvironmentName":"prod","grid:UUID":"website"},"tags_all":{"Name":"prod-Cdn","grid:EnvironmentName":"prod","grid:UUID":"website"},"trusted_key_groups":[{"enabled":false,"items":[]}],"trusted_signers":[{"enabled":false,"items":[]}],"viewer_certificate":[{"acm_certificate_arn":"arn:aws:acm:us-east-1:694710432912:certificate/ad36002b-f4e1-48a0-a016-995e8efb3165","cloudfront_default_certificate":false,"iam_certificate_id":"","minimum_protocol_version":"TLSv1.2_2021","ssl_support_method":"sni-only"}],"wait_for_deployment":true,"web_acl_id":""},"sensitive_attributes":[],"private":"eyJzY2hlbWFfdmVyc2lvbiI6IjEifQ==","dependencies":["aws_acm_certificate.Certificate_4E7ABB08","aws_cloudfront_origin_access_identity.Source_OriginAccessIdentity_47D1410C","aws_s3_bucket.Source_71E471F1","data.aws_cloudfront_cache_policy.Cdn_Managed-CachingOptimized_58CFD2BA","data.aws_route53_zone.Zone_A5DE4B68"]}]},{"mode":"managed","type":"aws_cloudfront_origin_access_identity","name":"Source_OriginAccessIdentity_47D1410C","provider":"provider[\"registry.opentofu.org/hashicorp/aws\"]","instances":[{"schema_version":0,"attributes":{"arn":"arn:aws:cloudfront::694710432912:origin-access-identity/E17UNOLO94PGAC","caller_reference":"terraform-20241224042309535500000003","cloudfront_access_identity_path":"origin-access-identity/cloudfront/E17UNOLO94PGAC","comment":"OAI for website-landingsource20241224042259745700000002","etag":"E1N7PR7Z06NCSA","iam_arn":"arn:aws:iam::cloudfront:user/CloudFront Origin Access Identity E17UNOLO94PGAC","id":"E17UNOLO94PGAC","s3_canonical_user_id":"edd3dd58bd5366ca4fc36bca992d0c0f5994ed4cdd50b8def7751ccfe650c376ebc648ff1df012fc7c387491cd705476"},"sensitive_attributes":[],"private":"bnVsbA==","dependencies":["aws_s3_bucket.Source_71E471F1"]}]},{"mode":"managed","type":"aws_route53_record","name":"CdnAlias_49D721F7","provider":"provider[\"registry.opentofu.org/hashicorp/aws\"]","instances":[{"schema_version":2,"attributes":{"alias":[{"evaluate_target_health":false,"name":"d2gu602khdcdiz.cloudfront.net","zone_id":"Z2FDTNDATAQYW2"}],"allow_overwrite":null,"cidr_routing_policy":[],"failover_routing_policy":[],"fqdn":"terraconstructs.dev","geolocation_routing_policy":[],"geoproximity_routing_policy":[],"health_check_id":"","id":"Z09339061DF0IQA1CJMKQ_terraconstructs.dev_A","latency_routing_policy":[],"multivalue_answer_routing_policy":false,"name":"terraconstructs.dev","records":[],"set_identifier":"","timeouts":null,"ttl":0,"type":"A","weighted_routing_policy":[],"zone_id":"Z09339061DF0IQA1CJMKQ"},"sensitive_attributes":[],"private":"eyJzY2hlbWFfdmVyc2lvbiI6IjIifQ==","dependencies":["aws_acm_certificate.Certificate_4E7ABB08","aws_cloudfront_distribution.Cdn_9963B1AD","aws_cloudfront_origin_access_identity.Source_OriginAccessIdentity_47D1410C","aws_s3_bucket.Source_71E471F1","data.aws_cloudfront_cache_policy.Cdn_Managed-CachingOptimized_58CFD2BA","data.aws_route53_zone.Zone_A5DE4B68"]}]},{"mode":"managed","type":"aws_route53_record","name":"Certificate_ValidationRecord-terraconstructsdev_E1E87186","provider":"provider[\"registry.opentofu.org/hashicorp/aws\"]","instances":[{"schema_version":2,"attributes":{"alias":[],"allow_overwrite":true,"cidr_routing_policy":[],"failover_routing_policy":[],"fqdn":"_2b12036ef3cde0d6125e67a032915caa.terraconstructs.dev","geolocation_routing_policy":[],"geoproximity_routing_policy":[],"health_check_id":"","id":"Z09339061DF0IQA1CJMKQ__2b12036ef3cde0d6125e67a032915caa.terraconstructs.dev._CNAME","latency_routing_policy":[],"multivalue_answer_routing_policy":false,"name":"_2b12036ef3cde0d6125e67a032915caa.terraconstructs.dev","records":["_7ca91bb70d2047003d7948a01ca66e03.zfyfvmchrl.acm-validations.aws."],"set_identifier":"","timeouts":null,"ttl":60,"type":"CNAME","weighted_routing_policy":[],"zone_id":"Z09339061DF0IQA1CJMKQ"},"sensitive_attributes":[],"private":"eyJzY2hlbWFfdmVyc2lvbiI6IjIifQ==","dependencies":["aws_acm_certificate.Certificate_4E7ABB08","data.aws_route53_zone.Zone_A5DE4B68"]}]},{"mode":"managed","type":"aws_s3_bucket","name":"Source_71E471F1","provider":"provider[\"registry.opentofu.org/hashicorp/aws\"]","instances":[{"schema_version":0,"attributes":{"acceleration_status":"","acl":null,"arn":"arn:aws:s3:::website-landingsource20241224042259745700000002","bucket":"website-landingsource20241224042259745700000002","bucket_domain_name":"website-landingsource20241224042259745700000002.s3.amazonaws.com","bucket_prefix":"website-landingsource","bucket_regional_domain_name":"website-landingsource20241224042259745700000002.s3.us-east-1.amazonaws.com","cors_rule":[],"force_destroy":false,"grant":[{"id":"46a779801a9d2713b490704d23d620d8235fa0f260795480eb9d47db40461f62","permissions":["FULL_CONTROL"],"type":"CanonicalUser","uri":""}],"hosted_zone_id":"Z3AQBSTGFYJSTF","id":"website-landingsource20241224042259745700000002","lifecycle_rule":[],"logging":[],"object_lock_configuration":[],"object_lock_enabled":false,"policy":"{\"Statement\":[{\"Action\":\"s3:GetObject\",\"Effect\":\"Allow\",\"Principal\":{\"AWS\":\"arn:aws:iam::cloudfront:user/CloudFront Origin Access Identity E17UNOLO94PGAC\"},\"Resource\":\"arn:aws:s3:::website-landingsource20241224042259745700000002/*\"}],\"Version\":\"2012-10-17\"}","region":"us-east-1","replication_configuration":[],"request_payer":"BucketOwner","server_side_encryption_configuration":[{"rule":[{"apply_server_side_encryption_by_default":[{"kms_master_key_id":"","sse_algorithm":"AES256"}],"bucket_key_enabled":false}]}],"tags":{"Name":"prod-Source","grid:EnvironmentName":"prod","grid:UUID":"website"},"tags_all":{"Name":"prod-Source","grid:EnvironmentName":"prod","grid:UUID":"website"},"timeouts":null,"versioning":[{"enabled":false,"mfa_delete":false}],"website":[],"website_domain":null,"website_endpoint":null},"sensitive_attributes":[],"private":"eyJlMmJmYjczMC1lY2FhLTExZTYtOGY4OC0zNDM2M2JjN2M0YzAiOnsiY3JlYXRlIjoxMjAwMDAwMDAwMDAwLCJkZWxldGUiOjM2MDAwMDAwMDAwMDAsInJlYWQiOjEyMDAwMDAwMDAwMDAsInVwZGF0ZSI6MTIwMDAwMDAwMDAwMH19"}]},{"mode":"managed","type":"aws_s3_bucket_policy","name":"Source_Policy_E5AB5F73","provider":"provider[\"registry.opentofu.org/hashicorp/aws\"]","instances":[{"schema_version":0,"attributes":{"bucket":"website-landingsource20241224042259745700000002","id":"website-landingsource20241224042259745700000002","policy":"{\"Statement\":[{\"Action\":\"s3:GetObject\",\"Effect\":\"Allow\",\"Principal\":{\"AWS\":\"arn:aws:iam::cloudfront:user/CloudFront Origin Access Identity E17UNOLO94PGAC\"},\"Resource\":\"arn:aws:s3:::website-landingsource20241224042259745700000002/*\"}],\"Version\":\"2012-10-17\"}"},"sensitive_attributes":[],"private":"bnVsbA==","dependencies":["aws_cloudfront_origin_access_identity.Source_OriginAccessIdentity_47D1410C","aws_s3_bucket.Source_71E471F1","data.aws_iam_policy_document.Source_Policy_BC7DCC4B"]}]},{"mode":"managed","type":"aws_s3_object","name":"Source_source-0_File--404html_448C3D8C","provider":"provider[\"registry.opentofu.org/hashicorp/aws\"]","instances":[{"schema_version":0,"attributes":{"acl":null,"arn":"arn:aws:s3:::website-landingsource20241224042259745700000002/404.html","bucket":"website-landingsource20241224042259745700000002","bucket_key_enabled":false,"cache_control":"","checksum_algorithm":null,"checksum_crc32":"","checksum_crc32c":"","checksum_crc64nvme":"","checksum_sha1":"","checksum_sha256":"","content":null,"content_base64":null,"content_disposition":"","content_encoding":"","content_language":"","content_type":"text/html; charset=utf-8","etag":"a7bf127e5b184b921705090607d8f754","force_destroy":false,"id":"/404.html","key":"/404.html","kms_key_id":null,"metadata":{},"object_lock_legal_hold_status":"","object_lock_mode":"","object_lock_retain_until_date":"","override_provider":[],"server_side_encryption":"AES256","source":"assets/Source_source-0_PathAsset_FD59E05B/72391E3BE10065FB0A998DB3AFE815F3/404.html","source_hash":"a7bf127e5b184b921705090607d8f754","storage_class":"STANDARD","tags":{"Name":"prod-Source","grid:EnvironmentName":"prod","grid:UUID":"website"},"tags_all":{"Name":"prod-Source","grid:EnvironmentName":"prod","grid:UUID":"website"},"version_id":"","website_redirect":""},"sensitive_attributes":[],"private":"bnVsbA==","dependencies":["aws_s3_bucket.Source_71E471F1"]}]},{"mode":"managed","type":"aws_s3_object","name":"Source_source-0_File--_next--static--B92az6b2k-72Dzb-Pm43m--_buildManifestjs_94B0882D","provider":"provider[\"registry.opentofu.org/hashicorp/aws\"]","instances":[{"schema_version":0,"attributes":{"acl":null,"arn":"arn:aws:s3:::website-landingsource20241224042259745700000002/_next/static/B92az6b2k-72Dzb-Pm43m/_buildManifest.js","bucket":"website-landingsource20241224042259745700000002","bucket_key_enabled":false,"cache_control":"","checksum_algorithm":null,"checksum_crc32":"","checksum_crc32c":"","checksum_crc64nvme":"","checksum_sha1":"","checksum_sha256":"","content":null,"content_base64":null,"content_disposition":"","content_encoding":"","content_language":"","content_type":"application/javascript; charset=utf-8","etag":"d4cdf765f98f07a1db5d0a47e59823ca","force_destroy":false,"id":"/_next/static/B92az6b2k-72Dzb-Pm43m/_buildManifest.js","key":"/_next/static/B92az6b2k-72Dzb-Pm43m/_buildManifest.js","kms_key_id":null,"metadata":null,"object_lock_legal_hold_status":"","object_lock_mode":"","object_lock_retain_until_date":"","override_provider":[],"server_side_encryption":"AES256","source":"assets/Source_source-0_PathAsset_FD59E05B/72391E3BE10065FB0A998DB3AFE815F3/_next/static/B92az6b2k-72Dzb-Pm43m/_buildManifest.js","source_hash":"d4cdf765f98f07a1db5d0a47e59823ca","storage_class":"STANDARD","tags":{"Name":"prod-Source","grid:EnvironmentName":"prod","grid:UUID":"website"},"tags_all":{"Name":"prod-Source","grid:EnvironmentName":"prod","grid:UUID":"website"},"version_id":"","website_redirect":""},"sensitive_attributes":[],"private":"bnVsbA==","dependencies":["aws_s3_bucket.Source_71E471F1"]}]},{"mode":"managed","type":"aws_s3_object","name":"Source_source-0_File--_next--static--B92az6b2k-72Dzb-Pm43m--_ssgManifestjs_4417ACF8","provider":"provider[\"registry.opentofu.org/hashicorp/aws\"]","instances":[{"schema_version":0,"attributes":{"acl":null,"arn":"arn:aws:s3:::website-landingsource20241224042259745700000002/_next/static/B92az6b2k-72Dzb-Pm43m/_ssgManifest.js","bucket":"website-landingsource20241224042259745700000002","bucket_key_enabled":false,"cache_control":"","checksum_algorithm":null,"checksum_crc32":"","checksum_crc32c":"","checksum_crc64nvme":"","checksum_sha1":"","checksum_sha256":"","content":null,"content_base64":null,"content_disposition":"","content_encoding":"","content_language":"","content_type":"application/javascript; charset=utf-8","etag":"b404e23d62d95bafd03ad7747cc0e88b","force_destroy":false,"id":"/_next/static/B92az6b2k-72Dzb-Pm43m/_ssgManifest.js","key":"/_next/static/B92az6b2k-72Dzb-Pm43m/_ssgManifest.js","kms_key_id":null,"metadata":null,"object_lock_legal_hold_status":"","object_lock_mode":"","object_lock_retain_until_date":"","override_provider":[],"server_side_encryption":"AES256","source":"assets/Source_source-0_PathAsset_FD59E05B/72391E3BE10065FB0A998DB3AFE815F3/_next/static/B92az6b2k-72Dzb-Pm43m/_ssgManifest.js","source_hash":"b404e23d62d95bafd03ad7747cc0e88b","storage_class":"STANDARD","tags":{"Name":"prod-Source","grid:EnvironmentName":"prod","grid:UUID":"website"},"tags_all":{"Name":"prod-Source","grid:EnvironmentName":"prod","grid:UUID":"website"},"version_id":"","website_redirect":""},"sensitive_attributes":[],"private":"bnVsbA==","dependencies":["aws_s3_bucket.Source_71E471F1"]}]},{"mode":"managed","type":"aws_s3_object","name":"Source_source-0_File--_next--static--chunks--240-19ec6492ebfd4ea6js_A290B613","provider":"provider[\"registry.opentofu.org/hashicorp/aws\"]","instances":[{"schema_version":0,"attributes":{"acl":null,"arn":"arn:aws:s3:::website-landingsource20241224042259745700000002/_next/static/chunks/240-19ec6492ebfd4ea6.js","bucket":"website-landingsource20241224042259745700000002","bucket_key_enabled":false,"cache_control":"","checksum_algorithm":null,"checksum_crc32":"","checksum_crc32c":"","checksum_crc64nvme":"","checksum_sha1":"","checksum_sha256":"","content":null,"content_base64":null,"content_disposition":"","content_encoding":"","content_language":"","content_type":"application/javascript; charset=utf-8","etag":"f447da16149a73efe708fa5eccd20a26","force_destroy":false,"id":"/_next/static/chunks/240-19ec6492ebfd4ea6.js","key":"/_next/static/chunks/240-19ec6492ebfd4ea6.js","kms_key_id":null,"metadata":{},"object_lock_legal_hold_status":"","object_lock_mode":"","object_lock_retain_until_date":"","override_provider":[],"server_side_encryption":"AES256","source":"assets/Source_source-0_PathAsset_FD59E05B/72391E3BE10065FB0A998DB3AFE815F3/_next/static/chunks/240-19ec6492ebfd4ea6.js","source_hash":"f447da16149a73efe708fa5eccd20a26","storage_class":"STANDARD","tags":{"Name":"prod-Source","grid:EnvironmentName":"prod","grid:UUID":"website"},"tags_all":{"Name":"prod-Source","grid:EnvironmentName":"prod","grid:UUID":"website"},"version_id":"","website_redirect":""},"sensitive_attributes":[],"private":"bnVsbA==","dependencies":["aws_s3_bucket.Source_71E471F1"]}]},{"mode":"managed","type":"aws_s3_object","name":"Source_source-0_File--_next--static--chunks--371-517f5283dabc353fjs_E4E17837","provider":"provider[\"registry.opentofu.org/hashicorp/aws\"]","instances":[{"schema_version":0,"attributes":{"acl":null,"arn":"arn:aws:s3:::website-landingsource20241224042259745700000002/_next/static/chunks/371-517f5283dabc353f.js","bucket":"website-landingsource20241224042259745700000002","bucket_key_enabled":false,"cache_control":"","checksum_algorithm":null,"checksum_crc32":"","checksum_crc32c":"","checksum_crc64nvme":"","checksum_sha1":"","checksum_sha256":"","content":null,"content_base64":null,"content_disposition":"","content_encoding":"","content_language":"","content_type":"application/javascript; charset=utf-8","etag":"319e8f7ad4fffd76efebc864290ec867","force_destroy":false,"id":"/_next/static/chunks/371-517f5283dabc353f.js","key":"/_next/static/chunks/371-517f5283dabc353f.js","kms_key_id":null,"metadata":{},"object_lock_legal_hold_status":"","object_lock_mode":"","object_lock_retain_until_date":"","override_provider":[],"server_side_encryption":"AES256","source":"assets/Source_source-0_PathAsset_FD59E05B/72391E3BE10065FB0A998DB3AFE815F3/_next/static/chunks/371-517f5283dabc353f.js","source_hash":"319e8f7ad4fffd76efebc864290ec867","storage_class":"STANDARD","tags":{"Name":"prod-Source","grid:EnvironmentName":"prod","grid:UUID":"website"},"tags_all":{"Name":"prod-Source","grid:EnvironmentName":"prod","grid:UUID":"website"},"version_id":"","website_redirect":""},"sensitive_attributes":[],"private":"bnVsbA==","dependencies":["aws_s3_bucket.Source_71E471F1"]}]},{"mode":"managed","type":"aws_s3_object","name":"Source_source-0_File--_next--static--chunks--8bc8d761-e6b58d289b05d960js_D87EF850","provider":"provider[\"registry.opentofu.org/hashicorp/aws\"]","instances":[{"schema_version":0,"attributes":{"acl":null,"arn":"arn:aws:s3:::website-landingsource20241224042259745700000002/_next/static/chunks/8bc8d761-e6b58d289b05d960.js","bucket":"website-landingsource20241224042259745700000002","bucket_key_enabled":false,"cache_control":"","checksum_algorithm":null,"checksum_crc32":"","checksum_crc32c":"","checksum_crc64nvme":"","checksum_sha1":"","checksum_sha256":"","content":null,"content_base64":null,"content_disposition":"","content_encoding":"","content_language":"","content_type":"application/javascript; charset=utf-8","etag":"ebe6ec6c9d15364104ed910391da6126","force_destroy":false,"id":"/_next/static/chunks/8bc8d761-e6b58d289b05d960.js","key":"/_next/static/chunks/8bc8d761-e6b58d289b05d960.js","kms_key_id":null,"metadata":{},"object_lock_legal_hold_status":"","object_lock_mode":"","object_lock_retain_until_date":"","override_provider":[],"server_side_encryption":"AES256","source":"assets/Source_source-0_PathAsset_FD59E05B/72391E3BE10065FB0A998DB3AFE815F3/_next/static/chunks/8bc8d761-e6b58d289b05d960.js","source_hash":"ebe6ec6c9d15364104ed910391da6126","storage_class":"STANDARD","tags":{"Name":"prod-Source","grid:EnvironmentName":"prod","grid:UUID":"website"},"tags_all":{"Name":"prod-Source","grid:EnvironmentName":"prod","grid:UUID":"website"},"version_id":"","website_redirect":""},"sensitive_attributes":[],"private":"bnVsbA==","dependencies":["aws_s3_bucket.Source_71E471F1"]}]},{"mode":"managed","type":"aws_s3_object","name":"Source_source-0_File--_next--static--chunks--app--_not-found--page-fa2f28c63e4dbcedjs_499F0F28","provider":"provider[\"registry.opentofu.org/hashicorp/aws\"]","instances":[{"schema_version":0,"attributes":{"acl":null,"arn":"arn:aws:s3:::website-landingsource20241224042259745700000002/_next/static/chunks/app/_not-found/page-fa2f28c63e4dbced.js","bucket":"website-landingsource20241224042259745700000002","bucket_key_enabled":false,"cache_control":"","checksum_algorithm":null,"checksum_crc32":"","checksum_crc32c":"","checksum_crc64nvme":"","checksum_sha1":"","checksum_sha256":"","content":null,"content_base64":null,"content_disposition":"","content_encoding":"","content_language":"","content_type":"application/javascript; charset=utf-8","etag":"4c4dfc1aee4e3afdbe3431ac3a013bce","force_destroy":false,"id":"/_next/static/chunks/app/_not-found/page-fa2f28c63e4dbced.js","key":"/_next/static/chunks/app/_not-found/page-fa2f28c63e4dbced.js","kms_key_id":null,"metadata":{},"object_lock_legal_hold_status":"","object_lock_mode":"","object_lock_retain_until_date":"","override_provider":[],"server_side_encryption":"AES256","source":"assets/Source_source-0_PathAsset_FD59E05B/72391E3BE10065FB0A998DB3AFE815F3/_next/static/chunks/app/_not-found/page-fa2f28c63e4dbced.js","source_hash":"4c4dfc1aee4e3afdbe3431ac3a013bce","storage_class":"STANDARD","tags":{"Name":"prod-Source","grid:EnvironmentName":"prod","grid:UUID":"website"},"tags_all":{"Name":"prod-Source","grid:EnvironmentName":"prod","grid:UUID":"website"},"version_id":"","website_redirect":""},"sensitive_attributes":[],"private":"bnVsbA==","dependencies":["aws_s3_bucket.Source_71E471F1"]}]},{"mode":"managed","type":"aws_s3_object","name":"Source_source-0_File--_next--static--chunks--app--layout-9bc57b418fe11c25js_24473274","provider":"provider[\"registry.opentofu.org/hashicorp/aws\"]","instances":[{"schema_version":0,"attributes":{"acl":null,"arn":"arn:aws:s3:::website-landingsource20241224042259745700000002/_next/static/chunks/app/layout-9bc57b418fe11c25.js","bucket":"website-landingsource20241224042259745700000002","bucket_key_enabled":false,"cache_control":"","checksum_algorithm":null,"checksum_crc32":"","checksum_crc32c":"","checksum_crc64nvme":"","checksum_sha1":"","checksum_sha256":"","content":null,"content_base64":null,"content_disposition":"","content_encoding":"","content_language":"","content_type":"application/javascript; charset=utf-8","etag":"9fa9279b09c33b5faf06e1d46a39ecd8","force_destroy":false,"id":"/_next/static/chunks/app/layout-9bc57b418fe11c25.js","key":"/_next/static/chunks/app/layout-9bc57b418fe11c25.js","kms_key_id":null,"metadata":{},"object_lock_legal_hold_status":"","object_lock_mode":"","object_lock_retain_until_date":"","override_provider":[],"server_side_encryption":"AES256","source":"assets/Source_source-0_PathAsset_FD59E05B/72391E3BE10065FB0A998DB3AFE815F3/_next/static/chunks/app/layout-9bc57b418fe11c25.js","source_hash":"9fa9279b09c33b5faf06e1d46a39ecd8","storage_class":"STANDARD","tags":{"Name":"prod-Source","grid:EnvironmentName":"prod","grid:UUID":"website"},"tags_all":{"Name":"prod-Source","grid:EnvironmentName":"prod","grid:UUID":"website"},"version_id":"","website_redirect":""},"sensitive_attributes":[],"private":"bnVsbA==","dependencies":["aws_s3_bucket.Source_71E471F1"]}]},{"mode":"managed","type":"aws_s3_object","name":"Source_source-0_File--_next--static--chunks--app--page-991606bc7837f37cjs_84309E2B","provider":"provider[\"registry.opentofu.org/hashicorp/aws\"]","instances":[{"schema_version":0,"attributes":{"acl":null,"arn":"arn:aws:s3:::website-landingsource20241224042259745700000002/_next/static/chunks/app/page-991606bc7837f37c.js","bucket":"website-landingsource20241224042259745700000002","bucket_key_enabled":false,"cache_control":"","checksum_algorithm":null,"checksum_crc32":"","checksum_crc32c":"","checksum_crc64nvme":"","checksum_sha1":"","checksum_sha256":"","content":null,"content_base64":null,"content_disposition":"","content_encoding":"","content_language":"","content_type":"application/javascript; charset=utf-8","etag":"812fbc61b12b54ce82c9f7c84e23dd8b","force_destroy":false,"id":"/_next/static/chunks/app/page-991606bc7837f37c.js","key":"/_next/static/chunks/app/page-991606bc7837f37c.js","kms_key_id":null,"metadata":null,"object_lock_legal_hold_status":"","object_lock_mode":"","object_lock_retain_until_date":"","override_provider":[],"server_side_encryption":"AES256","source":"assets/Source_source-0_PathAsset_FD59E05B/72391E3BE10065FB0A998DB3AFE815F3/_next/static/chunks/app/page-991606bc7837f37c.js","source_hash":"812fbc61b12b54ce82c9f7c84e23dd8b","storage_class":"STANDARD","tags":{"Name":"prod-Source","grid:EnvironmentName":"prod","grid:UUID":"website"},"tags_all":{"Name":"prod-Source","grid:EnvironmentName":"prod","grid:UUID":"website"},"version_id":"","website_redirect":""},"sensitive_attributes":[],"private":"bnVsbA==","dependencies":["aws_s3_bucket.Source_71E471F1"]}]},{"mode":"managed","type":"aws_s3_object","name":"Source_source-0_File--_next--static--chunks--framework-6e06c675866dc992js_B204EF5E","provider":"provider[\"registry.opentofu.org/hashicorp/aws\"]","instances":[{"schema_version":0,"attributes":{"acl":null,"arn":"arn:aws:s3:::website-landingsource20241224042259745700000002/_next/static/chunks/framework-6e06c675866dc992.js","bucket":"website-landingsource20241224042259745700000002","bucket_key_enabled":false,"cache_control":"","checksum_algorithm":null,"checksum_crc32":"","checksum_crc32c":"","checksum_crc64nvme":"","checksum_sha1":"","checksum_sha256":"","content":null,"content_base64":null,"content_disposition":"","content_encoding":"","content_language":"","content_type":"application/javascript; charset=utf-8","etag":"a302e873a0eed7958ba636dbd03b8849","force_destroy":false,"id":"/_next/static/chunks/framework-6e06c675866dc992.js","key":"/_next/static/chunks/framework-6e06c675866dc992.js","kms_key_id":null,"metadata":{},"object_lock_legal_hold_status":"","object_lock_mode":"","object_lock_retain_until_date":"","override_provider":[],"server_side_encryption":"AES256","source":"assets/Source_source-0_PathAsset_FD59E05B/72391E3BE10065FB0A998DB3AFE815F3/_next/static/chunks/framework-6e06c675866dc992.js","source_hash":"a302e873a0eed7958ba636dbd03b8849","storage_class":"STANDARD","tags":{"Name":"prod-Source","grid:EnvironmentName":"prod","grid:UUID":"website"},"tags_all":{"Name":"prod-Source","grid:EnvironmentName":"prod","grid:UUID":"website"},"version_id":"","website_redirect":""},"sensitive_attributes":[],"private":"bnVsbA==","dependencies":["aws_s3_bucket.Source_71E471F1"]}]},{"mode":"managed","type":"aws_s3_object","name":"Source_source-0_File--_next--static--chunks--main-629ed3eaffe4e2eajs_E62F5536","provider":"provider[\"registry.opentofu.org/hashicorp/aws\"]","instances":[{"schema_version":0,"attributes":{"acl":null,"arn":"arn:aws:s3:::website-landingsource20241224042259745700000002/_next/static/chunks/main-629ed3eaffe4e2ea.js","bucket":"website-landingsource20241224042259745700000002","bucket_key_enabled":false,"cache_control":"","checksum_algorithm":null,"checksum_crc32":"","checksum_crc32c":"","checksum_crc64nvme":"","checksum_sha1":"","checksum_sha256":"","content":null,"content_base64":null,"content_disposition":"","content_encoding":"","content_language":"","content_type":"application/javascript; charset=utf-8","etag":"4b56c7e11781a9e52b6365289b840564","force_destroy":false,"id":"/_next/static/chunks/main-629ed3eaffe4e2ea.js","key":"/_next/static/chunks/main-629ed3eaffe4e2ea.js","kms_key_id":null,"metadata":null,"object_lock_legal_hold_status":"","object_lock_mode":"","object_lock_retain_until_date":"","override_provider":[],"server_side_encryption":"AES256","source":"assets/Source_source-0_PathAsset_FD59E05B/72391E3BE10065FB0A998DB3AFE815F3/_next/static/chunks/main-629ed3eaffe4e2ea.js","source_hash":"4b56c7e11781a9e52b6365289b840564","storage_class":"STANDARD","tags":{"Name":"prod-Source","grid:EnvironmentName":"prod","grid:UUID":"website"},"tags_all":{"Name":"prod-Source","grid:EnvironmentName":"prod","grid:UUID":"website"},"version_id":"","website_redirect":""},"sensitive_attributes":[],"private":"bnVsbA==","dependencies":["aws_s3_bucket.Source_71E471F1"]}]},{"mode":"managed","type":"aws_s3_object","name":"Source_source-0_File--_next--static--chunks--main-app-f5647b31fb1c0cb3js_1F747488","provider":"provider[\"registry.opentofu.org/hashicorp/aws\"]","instances":[{"schema_version":0,"attributes":{"acl":null,"arn":"arn:aws:s3:::website-landingsource20241224042259745700000002/_next/static/chunks/main-app-f5647b31fb1c0cb3.js","bucket":"website-landingsource20241224042259745700000002","bucket_key_enabled":false,"cache_control":"","checksum_algorithm":null,"checksum_crc32":"","checksum_crc32c":"","checksum_crc64nvme":"","checksum_sha1":"","checksum_sha256":"","content":null,"content_base64":null,"content_disposition":"","content_encoding":"","content_language":"","content_type":"application/javascript; charset=utf-8","etag":"9614923dae0ea275e4ffda2bbf9febc1","force_destroy":false,"id":"/_next/static/chunks/main-app-f5647b31fb1c0cb3.js","key":"/_next/static/chunks/main-app-f5647b31fb1c0cb3.js","kms_key_id":null,"metadata":{},"object_lock_legal_hold_status":"","object_lock_mode":"","object_lock_retain_until_date":"","override_provider":[],"server_side_encryption":"AES256","source":"assets/Source_source-0_PathAsset_FD59E05B/72391E3BE10065FB0A998DB3AFE815F3/_next/static/chunks/main-app-f5647b31fb1c0cb3.js","source_hash":"9614923dae0ea275e4ffda2bbf9febc1","storage_class":"STANDARD","tags":{"Name":"prod-Source","grid:EnvironmentName":"prod","grid:UUID":"website"},"tags_all":{"Name":"prod-Source","grid:EnvironmentName":"prod","grid:UUID":"website"},"version_id":"","website_redirect":""},"sensitive_attributes":[],"private":"bnVsbA==","dependencies":["aws_s3_bucket.Source_71E471F1"]}]},{"mode":"managed","type":"aws_s3_object","name":"Source_source-0_File--_next--static--chunks--pages--_app-492a7d358b41173djs_5E0A89CA","provider":"provider[\"registry.opentofu.org/hashicorp/aws\"]","instances":[{"schema_version":0,"attributes":{"acl":null,"arn":"arn:aws:s3:::website-landingsource20241224042259745700000002/_next/static/chunks/pages/_app-492a7d358b41173d.js","bucket":"website-landingsource20241224042259745700000002","bucket_key_enabled":false,"cache_control":"","checksum_algorithm":null,"checksum_crc32":"","checksum_crc32c":"","checksum_crc64nvme":"","checksum_sha1":"","checksum_sha256":"","content":null,"content_base64":null,"content_disposition":"","content_encoding":"","content_language":"","content_type":"application/javascript; charset=utf-8","etag":"760a12ceef456929b6d77bda93462808","force_destroy":false,"id":"/_next/static/chunks/pages/_app-492a7d358b41173d.js","key":"/_next/static/chunks/pages/_app-492a7d358b41173d.js","kms_key_id":null,"metadata":{},"object_lock_legal_hold_status":"","object_lock_mode":"","object_lock_retain_until_date":"","override_provider":[],"server_side_encryption":"AES256","source":"assets/Source_source-0_PathAsset_FD59E05B/72391E3BE10065FB0A998DB3AFE815F3/_next/static/chunks/pages/_app-492a7d358b41173d.js","source_hash":"760a12ceef456929b6d77bda93462808","storage_class":"STANDARD","tags":{"Name":"prod-Source","grid:EnvironmentName":"prod","grid:UUID":"website"},"tags_all":{"Name":"prod-Source","grid:EnvironmentName":"prod","grid:UUID":"website"},"version_id":"","website_redirect":""},"sensitive_attributes":[],"private":"bnVsbA==","dependencies":["aws_s3_bucket.Source_71E471F1"]}]},{"mode":"managed","type":"aws_s3_object","name":"Source_source-0_File--_next--static--chunks--pages--_error-c2458e60835cb6fejs_4AFAEC19","provider":"provider[\"registry.opentofu.org/hashicorp/aws\"]","instances":[{"schema_version":0,"attributes":{"acl":null,"arn":"arn:aws:s3:::website-landingsource20241224042259745700000002/_next/static/chunks/pages/_error-c2458e60835cb6fe.js","bucket":"website-landingsource20241224042259745700000002","bucket_key_enabled":false,"cache_control":"","checksum_algorithm":null,"checksum_crc32":"","checksum_crc32c":"","checksum_crc64nvme":"","checksum_sha1":"","checksum_sha256":"","content":null,"content_base64":null,"content_disposition":"","content_encoding":"","content_language":"","content_type":"application/javascript; charset=utf-8","etag":"855023d061016c9a10047e637105ed05","force_destroy":false,"id":"/_next/static/chunks/pages/_error-c2458e60835cb6fe.js","key":"/_next/static/chunks/pages/_error-c2458e60835cb6fe.js","kms_key_id":null,"metadata":{},"object_lock_legal_hold_status":"","object_lock_mode":"","object_lock_retain_until_date":"","override_provider":[],"server_side_encryption":"AES256","source":"assets/Source_source-0_PathAsset_FD59E05B/72391E3BE10065FB0A998DB3AFE815F3/_next/static/chunks/pages/_error-c2458e60835cb6fe.js","source_hash":"855023d061016c9a10047e637105ed05","storage_class":"STANDARD","tags":{"Name":"prod-Source","grid:EnvironmentName":"prod","grid:UUID":"website"},"tags_all":{"Name":"prod-Source","grid:EnvironmentName":"prod","grid:UUID":"website"},"version_id":"","website_redirect":""},"sensitive_attributes":[],"private":"bnVsbA==","dependencies":["aws_s3_bucket.Source_71E471F1"]}]},{"mode":"managed","type":"aws_s3_object","name":"Source_source-0_File--_next--static--chunks--polyfills-42372ed130431b0ajs_25A3A785","provider":"provider[\"registry.opentofu.org/hashicorp/aws\"]","instances":[{"schema_version":0,"attributes":{"acl":null,"arn":"arn:aws:s3:::website-landingsource20241224042259745700000002/_next/static/chunks/polyfills-42372ed130431b0a.js","bucket":"website-landingsource20241224042259745700000002","bucket_key_enabled":false,"cache_control":"","checksum_algorithm":null,"checksum_crc32":"","checksum_crc32c":"","checksum_crc64nvme":"","checksum_sha1":"","checksum_sha256":"","content":null,"content_base64":null,"content_disposition":"","content_encoding":"","content_language":"","content_type":"application/javascript; charset=utf-8","etag":"846118c33b2c0e922d7b3a7676f81f6f","force_destroy":false,"id":"/_next/static/chunks/polyfills-42372ed130431b0a.js","key":"/_next/static/chunks/polyfills-42372ed130431b0a.js","kms_key_id":null,"metadata":{},"object_lock_legal_hold_status":"","object_lock_mode":"","object_lock_retain_until_date":"","override_provider":[],"server_side_encryption":"AES256","source":"assets/Source_source-0_PathAsset_FD59E05B/72391E3BE10065FB0A998DB3AFE815F3/_next/static/chunks/polyfills-42372ed130431b0a.js","source_hash":"846118c33b2c0e922d7b3a7676f81f6f","storage_class":"STANDARD","tags":{"Name":"prod-Source","grid:EnvironmentName":"prod","grid:UUID":"website"},"tags_all":{"Name":"prod-Source","grid:EnvironmentName":"prod","grid:UUID":"website"},"version_id":"","website_redirect":""},"sensitive_attributes":[],"private":"bnVsbA==","dependencies":["aws_s3_bucket.Source_71E471F1"]}]},{"mode":"managed","type":"aws_s3_object","name":"Source_source-0_File--_next--static--chunks--webpack-bbfb8465a2ac6b60js_358B3295","provider":"provider[\"registry.opentofu.org/hashicorp/aws\"]","instances":[{"schema_version":0,"attributes":{"acl":null,"arn":"arn:aws:s3:::website-landingsource20241224042259745700000002/_next/static/chunks/webpack-bbfb8465a2ac6b60.js","bucket":"website-landingsource20241224042259745700000002","bucket_key_enabled":false,"cache_control":"","checksum_algorithm":null,"checksum_crc32":"","checksum_crc32c":"","checksum_crc64nvme":"","checksum_sha1":"","checksum_sha256":"","content":null,"content_base64":null,"content_disposition":"","content_encoding":"","content_language":"","content_type":"application/javascript; charset=utf-8","etag":"8506b30703e6cdede0a7fc5d443999ba","force_destroy":false,"id":"/_next/static/chunks/webpack-bbfb8465a2ac6b60.js","key":"/_next/static/chunks/webpack-bbfb8465a2ac6b60.js","kms_key_id":null,"metadata":{},"object_lock_legal_hold_status":"","object_lock_mode":"","object_lock_retain_until_date":"","override_provider":[],"server_side_encryption":"AES256","source":"assets/Source_source-0_PathAsset_FD59E05B/72391E3BE10065FB0A998DB3AFE815F3/_next/static/chunks/webpack-bbfb8465a2ac6b60.js","source_hash":"8506b30703e6cdede0a7fc5d443999ba","storage_class":"STANDARD","tags":{"Name":"prod-Source","grid:EnvironmentName":"prod","grid:UUID":"website"},"tags_all":{"Name":"prod-Source","grid:EnvironmentName":"prod","grid:UUID":"website"},"version_id":"","website_redirect":""},"sensitive_attributes":[],"private":"bnVsbA==","dependencies":["aws_s3_bucket.Source_71E471F1"]}]},{"mode":"managed","type":"aws_s3_object","name":"Source_source-0_File--_next--static--css--5c3da54741072322css_F702C114","provider":"provider[\"registry.opentofu.org/hashicorp/aws\"]","instances":[{"schema_version":0,"attributes":{"acl":null,"arn":"arn:aws:s3:::website-landingsource20241224042259745700000002/_next/static/css/5c3da54741072322.css","bucket":"website-landingsource20241224042259745700000002","bucket_key_enabled":false,"cache_control":"","checksum_algorithm":null,"checksum_crc32":"","checksum_crc32c":"","checksum_crc64nvme":"","checksum_sha1":"","checksum_sha256":"","content":null,"content_base64":null,"content_disposition":"","content_encoding":"","content_language":"","content_type":"text/css; charset=utf-8","etag":"aa2bbf8979addd09c0b2580b171325f7","force_destroy":false,"id":"/_next/static/css/5c3da54741072322.css","key":"/_next/static/css/5c3da54741072322.css","kms_key_id":null,"metadata":{},"object_lock_legal_hold_status":"","object_lock_mode":"","object_lock_retain_until_date":"","override_provider":[],"server_side_encryption":"AES256","source":"assets/Source_source-0_PathAsset_FD59E05B/72391E3BE10065FB0A998DB3AFE815F3/_next/static/css/5c3da54741072322.css","source_hash":"aa2bbf8979addd09c0b2580b171325f7","storage_class":"STANDARD","tags":{"Name":"prod-Source","grid:EnvironmentName":"prod","grid:UUID":"website"},"tags_all":{"Name":"prod-Source","grid:EnvironmentName":"prod","grid:UUID":"website"},"version_id":"","website_redirect":""},"sensitive_attributes":[],"private":"bnVsbA==","dependencies":["aws_s3_bucket.Source_71E471F1"]}]},{"mode":"managed","type":"aws_s3_object","name":"Source_source-0_File--_next--static--css--fbdf3b014ad87361css_F6532687","provider":"provider[\"registry.opentofu.org/hashicorp/aws\"]","instances":[{"schema_version":0,"attributes":{"acl":null,"arn":"arn:aws:s3:::website-landingsource20241224042259745700000002/_next/static/css/fbdf3b014ad87361.css","bucket":"website-landingsource20241224042259745700000002","bucket_key_enabled":false,"cache_control":"","checksum_algorithm":null,"checksum_crc32":"","checksum_crc32c":"","checksum_crc64nvme":"","checksum_sha1":"","checksum_sha256":"","content":null,"content_base64":null,"content_disposition":"","content_encoding":"","content_language":"","content_type":"text/css; charset=utf-8","etag":"845e037b4d7724704cb19b68723b6bea","force_destroy":false,"id":"/_next/static/css/fbdf3b014ad87361.css","key":"/_next/static/css/fbdf3b014ad87361.css","kms_key_id":null,"metadata":{},"object_lock_legal_hold_status":"","object_lock_mode":"","object_lock_retain_until_date":"","override_provider":[],"server_side_encryption":"AES256","source":"assets/Source_source-0_PathAsset_FD59E05B/72391E3BE10065FB0A998DB3AFE815F3/_next/static/css/fbdf3b014ad87361.css","source_hash":"845e037b4d7724704cb19b68723b6bea","storage_class":"STANDARD","tags":{"Name":"prod-Source","grid:EnvironmentName":"prod","grid:UUID":"website"},"tags_all":{"Name":"prod-Source","grid:EnvironmentName":"prod","grid:UUID":"website"},"version_id":"","website_redirect":""},"sensitive_attributes":[],"private":"bnVsbA==","dependencies":["aws_s3_bucket.Source_71E471F1"]}]},{"mode":"managed","type":"aws_s3_object","name":"Source_source-0_File--_next--static--media--26a46d62cd723877-swoff2_6EE4EEB5","provider":"provider[\"registry.opentofu.org/hashicorp/aws\"]","instances":[{"schema_version":0,"attributes":{"acl":null,"arn":"arn:aws:s3:::website-landingsource20241224042259745700000002/_next/static/media/26a46d62cd723877-s.woff2","bucket":"website-landingsource20241224042259745700000002","bucket_key_enabled":false,"cache_control":"","checksum_algorithm":null,"checksum_crc32":"","checksum_crc32c":"","checksum_crc64nvme":"","checksum_sha1":"","checksum_sha256":"","content":null,"content_base64":null,"content_disposition":"","content_encoding":"","content_language":"","content_type":"font/woff2","etag":"befd9c0fdfa3d8a645d5f95717ed6420","force_destroy":false,"id":"/_next/static/media/26a46d62cd723877-s.woff2","key":"/_next/static/media/26a46d62cd723877-s.woff2","kms_key_id":null,"metadata":{},"object_lock_legal_hold_status":"","object_lock_mode":"","object_lock_retain_until_date":"","override_provider":[],"server_side_encryption":"AES256","source":"assets/Source_source-0_PathAsset_FD59E05B/72391E3BE10065FB0A998DB3AFE815F3/_next/static/media/26a46d62cd723877-s.woff2","source_hash":"befd9c0fdfa3d8a645d5f95717ed6420","storage_class":"STANDARD","tags":{"Name":"prod-Source","grid:EnvironmentName":"prod","grid:UUID":"website"},"tags_all":{"Name":"prod-Source","grid:EnvironmentName":"prod","grid:UUID":"website"},"version_id":"","website_redirect":""},"sensitive_attributes":[],"private":"bnVsbA==","dependencies":["aws_s3_bucket.Source_71E471F1"]}]},{"mode":"managed","type":"aws_s3_object","name":"Source_source-0_File--_next--static--media--55c55f0601d81cf3-swoff2_CBEBEC9C","provider":"provider[\"registry.opentofu.org/hashicorp/aws\"]","instances":[{"schema_version":0,"attributes":{"acl":null,"arn":"arn:aws:s3:::website-landingsource20241224042259745700000002/_next/static/media/55c55f0601d81cf3-s.woff2","bucket":"website-landingsource20241224042259745700000002","bucket_key_enabled":false,"cache_control":"","checksum_algorithm":null,"checksum_crc32":"","checksum_crc32c":"","checksum_crc64nvme":"","checksum_sha1":"","checksum_sha256":"","content":null,"content_base64":null,"content_disposition":"","content_encoding":"","content_language":"","content_type":"font/woff2","etag":"43828e14271c77b87e3ed582dbff9f74","force_destroy":false,"id":"/_next/static/media/55c55f0601d81cf3-s.woff2","key":"/_next/static/media/55c55f0601d81cf3-s.woff2","kms_key_id":null,"metadata":{},"object_lock_legal_hold_status":"","object_lock_mode":"","object_lock_retain_until_date":"","override_provider":[],"server_side_encryption":"AES256","source":"assets/Source_source-0_PathAsset_FD59E05B/72391E3BE10065FB0A998DB3AFE815F3/_next/static/media/55c55f0601d81cf3-s.woff2","source_hash":"43828e14271c77b87e3ed582dbff9f74","storage_class":"STANDARD","tags":{"Name":"prod-Source","grid:EnvironmentName":"prod","grid:UUID":"website"},"tags_all":{"Name":"prod-Source","grid:EnvironmentName":"prod","grid:UUID":"website"},"version_id":"","website_redirect":""},"sensitive_attributes":[],"private":"bnVsbA==","dependencies":["aws_s3_bucket.Source_71E471F1"]}]},{"mode":"managed","type":"aws_s3_object","name":"Source_source-0_File--_next--static--media--581909926a08bbc8-swoff2_0ABD2A27","provider":"provider[\"registry.opentofu.org/hashicorp/aws\"]","instances":[{"schema_version":0,"attributes":{"acl":null,"arn":"arn:aws:s3:::website-landingsource20241224042259745700000002/_next/static/media/581909926a08bbc8-s.woff2","bucket":"website-landingsource20241224042259745700000002","bucket_key_enabled":false,"cache_control":"","checksum_algorithm":null,"checksum_crc32":"","checksum_crc32c":"","checksum_crc64nvme":"","checksum_sha1":"","checksum_sha256":"","content":null,"content_base64":null,"content_disposition":"","content_encoding":"","content_language":"","content_type":"font/woff2","etag":"f0b86e7c24f455280b8df606b89af891","force_destroy":false,"id":"/_next/static/media/581909926a08bbc8-s.woff2","key":"/_next/static/media/581909926a08bbc8-s.woff2","kms_key_id":null,"metadata":{},"object_lock_legal_hold_status":"","object_lock_mode":"","object_lock_retain_until_date":"","override_provider":[],"server_side_encryption":"AES256","source":"assets/Source_source-0_PathAsset_FD59E05B/72391E3BE10065FB0A998DB3AFE815F3/_next/static/media/581909926a08bbc8-s.woff2","source_hash":"f0b86e7c24f455280b8df606b89af891","storage_class":"STANDARD","tags":{"Name":"prod-Source","grid:EnvironmentName":"prod","grid:UUID":"website"},"tags_all":{"Name":"prod-Source","grid:EnvironmentName":"prod","grid:UUID":"website"},"version_id":"","website_redirect":""},"sensitive_attributes":[],"private":"bnVsbA==","dependencies":["aws_s3_bucket.Source_71E471F1"]}]},{"mode":"managed","type":"aws_s3_object","name":"Source_source-0_File--_next--static--media--6d93bde91c0c2823-swoff2_86B107EB","provider":"provider[\"registry.opentofu.org/hashicorp/aws\"]","instances":[{"schema_version":0,"attributes":{"acl":null,"arn":"arn:aws:s3:::website-landingsource20241224042259745700000002/_next/static/media/6d93bde91c0c2823-s.woff2","bucket":"website-landingsource20241224042259745700000002","bucket_key_enabled":false,"cache_control":"","checksum_algorithm":null,"checksum_crc32":"","checksum_crc32c":"","checksum_crc64nvme":"","checksum_sha1":"","checksum_sha256":"","content":null,"content_base64":null,"content_disposition":"","content_encoding":"","content_language":"","content_type":"font/woff2","etag":"621a07228c8ccbfd647918f1021b4868","force_destroy":false,"id":"/_next/static/media/6d93bde91c0c2823-s.woff2","key":"/_next/static/media/6d93bde91c0c2823-s.woff2","kms_key_id":null,"metadata":{},"object_lock_legal_hold_status":"","object_lock_mode":"","object_lock_retain_until_date":"","override_provider":[],"server_side_encryption":"AES256","source":"assets/Source_source-0_PathAsset_FD59E05B/72391E3BE10065FB0A998DB3AFE815F3/_next/static/media/6d93bde91c0c2823-s.woff2","source_hash":"621a07228c8ccbfd647918f1021b4868","storage_class":"STANDARD","tags":{"Name":"prod-Source","grid:EnvironmentName":"prod","grid:UUID":"website"},"tags_all":{"Name":"prod-Source","grid:EnvironmentName":"prod","grid:UUID":"website"},"version_id":"","website_redirect":""},"sensitive_attributes":[],"private":"bnVsbA==","dependencies":["aws_s3_bucket.Source_71E471F1"]}]},{"mode":"managed","type":"aws_s3_object","name":"Source_source-0_File--_next--static--media--97e0cb1ae144a2a9-swoff2_64B51E63","provider":"provider[\"registry.opentofu.org/hashicorp/aws\"]","instances":[{"schema_version":0,"attributes":{"acl":null,"arn":"arn:aws:s3:::website-landingsource20241224042259745700000002/_next/static/media/97e0cb1ae144a2a9-s.woff2","bucket":"website-landingsource20241224042259745700000002","bucket_key_enabled":false,"cache_control":"","checksum_algorithm":null,"checksum_crc32":"","checksum_crc32c":"","checksum_crc64nvme":"","checksum_sha1":"","checksum_sha256":"","content":null,"content_base64":null,"content_disposition":"","content_encoding":"","content_language":"","content_type":"font/woff2","etag":"e360c61c5bd8d90639fd4503c829c2dc","force_destroy":false,"id":"/_next/static/media/97e0cb1ae144a2a9-s.woff2","key":"/_next/static/media/97e0cb1ae144a2a9-s.woff2","kms_key_id":null,"metadata":{},"object_lock_legal_hold_status":"","object_lock_mode":"","object_lock_retain_until_date":"","override_provider":[],"server_side_encryption":"AES256","source":"assets/Source_source-0_PathAsset_FD59E05B/72391E3BE10065FB0A998DB3AFE815F3/_next/static/media/97e0cb1ae144a2a9-s.woff2","source_hash":"e360c61c5bd8d90639fd4503c829c2dc","storage_class":"STANDARD","tags":{"Name":"prod-Source","grid:EnvironmentName":"prod","grid:UUID":"website"},"tags_all":{"Name":"prod-Source","grid:EnvironmentName":"prod","grid:UUID":"website"},"version_id":"","website_redirect":""},"sensitive_attributes":[],"private":"bnVsbA==","dependencies":["aws_s3_bucket.Source_71E471F1"]}]},{"mode":"managed","type":"aws_s3_object","name":"Source_source-0_File--_next--static--media--a34f9d1faa5f3315-spwoff2_5BAF7296","provider":"provider[\"registry.opentofu.org/hashicorp/aws\"]","instances":[{"schema_version":0,"attributes":{"acl":null,"arn":"arn:aws:s3:::website-landingsource20241224042259745700000002/_next/static/media/a34f9d1faa5f3315-s.p.woff2","bucket":"website-landingsource20241224042259745700000002","bucket_key_enabled":false,"cache_control":"","checksum_algorithm":null,"checksum_crc32":"","checksum_crc32c":"","checksum_crc64nvme":"","checksum_sha1":"","checksum_sha256":"","content":null,"content_base64":null,"content_disposition":"","content_encoding":"","content_language":"","content_type":"font/woff2","etag":"d4fe31e6a2aebc06b8d6e558c9141119","force_destroy":false,"id":"/_next/static/media/a34f9d1faa5f3315-s.p.woff2","key":"/_next/static/media/a34f9d1faa5f3315-s.p.woff2","kms_key_id":null,"metadata":{},"object_lock_legal_hold_status":"","object_lock_mode":"","object_lock_retain_until_date":"","override_provider":[],"server_side_encryption":"AES256","source":"assets/Source_source-0_PathAsset_FD59E05B/72391E3BE10065FB0A998DB3AFE815F3/_next/static/media/a34f9d1faa5f3315-s.p.woff2","source_hash":"d4fe31e6a2aebc06b8d6e558c9141119","storage_class":"STANDARD","tags":{"Name":"prod-Source","grid:EnvironmentName":"prod","grid:UUID":"website"},"tags_all":{"Name":"prod-Source","grid:EnvironmentName":"prod","grid:UUID":"website"},"version_id":"","website_redirect":""},"sensitive_attributes":[],"private":"bnVsbA==","dependencies":["aws_s3_bucket.Source_71E471F1"]}]},{"mode":"managed","type":"aws_s3_object","name":"Source_source-0_File--_next--static--media--df0a9ae256c0569c-swoff2_5E845A94","provider":"provider[\"registry.opentofu.org/hashicorp/aws\"]","instances":[{"schema_version":0,"attributes":{"acl":null,"arn":"arn:aws:s3:::website-landingsource20241224042259745700000002/_next/static/media/df0a9ae256c0569c-s.woff2","bucket":"website-landingsource20241224042259745700000002","bucket_key_enabled":false,"cache_control":"","checksum_algorithm":null,"checksum_crc32":"","checksum_crc32c":"","checksum_crc64nvme":"","checksum_sha1":"","checksum_sha256":"","content":null,"content_base64":null,"content_disposition":"","content_encoding":"","content_language":"","content_type":"font/woff2","etag":"d54db44de5ccb18886ece2fda72bdfe0","force_destroy":false,"id":"/_next/static/media/df0a9ae256c0569c-s.woff2","key":"/_next/static/media/df0a9ae256c0569c-s.woff2","kms_key_id":null,"metadata":{},"object_lock_legal_hold_status":"","object_lock_mode":"","object_lock_retain_until_date":"","override_provider":[],"server_side_encryption":"AES256","source":"assets/Source_source-0_PathAsset_FD59E05B/72391E3BE10065FB0A998DB3AFE815F3/_next/static/media/df0a9ae256c0569c-s.woff2","source_hash":"d54db44de5ccb18886ece2fda72bdfe0","storage_class":"STANDARD","tags":{"Name":"prod-Source","grid:EnvironmentName":"prod","grid:UUID":"website"},"tags_all":{"Name":"prod-Source","grid:EnvironmentName":"prod","grid:UUID":"website"},"version_id":"","website_redirect":""},"sensitive_attributes":[],"private":"bnVsbA==","dependencies":["aws_s3_bucket.Source_71E471F1"]}]},{"mode":"managed","type":"aws_s3_object","name":"Source_source-0_File--faviconico_3DAAE0DC","provider":"provider[\"registry.opentofu.org/hashicorp/aws\"]","instances":[{"schema_version":0,"attributes":{"acl":null,"arn":"arn:aws:s3:::website-landingsource20241224042259745700000002/favicon.ico","bucket":"website-landingsource20241224042259745700000002","bucket_key_enabled":false,"cache_control":"","checksum_algorithm":null,"checksum_crc32":"","checksum_crc32c":"","checksum_crc64nvme":"","checksum_sha1":"","checksum_sha256":"","content":null,"content_base64":null,"content_disposition":"","content_encoding":"","content_language":"","content_type":"image/vnd.microsoft.icon","etag":"c30c7d42707a47a3f4591831641e50dc","force_destroy":false,"id":"/favicon.ico","key":"/favicon.ico","kms_key_id":null,"metadata":{},"object_lock_legal_hold_status":"","object_lock_mode":"","object_lock_retain_until_date":"","override_provider":[],"server_side_encryption":"AES256","source":"assets/Source_source-0_PathAsset_FD59E05B/72391E3BE10065FB0A998DB3AFE815F3/favicon.ico","source_hash":"c30c7d42707a47a3f4591831641e50dc","storage_class":"STANDARD","tags":{"Name":"prod-Source","grid:EnvironmentName":"prod","grid:UUID":"website"},"tags_all":{"Name":"prod-Source","grid:EnvironmentName":"prod","grid:UUID":"website"},"version_id":"","website_redirect":""},"sensitive_attributes":[],"private":"bnVsbA==","dependencies":["aws_s3_bucket.Source_71E471F1"]}]},{"mode":"managed","type":"aws_s3_object","name":"Source_source-0_File--indexhtml_14317A08","provider":"provider[\"registry.opentofu.org/hashicorp/aws\"]","instances":[{"schema_version":0,"attributes":{"acl":null,"arn":"arn:aws:s3:::website-landingsource20241224042259745700000002/index.html","bucket":"website-landingsource20241224042259745700000002","bucket_key_enabled":false,"cache_control":"","checksum_algorithm":null,"checksum_crc32":"","checksum_crc32c":"","checksum_crc64nvme":"","checksum_sha1":"","checksum_sha256":"","content":null,"content_base64":null,"content_disposition":"","content_encoding":"","content_language":"","content_type":"text/html; charset=utf-8","etag":"ab9b25f242efb87716fbc17ffc7d781f","force_destroy":false,"id":"/index.html","key":"/index.html","kms_key_id":null,"metadata":{},"object_lock_legal_hold_status":"","object_lock_mode":"","object_lock_retain_until_date":"","override_provider":[],"server_side_encryption":"AES256","source":"assets/Source_source-0_PathAsset_FD59E05B/72391E3BE10065FB0A998DB3AFE815F3/index.html","source_hash":"ab9b25f242efb87716fbc17ffc7d781f","storage_class":"STANDARD","tags":{"Name":"prod-Source","grid:EnvironmentName":"prod","grid:UUID":"website"},"tags_all":{"Name":"prod-Source","grid:EnvironmentName":"prod","grid:UUID":"website"},"version_id":"","website_redirect":""},"sensitive_attributes":[],"private":"bnVsbA==","dependencies":["aws_s3_bucket.Source_71E471F1"]}]},{"mode":"managed","type":"aws_s3_object","name":"Source_source-0_File--indextxt_144D830E","provider":"provider[\"registry.opentofu.org/hashicorp/aws\"]","instances":[{"schema_version":0,"attributes":{"acl":null,"arn":"arn:aws:s3:::website-landingsource20241224042259745700000002/index.txt","bucket":"website-landingsource20241224042259745700000002","bucket_key_enabled":false,"cache_control":"","checksum_algorithm":null,"checksum_crc32":"","checksum_crc32c":"","checksum_crc64nvme":"","checksum_sha1":"","checksum_sha256":"","content":null,"content_base64":null,"content_disposition":"","content_encoding":"","content_language":"","content_type":"text/plain; charset=utf-8","etag":"d9e751b306189149725a822d28c20534","force_destroy":false,"id":"/index.txt","key":"/index.txt","kms_key_id":null,"metadata":{},"object_lock_legal_hold_status":"","object_lock_mode":"","object_lock_retain_until_date":"","override_provider":[],"server_side_encryption":"AES256","source":"assets/Source_source-0_PathAsset_FD59E05B/72391E3BE10065FB0A998DB3AFE815F3/index.txt","source_hash":"d9e751b306189149725a822d28c20534","storage_class":"STANDARD","tags":{"Name":"prod-Source","grid:EnvironmentName":"prod","grid:UUID":"website"},"tags_all":{"Name":"prod-Source","grid:EnvironmentName":"prod","grid:UUID":"website"},"version_id":"","website_redirect":""},"sensitive_attributes":[],"private":"bnVsbA==","dependencies":["aws_s3_bucket.Source_71E471F1"]}]},{"mode":"managed","type":"aws_s3_object","name":"Source_source-0_File--manifestjson_C96D116B","provider":"provider[\"registry.opentofu.org/hashicorp/aws\"]","instances":[{"schema_version":0,"attributes":{"acl":null,"arn":"arn:aws:s3:::website-landingsource20241224042259745700000002/manifest.json","bucket":"website-landingsource20241224042259745700000002","bucket_key_enabled":false,"cache_control":"","checksum_algorithm":null,"checksum_crc32":"","checksum_crc32c":"","checksum_crc64nvme":"","checksum_sha1":"","checksum_sha256":"","content":null,"content_base64":null,"content_disposition":"","content_encoding":"","content_language":"","content_type":"application/json; charset=utf-8","etag":"16676eb3183686195a1fc939b673a740","force_destroy":false,"id":"/manifest.json","key":"/manifest.json","kms_key_id":null,"metadata":null,"object_lock_legal_hold_status":"","object_lock_mode":"","object_lock_retain_until_date":"","override_provider":[],"server_side_encryption":"AES256","source":"assets/Source_source-0_PathAsset_FD59E05B/72391E3BE10065FB0A998DB3AFE815F3/manifest.json","source_hash":"16676eb3183686195a1fc939b673a740","storage_class":"STANDARD","tags":{"Name":"prod-Source","grid:EnvironmentName":"prod","grid:UUID":"website"},"tags_all":{"Name":"prod-Source","grid:EnvironmentName":"prod","grid:UUID":"website"},"version_id":"","website_redirect":""},"sensitive_attributes":[],"private":"bnVsbA==","dependencies":["aws_s3_bucket.Source_71E471F1"]}]},{"mode":"managed","type":"aws_s3_object","name":"Source_source-0_File--robotstxt_6F2DD3AC","provider":"provider[\"registry.opentofu.org/hashicorp/aws\"]","instances":[{"schema_version":0,"attributes":{"acl":null,"arn":"arn:aws:s3:::website-landingsource20241224042259745700000002/robots.txt","bucket":"website-landingsource20241224042259745700000002","bucket_key_enabled":false,"cache_control":"","checksum_algorithm":null,"checksum_crc32":"","checksum_crc32c":"","checksum_crc64nvme":"","checksum_sha1":"","checksum_sha256":"","content":null,"content_base64":null,"content_disposition":"","content_encoding":"","content_language":"","content_type":"text/plain; charset=utf-8","etag":"ef210332b9fda7901145542b01aa9c6e","force_destroy":false,"id":"/robots.txt","key":"/robots.txt","kms_key_id":null,"metadata":null,"object_lock_legal_hold_status":"","object_lock_mode":"","object_lock_retain_until_date":"","override_provider":[],"server_side_encryption":"AES256","source":"assets/Source_source-0_PathAsset_FD59E05B/72391E3BE10065FB0A998DB3AFE815F3/robots.txt","source_hash":"ef210332b9fda7901145542b01aa9c6e","storage_class":"STANDARD","tags":{"Name":"prod-Source","grid:EnvironmentName":"prod","grid:UUID":"website"},"tags_all":{"Name":"prod-Source","grid:EnvironmentName":"prod","grid:UUID":"website"},"version_id":"","website_redirect":""},"sensitive_attributes":[],"private":"bnVsbA==","dependencies":["aws_s3_bucket.Source_71E471F1"]}]},{"mode":"managed","type":"aws_s3_object","name":"Source_source-0_File--sitemapxml_104FAD80","provider":"provider[\"registry.opentofu.org/hashicorp/aws\"]","instances":[{"schema_version":0,"attributes":{"acl":null,"arn":"arn:aws:s3:::website-landingsource20241224042259745700000002/sitemap.xml","bucket":"website-landingsource20241224042259745700000002","bucket_key_enabled":false,"cache_control":"","checksum_algorithm":null,"checksum_crc32":"","checksum_crc32c":"","checksum_crc64nvme":"","checksum_sha1":"","checksum_sha256":"","content":null,"content_base64":null,"content_disposition":"","content_encoding":"","content_language":"","content_type":"application/xml","etag":"aa6dfd843bb5de95940d6553a17d0426","force_destroy":false,"id":"/sitemap.xml","key":"/sitemap.xml","kms_key_id":null,"metadata":null,"object_lock_legal_hold_status":"","object_lock_mode":"","object_lock_retain_until_date":"","override_provider":[],"server_side_encryption":"AES256","source":"assets/Source_source-0_PathAsset_FD59E05B/72391E3BE10065FB0A998DB3AFE815F3/sitemap.xml","source_hash":"aa6dfd843bb5de95940d6553a17d0426","storage_class":"STANDARD","tags":{"Name":"prod-Source","grid:EnvironmentName":"prod","grid:UUID":"website"},"tags_all":{"Name":"prod-Source","grid:EnvironmentName":"prod","grid:UUID":"website"},"version_id":"","website_redirect":""},"sensitive_attributes":[],"private":"bnVsbA==","dependencies":["aws_s3_bucket.Source_71E471F1"]}]}],"check_results":null}
