{"version":4,"terraform_version":"1.11.0","serial":113,"lineage":"cd1a5b3a-baa6-d7ee-a773-2a9f165e29e3","outputs":{"cdn":{"value":{"arn":"arn:aws:cloudfront::694710432912:distribution/EU7L1RD1IYZ3E","domainName":"d2gu602khdcdiz.cloudfront.net","hostedZoneId":"Z2FDTNDATAQYW2","id":"EU7L1RD1IYZ3E","status":"Deployed"},"type":["object",{"arn":"string","domainName":"string","hostedZoneId":"string","id":"string","status":"string"}]}},"resources":[{"mode":"data","type":"aws_caller_identity","name":"CallerIdentity","provider":"provider[\"registry.opentofu.org/hashicorp/aws\"]","instances":[{"schema_version":0,"attributes":{"account_id":"694710432912","arn":"arn:aws:iam::694710432912:user/vincent_desmet","id":"694710432912","user_id":"AIDA2DP7X6SIASZ7NF473"},"sensitive_attributes":[]}]},{"mode":"data","type":"aws_cloudfront_cache_policy","name":"Cdn_Managed-CachingOptimized_58CFD2BA","provider":"provider[\"registry.opentofu.org/hashicorp/aws\"]","instances":[{"schema_version":0,"attributes":{"arn":"arn:aws:cloudfront::694710432912:cache-policy/658327ea-f89d-4fab-a63d-7e88639e58f6","comment":"Policy with caching enabled. Supports Gzip and Brotli compression.","default_ttl":86400,"etag":"E23ZP02F085DFQ","id":"658327ea-f89d-4fab-a63d-7e88639e58f6","max_ttl":31536000,"min_ttl":1,"name":"Managed-CachingOptimized","parameters_in_cache_key_and_forwarded_to_origin":[{"cookies_config":[{"cookie_behavior":"none","cookies":[]}],"enable_accept_encoding_brotli":true,"enable_accept_encoding_gzip":true,"headers_config":[{"header_behavior":"none","headers":[]}],"query_strings_config":[{"query_string_behavior":"none","query_strings":[]}]}]},"sensitive_attributes":[]}]},{"mode":"data","type":"aws_iam_policy_document","name":"Source_Policy_BC7DCC4B","provider":"provider[\"registry.opentofu.org/hashicorp/aws\"]","instances":[{"schema_version":0,"attributes":{"id":"3983898907","json":"{\n  \"Version\": \"2012-10-17\",\n  \"Statement\": [\n    {\n      \"Effect\": \"Allow\",\n      \"Action\": \"s3:GetObject\",\n      \"Resource\": \"arn:aws:s3:::website-landingsource20241224042259745700000002/*\",\n      \"Principal\": {\n        \"AWS\": \"arn:aws:iam::cloudfront:user/CloudFront Origin Access Identity E17UNOLO94PGAC\"\n      }\n    }\n  ]\n}","minified_json":"{\"Version\":\"2012-10-17\",\"Statement\":[{\"Effect\":\"Allow\",\"Action\":\"s3:GetObject\",\"Resource\":\"arn:aws:s3:::website-landingsource20241224042259745700000002/*\",\"Principal\":{\"AWS\":\"arn:aws:iam::cloudfront:user/CloudFront Origin Access Identity E17UNOLO94PGAC\"}}]}","override_json":null,"override_policy_documents":null,"policy_id":null,"source_json":null,"source_policy_documents":null,"statement":[{"actions":["s3:GetObject"],"condition":[],"effect":"Allow","not_actions":[],"not_principals":[],"not_resources":[],"principals":[{"identifiers":["arn:aws:iam::cloudfront:user/CloudFront Origin Access Identity E17UNOLO94PGAC"],"type":"AWS"}],"resources":["arn:aws:s3:::website-landingsource20241224042259745700000002/*"],"sid":""}],"version":"2012-10-17"},"sensitive_attributes":[]}]},{"mode":"data","type":"aws_partition","name":"Partitition","provider":"provider[\"registry.opentofu.org/hashicorp/aws\"]","instances":[{"schema_version":0,"attributes":{"dns_suffix":"amazonaws.com","id":"aws","partition":"aws","reverse_dns_prefix":"com.amazonaws"},"sensitive_attributes":[]}]},{"mode":"data","type":"aws_route53_zone","name":"Zone_A5DE4B68","provider":"provider[\"registry.opentofu.org/hashicorp/aws\"]","instances":[{"schema_version":0,"attributes":{"arn":"arn:aws:route53:::hostedzone/Z09339061DF0IQA1CJMKQ","caller_reference":"7d21c009-caa9-4f3b-bb69-88c7eacd30ce","comment":"","id":"Z09339061DF0IQA1CJMKQ","linked_service_description":null,"linked_service_principal":null,"name":"terraconstructs.dev","name_servers":["ns-840.awsdns-41.net","ns-1623.awsdns-10.co.uk","ns-173.awsdns-21.com","ns-1165.awsdns-17.org"],"primary_name_server":"ns-840.awsdns-41.net","private_zone":false,"resource_record_set_count":12,"tags":{},"vpc_id":null,"zone_id":"Z09339061DF0IQA1CJMKQ"},"sensitive_attributes":[]}]},{"mode":"managed","type":"aws_acm_certificate","name":"Certificate_4E7ABB08","provider":"provider[\"registry.opentofu.org/hashicorp/aws\"]","instances":[{"schema_version":0,"attributes":{"arn":"arn:aws:acm:us-east-1:694710432912:certificate/ad36002b-f4e1-48a0-a016-995e8efb3165","certificate_authority_arn":"","certificate_body":null,"certificate_chain":null,"domain_name":"terraconstructs.dev","domain_validation_options":[{"domain_name":"*.terraconstructs.dev","resource_record_name":"_2b12036ef3cde0d6125e67a032915caa.terraconstructs.dev.","resource_record_type":"CNAME","resource_record_value":"_7ca91bb70d2047003d7948a01ca66e03.zfyfvmchrl.acm-validations.aws."},{"domain_name":"terraconstructs.dev","resource_record_name":"_2b12036ef3cde0d6125e67a032915caa.terraconstructs.dev.","resource_record_type":"CNAME","resource_record_value":"_7ca91bb70d2047003d7948a01ca66e03.zfyfvmchrl.acm-validations.aws."}],"early_renewal_duration":"","id":"arn:aws:acm:us-east-1:694710432912:certificate/ad36002b-f4e1-48a0-a016-995e8efb3165","key_algorithm":"RSA_2048","not_after":"2026-12-24T23:59:59Z","not_before":"2025-11-25T00:00:00Z","options":[{"certificate_transparency_logging_preference":"ENABLED"}],"pending_renewal":false,"private_key":null,"renewal_eligibility":"ELIGIBLE","renewal_summary":[{"renewal_status":"SUCCESS","renewal_status_reason":"","updated_at":"2025-11-25T05:31:18Z"}],"status":"ISSUED","subject_alternative_names":["*.terraconstructs.dev","terraconstructs.dev"],"tags":{"Name":"prod-Certificate","grid:EnvironmentName":"prod","grid:UUID":"website"},"tags_all":{"Name":"prod-Certificate","grid:EnvironmentName":"prod","grid:UUID":"website"},"type":"AMAZON_ISSUED","validation_emails":[],"validation_method":"DNS","validation_option":[{"domain_name":"terraconstructs.dev","validation_domain":"terraconstructs.dev"}]},"sensitive_attributes":[[{"type":"get_attr","value":"private_key"}]],"private":"bnVsbA==","dependencies":["data.aws_route53_zone.Zone_A5DE4B68"],"create_before_destroy":true}]},{"mode":"managed","type":"aws_acm_certificate_validation","name":"Certificate_Validation_1DBF2B44","provider":"provider[\"registry.opentofu.org/hashicorp/aws\"]","instances":[{"schema_version":0,"attributes":{"certificate_arn":"arn:aws:acm:us-east-1:694710432912:certificate/ad36002b-f4e1-48a0-a016-995e8efb3165","id":"2024-12-24 04:23:20.647 +0000 UTC","timeouts":null,"validation_record_fqdns":["_2b12036ef3cde0d6125e67a032915caa.terraconstructs.dev"]},"sensitive_attributes":[],"private":"eyJlMmJmYjczMC1lY2FhLTExZTYtOGY4OC0zNDM2M2JjN2M0YzAiOnsiY3JlYXRlIjo0NTAwMDAwMDAwMDAwfX0=","dependencies":["aws_acm_certificate.Certificate_4E7ABB08","aws_route53_record.Certificate_ValidationRecord-terraconstructsdev_E1E87186","data.aws_route53_zone.Zone_A5DE4B68"]}]},{"mode":"managed","type":"aws_cloudfront_distribution","name":"Cdn_9963B1AD","provider":"provider[\"registry.opentofu.org/hashicorp/aws\"]","instances":[{"schema_version":1,"attributes":{"aliases":["terraconstructs.dev"],"arn":"arn:aws:cloudfront::694710432912:distribution/EU7L1RD1IYZ3E","caller_reference":"terraform-20241224042311564500000004","comment":null,"continuous_deployment_policy_id":"","custom_error_response":[{"error_caching_min_ttl":0,"error_code":403,"response_code":200,"response_page_path":"/index.html"},{"error_caching_min_ttl":0,"error_code":404,"response_code":200,"response_page_path":"/index.html"}],"default_cache_behavior":[{"allowed_methods":["GET","HEAD"],"cache_policy_id":"658327ea-f89d-4fab-a63d-7e88639e58f6","cached_methods":["GET","HEAD"],"compress":true,"default_ttl":0,"field_level_encryption_id":"","forwarded_values":[],"function_association":[],"grpc_config":[{"enabled":false}],"lambda_function_association":[],"max_ttl":0,"min_ttl":0,"origin_request_policy_id":"","realtime_log_config_arn":"","response_headers_policy_id":"2e0ecb7a-ccfa-4f68-8263-cd4eb6f8e6f9","smooth_streaming":false,"target_origin_id":"origin-0","trusted_key_groups":[],"trusted_signers":[],"viewer_protocol_policy":"redirect-to-https"}],"default_root_object":"index.html","domain_name":"d2gu602khdcdiz.cloudfront.net","enabled":true,"etag":"E1GORRCA8NWBBK","hosted_zone_id":"Z2FDTNDATAQYW2","http_version":"http2","id":"EU7L1RD1IYZ3E","in_progress_validation_batches":0,"is_ipv6_enabled":false,"last_modified_time":"2025-12-25 04:21:51.719 +0000 UTC","logging_config":[],"ordered_cache_behavior":[{"allowed_methods":["GET","HEAD"],"cache_policy_id":"658327ea-f89d-4fab-a63d-7e88639e58f6","cached_methods":["GET","HEAD"],"compress":true,"default_ttl":0,"field_level_encryption_id":"","forwarded_values":[],"function_association":[],"grpc_config":[{"enabled":false}],"lambda_function_association":[],"max_ttl":0,"min_ttl":0,"origin_request_policy_id":"","path_pattern":"/blog/*","realtime_log_config_arn":"","response_headers_policy_id":"e063af5f-8db3-48d0-a787-4f8691831650","smooth_streaming":false,"target_origin_id":"origin-0","trusted_key_groups":[],"trusted_signers":[],"viewer_protocol_policy":"redirect-to-https"}],"origin":[{"connection_attempts":3,"connection_timeout":10,"custom_header":[],"custom_origin_config":[],"domain_name":"website-landingsource20241224042259745700000002.s3.us-east-1.amazonaws.com","origin_access_control_id":"","origin_id":"origin-0","origin_path":"","origin_shield":[],"s3_origin_config":[{"origin_access_identity":"origin-access-identity/cloudfront/E17UNOLO94PGAC"}],"vpc_origin_config":[]}],"origin_group":[],"price_class":"PriceClass_100","restrictions":[{"geo_restriction":[{"locations":[],"restriction_type":"none"}]}],"retain_on_delete":false,"staging":false,"status":"Deployed","tags":{"Name":"prod-Cdn","grid:EnvironmentName":"prod","grid:UUID":"website"},"tags_all":{"Name":"prod-Cdn","grid:EnvironmentName":"prod","grid:UUID":"website"},"trusted_key_groups":[{"enabled":false,"items":[]}],"trusted_signers":[{"enabled":false,"items":[]}],"viewer_certificate":[{"acm_certificate_arn":"arn:aws:acm:us-east-1:694710432912:certificate/ad36002b-f4e1-48a0-a016-995e8efb3165","cloudfront_default_certificate":false,"iam_certificate_id":"","minimum_protocol_version":"TLSv1.2_2021","ssl_support_method":"sni-only"}],"wait_for_deployment":true,"web_acl_id":""},"sensitive_attributes":[],"private":"eyJzY2hlbWFfdmVyc2lvbiI6IjEifQ==","dependencies":["aws_acm_certificate.Certificate_4E7ABB08","aws_cloudfront_origin_access_identity.Source_OriginAccessIdentity_47D1410C","aws_cloudfront_response_headers_policy.BlogHeaders_E73C0F4D","aws_cloudfront_response_headers_policy.LandingHeaders_1D4F15C0","aws_s3_bucket.Source_71E471F1","data.aws_cloudfront_cache_policy.Cdn_Managed-CachingOptimized_58CFD2BA","data.aws_route53_zone.Zone_A5DE4B68"]}]},{"mode":"managed","type":"aws_cloudfront_function","name":"IndexRewrite_0A63A7CD","provider":"provider[\"registry.opentofu.org/hashicorp/aws\"]","instances":[{"schema_version":0,"attributes":{"arn":"arn:aws:cloudfront::694710432912:function/website-indexRewrite","code":"function handler(event){var request=event.request;var uri=request.uri;if(uri.endsWith(\"/\")){request.uri+=\"index.html\"}else if(!uri.includes(\".\")\u0026\u0026!uri.includes(\"?\")){request.uri+=\"/index.html\"}return request}","comment":"website-indexRewrite","etag":"ETVPDKIKX0DER","id":"website-indexRewrite","key_value_store_associations":[],"live_stage_etag":"ETVPDKIKX0DER","name":"website-indexRewrite","publish":true,"runtime":"cloudfront-js-1.0","status":"UNASSOCIATED"},"sensitive_attributes":[],"private":"bnVsbA=="}]},{"mode":"managed","type":"aws_cloudfront_origin_access_identity","name":"Source_OriginAccessIdentity_47D1410C","provider":"provider[\"registry.opentofu.org/hashicorp/aws\"]","instances":[{"schema_version":0,"attributes":{"arn":"arn:aws:cloudfront::694710432912:origin-access-identity/E17UNOLO94PGAC","caller_reference":"terraform-20241224042309535500000003","cloudfront_access_identity_path":"origin-access-identity/cloudfront/E17UNOLO94PGAC","comment":"OAI for website-landingsource20241224042259745700000002","etag":"E3RDP57LTQYUFL","iam_arn":"arn:aws:iam::cloudfront:user/CloudFront Origin Access Identity E17UNOLO94PGAC","id":"E17UNOLO94PGAC","s3_canonical_user_id":"edd3dd58bd5366ca4fc36bca992d0c0f5994ed4cdd50b8def7751ccfe650c376ebc648ff1df012fc7c387491cd705476"},"sensitive_attributes":[],"private":"bnVsbA==","dependencies":["aws_s3_bucket.Source_71E471F1"]}]},{"mode":"managed","type":"aws_cloudfront_response_headers_policy","name":"BlogHeaders_E73C0F4D","provider":"provider[\"registry.opentofu.org/hashicorp/aws\"]","instances":[{"schema_version":0,"attributes":{"arn":"arn:aws:cloudfront::694710432912:response-headers-policy/e063af5f-8db3-48d0-a787-4f8691831650","comment":"","cors_config":[],"custom_headers_config":[],"etag":"E23ZP02F085DFQ","id":"e063af5f-8db3-48d0-a787-4f8691831650","name":"websitelandingBlogHeaders92E74FF2","remove_headers_config":[],"security_headers_config":[{"content_security_policy":[{"content_security_policy":"default-src 'self'; style-src 'self' https://fonts.googleapis.com 'unsafe-inline'; font-src 'self' https://fonts.gstatic.com data:; img-src 'self' data: https://www.google-analytics.com; script-src 'self' https://www.googletagmanager.com https://www.google-analytics.com 'unsafe-inline'; connect-src 'self' https://www.google-analytics.com; base-uri 'self'; frame-ancestors 'none'; script-src-attr 'unsafe-inline';","override":true}],"content_type_options":[{"override":true}],"frame_options":[{"frame_option":"DENY","override":true}],"referrer_policy":[{"override":true,"referrer_policy":"strict-origin-when-cross-origin"}],"strict_transport_security":[{"access_control_max_age_sec":31536000,"include_subdomains":true,"override":true,"preload":false}],"xss_protection":[{"mode_block":true,"override":true,"protection":true,"report_uri":""}]}],"server_timing_headers_config":[]},"sensitive_attributes":[],"private":"bnVsbA=="}]},{"mode":"managed","type":"aws_cloudfront_response_headers_policy","name":"LandingHeaders_1D4F15C0","provider":"provider[\"registry.opentofu.org/hashicorp/aws\"]","instances":[{"schema_version":0,"attributes":{"arn":"arn:aws:cloudfront::694710432912:response-headers-policy/2e0ecb7a-ccfa-4f68-8263-cd4eb6f8e6f9","comment":"","cors_config":[],"custom_headers_config":[],"etag":"E23ZP02F085DFQ","id":"2e0ecb7a-ccfa-4f68-8263-cd4eb6f8e6f9","name":"websitelandingLandingHeadersD926E20C","remove_headers_config":[],"security_headers_config":[{"content_security_policy":[{"content_security_policy":"default-src 'self'; style-src 'self' https://fonts.googleapis.com 'sha256-5KmQf9kIBuOfKOGhVahdcCVk/8bs7YVEFvFXXRCxhwM='; font-src 'self' https://fonts.gstatic.com data:; img-src 'self' data: https://www.google-analytics.com; script-src 'self' https://www.googletagmanager.com https://www.google-analytics.com 'sha256-jnEt9Md5pLcENwSMy3G9IhF0gOxG24PL72VOggWkOiE=' 'sha256-m7Q+SBP3IQL7b+182BHrX+sR+EqDcn2RJ9q4cmD9oek=' 'sha256-FVvkp9qdgdiHP6lWvMZQu3aM9lMJ9yMnslALvw+XH4c=' 'sha256-8x1WwuIMPQHDJV/akUEWAL1+O6gHk1nLU/lvNtpw+14='; connect-src 'self' https://www.google-analytics.com; base-uri 'self'; frame-ancestors 'none'; script-src-attr 'unsafe-hashes' 'sha256-MhtPZXr7+LpJUY5qtMutB+qWfQtMaPccfe7QXtCcEYc=';","override":true}],"content_type_options":[{"override":true}],"frame_options":[{"frame_option":"DENY","override":true}],"referrer_policy":[{"override":true,"referrer_policy":"strict-origin-when-cross-origin"}],"strict_transport_security":[{"access_control_max_age_sec":31536000,"include_subdomains":true,"override":true,"preload":false}],"xss_protection":[{"mode_block":true,"override":true,"protection":true,"report_uri":""}]}],"server_timing_headers_config":[]},"sensitive_attributes":[],"private":"bnVsbA=="}]},{"mode":"managed","type":"aws_route53_record","name":"CdnAlias_49D721F7","provider":"provider[\"registry.opentofu.org/hashicorp/aws\"]","instances":[{"schema_version":2,"attributes":{"alias":[{"evaluate_target_health":false,"name":"d2gu602khdcdiz.cloudfront.net","zone_id":"Z2FDTNDATAQYW2"}],"allow_overwrite":null,"cidr_routing_policy":[],"failover_routing_policy":[],"fqdn":"terraconstructs.dev","geolocation_routing_policy":[],"geoproximity_routing_policy":[],"health_check_id":"","id":"Z09339061DF0IQA1CJMKQ_terraconstructs.dev_A","latency_routing_policy":[],"multivalue_answer_routing_policy":false,"name":"terraconstructs.dev","records":[],"set_identifier":"","timeouts":null,"ttl":0,"type":"A","weighted_routing_policy":[],"zone_id":"Z09339061DF0IQA1CJMKQ"},"sensitive_attributes":[],"private":"eyJzY2hlbWFfdmVyc2lvbiI6IjIifQ==","dependencies":["aws_acm_certificate.Certificate_4E7ABB08","aws_cloudfront_distribution.Cdn_9963B1AD","aws_cloudfront_origin_access_identity.Source_OriginAccessIdentity_47D1410C","aws_cloudfront_response_headers_policy.BlogHeaders_E73C0F4D","aws_cloudfront_response_headers_policy.LandingHeaders_1D4F15C0","aws_s3_bucket.Source_71E471F1","data.aws_cloudfront_cache_policy.Cdn_Managed-CachingOptimized_58CFD2BA","data.aws_route53_zone.Zone_A5DE4B68"]}]},{"mode":"managed","type":"aws_route53_record","name":"Certificate_ValidationRecord-terraconstructsdev_E1E87186","provider":"provider[\"registry.opentofu.org/hashicorp/aws\"]","instances":[{"schema_version":2,"attributes":{"alias":[],"allow_overwrite":true,"cidr_routing_policy":[],"failover_routing_policy":[],"fqdn":"_2b12036ef3cde0d6125e67a032915caa.terraconstructs.dev","geolocation_routing_policy":[],"geoproximity_routing_policy":[],"health_check_id":"","id":"Z09339061DF0IQA1CJMKQ__2b12036ef3cde0d6125e67a032915caa.terraconstructs.dev._CNAME","latency_routing_policy":[],"multivalue_answer_routing_policy":false,"name":"_2b12036ef3cde0d6125e67a032915caa.terraconstructs.dev","records":["_7ca91bb70d2047003d7948a01ca66e03.zfyfvmchrl.acm-validations.aws."],"set_identifier":"","timeouts":null,"ttl":60,"type":"CNAME","weighted_routing_policy":[],"zone_id":"Z09339061DF0IQA1CJMKQ"},"sensitive_attributes":[],"private":"eyJzY2hlbWFfdmVyc2lvbiI6IjIifQ==","dependencies":["aws_acm_certificate.Certificate_4E7ABB08","data.aws_route53_zone.Zone_A5DE4B68"]}]},{"mode":"managed","type":"aws_s3_bucket","name":"Source_71E471F1","provider":"provider[\"registry.opentofu.org/hashicorp/aws\"]","instances":[{"schema_version":0,"attributes":{"acceleration_status":"","acl":null,"arn":"arn:aws:s3:::website-landingsource20241224042259745700000002","bucket":"website-landingsource20241224042259745700000002","bucket_domain_name":"website-landingsource20241224042259745700000002.s3.amazonaws.com","bucket_prefix":"website-landingsource","bucket_regional_domain_name":"website-landingsource20241224042259745700000002.s3.us-east-1.amazonaws.com","cors_rule":[],"force_destroy":false,"grant":[{"id":"46a779801a9d2713b490704d23d620d8235fa0f260795480eb9d47db40461f62","permissions":["FULL_CONTROL"],"type":"CanonicalUser","uri":""}],"hosted_zone_id":"Z3AQBSTGFYJSTF","id":"website-landingsource20241224042259745700000002","lifecycle_rule":[],"logging":[],"object_lock_configuration":[],"object_lock_enabled":false,"policy":"{\"Statement\":[{\"Action\":\"s3:GetObject\",\"Effect\":\"Allow\",\"Principal\":{\"AWS\":\"arn:aws:iam::cloudfront:user/CloudFront Origin Access Identity E17UNOLO94PGAC\"},\"Resource\":\"arn:aws:s3:::website-landingsource20241224042259745700000002/*\"}],\"Version\":\"2012-10-17\"}","region":"us-east-1","replication_configuration":[],"request_payer":"BucketOwner","server_side_encryption_configuration":[{"rule":[{"apply_server_side_encryption_by_default":[{"kms_master_key_id":"","sse_algorithm":"AES256"}],"bucket_key_enabled":false}]}],"tags":{"Name":"prod-Source","grid:EnvironmentName":"prod","grid:UUID":"website"},"tags_all":{"Name":"prod-Source","grid:EnvironmentName":"prod","grid:UUID":"website"},"timeouts":null,"versioning":[{"enabled":false,"mfa_delete":false}],"website":[],"website_domain":null,"website_endpoint":null},"sensitive_attributes":[],"private":"eyJlMmJmYjczMC1lY2FhLTExZTYtOGY4OC0zNDM2M2JjN2M0YzAiOnsiY3JlYXRlIjoxMjAwMDAwMDAwMDAwLCJkZWxldGUiOjM2MDAwMDAwMDAwMDAsInJlYWQiOjEyMDAwMDAwMDAwMDAsInVwZGF0ZSI6MTIwMDAwMDAwMDAwMH19"}]},{"mode":"managed","type":"aws_s3_bucket_policy","name":"Source_Policy_E5AB5F73","provider":"provider[\"registry.opentofu.org/hashicorp/aws\"]","instances":[{"schema_version":0,"attributes":{"bucket":"website-landingsource20241224042259745700000002","id":"website-landingsource20241224042259745700000002","policy":"{\"Statement\":[{\"Action\":\"s3:GetObject\",\"Effect\":\"Allow\",\"Principal\":{\"AWS\":\"arn:aws:iam::cloudfront:user/CloudFront Origin Access Identity E17UNOLO94PGAC\"},\"Resource\":\"arn:aws:s3:::website-landingsource20241224042259745700000002/*\"}],\"Version\":\"2012-10-17\"}"},"sensitive_attributes":[],"private":"bnVsbA==","dependencies":["aws_cloudfront_origin_access_identity.Source_OriginAccessIdentity_47D1410C","aws_s3_bucket.Source_71E471F1","data.aws_iam_policy_document.Source_Policy_BC7DCC4B"]}]},{"mode":"managed","type":"aws_s3_object","name":"Source_source-0_File--assets--css--mainMrkB3i5ocss_4BC63406","provider":"provider[\"registry.opentofu.org/hashicorp/aws\"]","instances":[{"schema_version":0,"attributes":{"acl":null,"arn":"arn:aws:s3:::website-landingsource20241224042259745700000002/assets/css/main.MrkB3i5o.css","bucket":"website-landingsource20241224042259745700000002","bucket_key_enabled":false,"cache_control":"","checksum_algorithm":null,"checksum_crc32":"","checksum_crc32c":"","checksum_crc64nvme":"","checksum_sha1":"","checksum_sha256":"","content":null,"content_base64":null,"content_disposition":"","content_encoding":"","content_language":"","content_type":"text/css; charset=utf-8","etag":"018c59e39c342b7ad433d96189053f7d","force_destroy":false,"id":"/assets/css/main.MrkB3i5o.css","key":"/assets/css/main.MrkB3i5o.css","kms_key_id":null,"metadata":{},"object_lock_legal_hold_status":"","object_lock_mode":"","object_lock_retain_until_date":"","override_provider":[],"server_side_encryption":"AES256","source":"assets/Source_source-0_PathAsset_FD59E05B/A5C309C485139E858AA73D811AADBC00/assets/css/main.MrkB3i5o.css","source_hash":"018c59e39c342b7ad433d96189053f7d","storage_class":"STANDARD","tags":{"Name":"prod-Source","grid:EnvironmentName":"prod","grid:UUID":"website"},"tags_all":{"Name":"prod-Source","grid:EnvironmentName":"prod","grid:UUID":"website"},"version_id":"","website_redirect":""},"sensitive_attributes":[],"private":"bnVsbA==","dependencies":["aws_s3_bucket.Source_71E471F1"]}]},{"mode":"managed","type":"aws_s3_object","name":"Source_source-0_File--assets--js--blogCHSDPaEsjs_63EE24BE","provider":"provider[\"registry.opentofu.org/hashicorp/aws\"]","instances":[{"schema_version":0,"attributes":{"acl":null,"arn":"arn:aws:s3:::website-landingsource20241224042259745700000002/assets/js/blog.CHSDPaEs.js","bucket":"website-landingsource20241224042259745700000002","bucket_key_enabled":false,"cache_control":"","checksum_algorithm":null,"checksum_crc32":"","checksum_crc32c":"","checksum_crc64nvme":"","checksum_sha1":"","checksum_sha256":"","content":null,"content_base64":null,"content_disposition":"","content_encoding":"","content_language":"","content_type":"application/javascript; charset=utf-8","etag":"5976a25cd5900bcdfa6d8038d96ce79f","force_destroy":false,"id":"/assets/js/blog.CHSDPaEs.js","key":"/assets/js/blog.CHSDPaEs.js","kms_key_id":null,"metadata":{},"object_lock_legal_hold_status":"","object_lock_mode":"","object_lock_retain_until_date":"","override_provider":[],"server_side_encryption":"AES256","source":"assets/Source_source-0_PathAsset_FD59E05B/A5C309C485139E858AA73D811AADBC00/assets/js/blog.CHSDPaEs.js","source_hash":"5976a25cd5900bcdfa6d8038d96ce79f","storage_class":"STANDARD","tags":{"Name":"prod-Source","grid:EnvironmentName":"prod","grid:UUID":"website"},"tags_all":{"Name":"prod-Source","grid:EnvironmentName":"prod","grid:UUID":"website"},"version_id":"","website_redirect":""},"sensitive_attributes":[],"private":"bnVsbA==","dependencies":["aws_s3_bucket.Source_71E471F1"]}]},{"mode":"managed","type":"aws_s3_object","name":"Source_source-0_File--assets--js--blogCHSDPaEsjsmap_CFA6C040","provider":"provider[\"registry.opentofu.org/hashicorp/aws\"]","instances":[{"schema_version":0,"attributes":{"acl":null,"arn":"arn:aws:s3:::website-landingsource20241224042259745700000002/assets/js/blog.CHSDPaEs.js.map","bucket":"website-landingsource20241224042259745700000002","bucket_key_enabled":false,"cache_control":"","checksum_algorithm":null,"checksum_crc32":"","checksum_crc32c":"","checksum_crc64nvme":"","checksum_sha1":"","checksum_sha256":"","content":null,"content_base64":null,"content_disposition":"","content_encoding":"","content_language":"","content_type":"application/json; charset=utf-8","etag":"72e784b7a48cba0ee82f2e9524850db3","force_destroy":false,"id":"/assets/js/blog.CHSDPaEs.js.map","key":"/assets/js/blog.CHSDPaEs.js.map","kms_key_id":null,"metadata":{},"object_lock_legal_hold_status":"","object_lock_mode":"","object_lock_retain_until_date":"","override_provider":[],"server_side_encryption":"AES256","source":"assets/Source_source-0_PathAsset_FD59E05B/A5C309C485139E858AA73D811AADBC00/assets/js/blog.CHSDPaEs.js.map","source_hash":"72e784b7a48cba0ee82f2e9524850db3","storage_class":"STANDARD","tags":{"Name":"prod-Source","grid:EnvironmentName":"prod","grid:UUID":"website"},"tags_all":{"Name":"prod-Source","grid:EnvironmentName":"prod","grid:UUID":"website"},"version_id":"","website_redirect":""},"sensitive_attributes":[],"private":"bnVsbA==","dependencies":["aws_s3_bucket.Source_71E471F1"]}]},{"mode":"managed","type":"aws_s3_object","name":"Source_source-0_File--assets--js--indexBK54LHkcjs_10168D4F","provider":"provider[\"registry.opentofu.org/hashicorp/aws\"]","instances":[{"schema_version":0,"attributes":{"acl":null,"arn":"arn:aws:s3:::website-landingsource20241224042259745700000002/assets/js/index.BK54LHkc.js","bucket":"website-landingsource20241224042259745700000002","bucket_key_enabled":false,"cache_control":"","checksum_algorithm":null,"checksum_crc32":"","checksum_crc32c":"","checksum_crc64nvme":"","checksum_sha1":"","checksum_sha256":"","content":null,"content_base64":null,"content_disposition":"","content_encoding":"","content_language":"","content_type":"application/javascript; charset=utf-8","etag":"a3345d12ab77fee32ddc23b98a970d10","force_destroy":false,"id":"/assets/js/index.BK54LHkc.js","key":"/assets/js/index.BK54LHkc.js","kms_key_id":null,"metadata":{},"object_lock_legal_hold_status":"","object_lock_mode":"","object_lock_retain_until_date":"","override_provider":[],"server_side_encryption":"AES256","source":"assets/Source_source-0_PathAsset_FD59E05B/A5C309C485139E858AA73D811AADBC00/assets/js/index.BK54LHkc.js","source_hash":"a3345d12ab77fee32ddc23b98a970d10","storage_class":"STANDARD","tags":{"Name":"prod-Source","grid:EnvironmentName":"prod","grid:UUID":"website"},"tags_all":{"Name":"prod-Source","grid:EnvironmentName":"prod","grid:UUID":"website"},"version_id":"","website_redirect":""},"sensitive_attributes":[],"private":"bnVsbA==","dependencies":["aws_s3_bucket.Source_71E471F1"]}]},{"mode":"managed","type":"aws_s3_object","name":"Source_source-0_File--assets--js--indexBK54LHkcjsmap_01461497","provider":"provider[\"registry.opentofu.org/hashicorp/aws\"]","instances":[{"schema_version":0,"attributes":{"acl":null,"arn":"arn:aws:s3:::website-landingsource20241224042259745700000002/assets/js/index.BK54LHkc.js.map","bucket":"website-landingsource20241224042259745700000002","bucket_key_enabled":false,"cache_control":"","checksum_algorithm":null,"checksum_crc32":"","checksum_crc32c":"","checksum_crc64nvme":"","checksum_sha1":"","checksum_sha256":"","content":null,"content_base64":null,"content_disposition":"","content_encoding":"","content_language":"","content_type":"application/json; charset=utf-8","etag":"c6baec92b8b2867f654045f64b7144b7","force_destroy":false,"id":"/assets/js/index.BK54LHkc.js.map","key":"/assets/js/index.BK54LHkc.js.map","kms_key_id":null,"metadata":{},"object_lock_legal_hold_status":"","object_lock_mode":"","object_lock_retain_until_date":"","override_provider":[],"server_side_encryption":"AES256","source":"assets/Source_source-0_PathAsset_FD59E05B/A5C309C485139E858AA73D811AADBC00/assets/js/index.BK54LHkc.js.map","source_hash":"c6baec92b8b2867f654045f64b7144b7","storage_class":"STANDARD","tags":{"Name":"prod-Source","grid:EnvironmentName":"prod","grid:UUID":"website"},"tags_all":{"Name":"prod-Source","grid:EnvironmentName":"prod","grid:UUID":"website"},"version_id":"","website_redirect":""},"sensitive_attributes":[],"private":"bnVsbA==","dependencies":["aws_s3_bucket.Source_71E471F1"]}]},{"mode":"managed","type":"aws_s3_object","name":"Source_source-0_File--assets--js--indexC-WjftePjs_AE92E19A","provider":"provider[\"registry.opentofu.org/hashicorp/aws\"]","instances":[{"schema_version":0,"attributes":{"acl":null,"arn":"arn:aws:s3:::website-landingsource20241224042259745700000002/assets/js/index.C-WjfteP.js","bucket":"website-landingsource20241224042259745700000002","bucket_key_enabled":false,"cache_control":"","checksum_algorithm":null,"checksum_crc32":"","checksum_crc32c":"","checksum_crc64nvme":"","checksum_sha1":"","checksum_sha256":"","content":null,"content_base64":null,"content_disposition":"","content_encoding":"","content_language":"","content_type":"application/javascript; charset=utf-8","etag":"a39dcaea410b3034150100f027acbf6f","force_destroy":false,"id":"/assets/js/index.C-WjfteP.js","key":"/assets/js/index.C-WjfteP.js","kms_key_id":null,"metadata":{},"object_lock_legal_hold_status":"","object_lock_mode":"","object_lock_retain_until_date":"","override_provider":[],"server_side_encryption":"AES256","source":"assets/Source_source-0_PathAsset_FD59E05B/A5C309C485139E858AA73D811AADBC00/assets/js/index.C-WjfteP.js","source_hash":"a39dcaea410b3034150100f027acbf6f","storage_class":"STANDARD","tags":{"Name":"prod-Source","grid:EnvironmentName":"prod","grid:UUID":"website"},"tags_all":{"Name":"prod-Source","grid:EnvironmentName":"prod","grid:UUID":"website"},"version_id":"","website_redirect":""},"sensitive_attributes":[],"private":"bnVsbA==","dependencies":["aws_s3_bucket.Source_71E471F1"]}]},{"mode":"managed","type":"aws_s3_object","name":"Source_source-0_File--assets--js--indexC-WjftePjsmap_6F93A80C","provider":"provider[\"registry.opentofu.org/hashicorp/aws\"]","instances":[{"schema_version":0,"attributes":{"acl":null,"arn":"arn:aws:s3:::website-landingsource20241224042259745700000002/assets/js/index.C-WjfteP.js.map","bucket":"website-landingsource20241224042259745700000002","bucket_key_enabled":false,"cache_control":"","checksum_algorithm":null,"checksum_crc32":"","checksum_crc32c":"","checksum_crc64nvme":"","checksum_sha1":"","checksum_sha256":"","content":null,"content_base64":null,"content_disposition":"","content_encoding":"","content_language":"","content_type":"application/json; charset=utf-8","etag":"a8f3114c4a2d7e9643f6b8725a8eb65e","force_destroy":false,"id":"/assets/js/index.C-WjfteP.js.map","key":"/assets/js/index.C-WjfteP.js.map","kms_key_id":null,"metadata":{},"object_lock_legal_hold_status":"","object_lock_mode":"","object_lock_retain_until_date":"","override_provider":[],"server_side_encryption":"AES256","source":"assets/Source_source-0_PathAsset_FD59E05B/A5C309C485139E858AA73D811AADBC00/assets/js/index.C-WjfteP.js.map","source_hash":"a8f3114c4a2d7e9643f6b8725a8eb65e","storage_class":"STANDARD","tags":{"Name":"prod-Source","grid:EnvironmentName":"prod","grid:UUID":"website"},"tags_all":{"Name":"prod-Source","grid:EnvironmentName":"prod","grid:UUID":"website"},"version_id":"","website_redirect":""},"sensitive_attributes":[],"private":"bnVsbA==","dependencies":["aws_s3_bucket.Source_71E471F1"]}]},{"mode":"managed","type":"aws_s3_object","name":"Source_source-0_File--assets--js--indexCXp0aEMTjs_3E102607","provider":"provider[\"registry.opentofu.org/hashicorp/aws\"]","instances":[{"schema_version":0,"attributes":{"acl":null,"arn":"arn:aws:s3:::website-landingsource20241224042259745700000002/assets/js/index.CXp0aEMT.js","bucket":"website-landingsource20241224042259745700000002","bucket_key_enabled":false,"cache_control":"","checksum_algorithm":null,"checksum_crc32":"","checksum_crc32c":"","checksum_crc64nvme":"","checksum_sha1":"","checksum_sha256":"","content":null,"content_base64":null,"content_disposition":"","content_encoding":"","content_language":"","content_type":"application/javascript; charset=utf-8","etag":"0a424bb86b43ebd0416a34ed5797bcec","force_destroy":false,"id":"/assets/js/index.CXp0aEMT.js","key":"/assets/js/index.CXp0aEMT.js","kms_key_id":null,"metadata":{},"object_lock_legal_hold_status":"","object_lock_mode":"","object_lock_retain_until_date":"","override_provider":[],"server_side_encryption":"AES256","source":"assets/Source_source-0_PathAsset_FD59E05B/A5C309C485139E858AA73D811AADBC00/assets/js/index.CXp0aEMT.js","source_hash":"0a424bb86b43ebd0416a34ed5797bcec","storage_class":"STANDARD","tags":{"Name":"prod-Source","grid:EnvironmentName":"prod","grid:UUID":"website"},"tags_all":{"Name":"prod-Source","grid:EnvironmentName":"prod","grid:UUID":"website"},"version_id":"","website_redirect":""},"sensitive_attributes":[],"private":"bnVsbA==","dependencies":["aws_s3_bucket.Source_71E471F1"]}]},{"mode":"managed","type":"aws_s3_object","name":"Source_source-0_File--assets--js--indexCXp0aEMTjsmap_88028CD9","provider":"provider[\"registry.opentofu.org/hashicorp/aws\"]","instances":[{"schema_version":0,"attributes":{"acl":null,"arn":"arn:aws:s3:::website-landingsource20241224042259745700000002/assets/js/index.CXp0aEMT.js.map","bucket":"website-landingsource20241224042259745700000002","bucket_key_enabled":false,"cache_control":"","checksum_algorithm":null,"checksum_crc32":"","checksum_crc32c":"","checksum_crc64nvme":"","checksum_sha1":"","checksum_sha256":"","content":null,"content_base64":null,"content_disposition":"","content_encoding":"","content_language":"","content_type":"application/json; charset=utf-8","etag":"7b7b3536b0916e4d570a53756407988b","force_destroy":false,"id":"/assets/js/index.CXp0aEMT.js.map","key":"/assets/js/index.CXp0aEMT.js.map","kms_key_id":null,"metadata":{},"object_lock_legal_hold_status":"","object_lock_mode":"","object_lock_retain_until_date":"","override_provider":[],"server_side_encryption":"AES256","source":"assets/Source_source-0_PathAsset_FD59E05B/A5C309C485139E858AA73D811AADBC00/assets/js/index.CXp0aEMT.js.map","source_hash":"7b7b3536b0916e4d570a53756407988b","storage_class":"STANDARD","tags":{"Name":"prod-Source","grid:EnvironmentName":"prod","grid:UUID":"website"},"tags_all":{"Name":"prod-Source","grid:EnvironmentName":"prod","grid:UUID":"website"},"version_id":"","website_redirect":""},"sensitive_attributes":[],"private":"bnVsbA==","dependencies":["aws_s3_bucket.Source_71E471F1"]}]},{"mode":"managed","type":"aws_s3_object","name":"Source_source-0_File--assets--js--indexEj6jGzAijs_9DF3A49B","provider":"provider[\"registry.opentofu.org/hashicorp/aws\"]","instances":[{"schema_version":0,"attributes":{"acl":null,"arn":"arn:aws:s3:::website-landingsource20241224042259745700000002/assets/js/index.Ej6jGzAi.js","bucket":"website-landingsource20241224042259745700000002","bucket_key_enabled":false,"cache_control":"","checksum_algorithm":null,"checksum_crc32":"","checksum_crc32c":"","checksum_crc64nvme":"","checksum_sha1":"","checksum_sha256":"","content":null,"content_base64":null,"content_disposition":"","content_encoding":"","content_language":"","content_type":"application/javascript; charset=utf-8","etag":"6e3c7e8e5fa2b7133bf5ba4474d6edcb","force_destroy":false,"id":"/assets/js/index.Ej6jGzAi.js","key":"/assets/js/index.Ej6jGzAi.js","kms_key_id":null,"metadata":{},"object_lock_legal_hold_status":"","object_lock_mode":"","object_lock_retain_until_date":"","override_provider":[],"server_side_encryption":"AES256","source":"assets/Source_source-0_PathAsset_FD59E05B/A5C309C485139E858AA73D811AADBC00/assets/js/index.Ej6jGzAi.js","source_hash":"6e3c7e8e5fa2b7133bf5ba4474d6edcb","storage_class":"STANDARD","tags":{"Name":"prod-Source","grid:EnvironmentName":"prod","grid:UUID":"website"},"tags_all":{"Name":"prod-Source","grid:EnvironmentName":"prod","grid:UUID":"website"},"version_id":"","website_redirect":""},"sensitive_attributes":[],"private":"bnVsbA==","dependencies":["aws_s3_bucket.Source_71E471F1"]}]},{"mode":"managed","type":"aws_s3_object","name":"Source_source-0_File--assets--js--indexEj6jGzAijsmap_9884D400","provider":"provider[\"registry.opentofu.org/hashicorp/aws\"]","instances":[{"schema_version":0,"attributes":{"acl":null,"arn":"arn:aws:s3:::website-landingsource20241224042259745700000002/assets/js/index.Ej6jGzAi.js.map","bucket":"website-landingsource20241224042259745700000002","bucket_key_enabled":false,"cache_control":"","checksum_algorithm":null,"checksum_crc32":"","checksum_crc32c":"","checksum_crc64nvme":"","checksum_sha1":"","checksum_sha256":"","content":null,"content_base64":null,"content_disposition":"","content_encoding":"","content_language":"","content_type":"application/json; charset=utf-8","etag":"b60127e35d896bb4fb6742ef89f55afa","force_destroy":false,"id":"/assets/js/index.Ej6jGzAi.js.map","key":"/assets/js/index.Ej6jGzAi.js.map","kms_key_id":null,"metadata":{},"object_lock_legal_hold_status":"","object_lock_mode":"","object_lock_retain_until_date":"","override_provider":[],"server_side_encryption":"AES256","source":"assets/Source_source-0_PathAsset_FD59E05B/A5C309C485139E858AA73D811AADBC00/assets/js/index.Ej6jGzAi.js.map","source_hash":"b60127e35d896bb4fb6742ef89f55afa","storage_class":"STANDARD","tags":{"Name":"prod-Source","grid:EnvironmentName":"prod","grid:UUID":"website"},"tags_all":{"Name":"prod-Source","grid:EnvironmentName":"prod","grid:UUID":"website"},"version_id":"","website_redirect":""},"sensitive_attributes":[],"private":"bnVsbA==","dependencies":["aws_s3_bucket.Source_71E471F1"]}]},{"mode":"managed","type":"aws_s3_object","name":"Source_source-0_File--assets--js--indexgLfimJH-js_8F4B739C","provider":"provider[\"registry.opentofu.org/hashicorp/aws\"]","instances":[{"schema_version":0,"attributes":{"acl":null,"arn":"arn:aws:s3:::website-landingsource20241224042259745700000002/assets/js/index.gLfimJH-.js","bucket":"website-landingsource20241224042259745700000002","bucket_key_enabled":false,"cache_control":"","checksum_algorithm":null,"checksum_crc32":"","checksum_crc32c":"","checksum_crc64nvme":"","checksum_sha1":"","checksum_sha256":"","content":null,"content_base64":null,"content_disposition":"","content_encoding":"","content_language":"","content_type":"application/javascript; charset=utf-8","etag":"d64f86f44c14716169beee1924744ceb","force_destroy":false,"id":"/assets/js/index.gLfimJH-.js","key":"/assets/js/index.gLfimJH-.js","kms_key_id":null,"metadata":{},"object_lock_legal_hold_status":"","object_lock_mode":"","object_lock_retain_until_date":"","override_provider":[],"server_side_encryption":"AES256","source":"assets/Source_source-0_PathAsset_FD59E05B/A5C309C485139E858AA73D811AADBC00/assets/js/index.gLfimJH-.js","source_hash":"d64f86f44c14716169beee1924744ceb","storage_class":"STANDARD","tags":{"Name":"prod-Source","grid:EnvironmentName":"prod","grid:UUID":"website"},"tags_all":{"Name":"prod-Source","grid:EnvironmentName":"prod","grid:UUID":"website"},"version_id":"","website_redirect":""},"sensitive_attributes":[],"private":"bnVsbA==","dependencies":["aws_s3_bucket.Source_71E471F1"]}]},{"mode":"managed","type":"aws_s3_object","name":"Source_source-0_File--assets--js--indexgLfimJH-jsmap_C4F570B9","provider":"provider[\"registry.opentofu.org/hashicorp/aws\"]","instances":[{"schema_version":0,"attributes":{"acl":null,"arn":"arn:aws:s3:::website-landingsource20241224042259745700000002/assets/js/index.gLfimJH-.js.map","bucket":"website-landingsource20241224042259745700000002","bucket_key_enabled":false,"cache_control":"","checksum_algorithm":null,"checksum_crc32":"","checksum_crc32c":"","checksum_crc64nvme":"","checksum_sha1":"","checksum_sha256":"","content":null,"content_base64":null,"content_disposition":"","content_encoding":"","content_language":"","content_type":"application/json; charset=utf-8","etag":"4a668f1e6ff4263d6fc146546a49029f","force_destroy":false,"id":"/assets/js/index.gLfimJH-.js.map","key":"/assets/js/index.gLfimJH-.js.map","kms_key_id":null,"metadata":{},"object_lock_legal_hold_status":"","object_lock_mode":"","object_lock_retain_until_date":"","override_provider":[],"server_side_encryption":"AES256","source":"assets/Source_source-0_PathAsset_FD59E05B/A5C309C485139E858AA73D811AADBC00/assets/js/index.gLfimJH-.js.map","source_hash":"4a668f1e6ff4263d6fc146546a49029f","storage_class":"STANDARD","tags":{"Name":"prod-Source","grid:EnvironmentName":"prod","grid:UUID":"website"},"tags_all":{"Name":"prod-Source","grid:EnvironmentName":"prod","grid:UUID":"website"},"version_id":"","website_redirect":""},"sensitive_attributes":[],"private":"bnVsbA==","dependencies":["aws_s3_bucket.Source_71E471F1"]}]},{"mode":"managed","type":"aws_s3_object","name":"Source_source-0_File--assets--js--indexmFVb-Veojs_46314FA1","provider":"provider[\"registry.opentofu.org/hashicorp/aws\"]","instances":[{"schema_version":0,"attributes":{"acl":null,"arn":"arn:aws:s3:::website-landingsource20241224042259745700000002/assets/js/index.mFVb-Veo.js","bucket":"website-landingsource20241224042259745700000002","bucket_key_enabled":false,"cache_control":"","checksum_algorithm":null,"checksum_crc32":"","checksum_crc32c":"","checksum_crc64nvme":"","checksum_sha1":"","checksum_sha256":"","content":null,"content_base64":null,"content_disposition":"","content_encoding":"","content_language":"","content_type":"application/javascript; charset=utf-8","etag":"c100d5b914823859cbd046eabd63e1c2","force_destroy":false,"id":"/assets/js/index.mFVb-Veo.js","key":"/assets/js/index.mFVb-Veo.js","kms_key_id":null,"metadata":{},"object_lock_legal_hold_status":"","object_lock_mode":"","object_lock_retain_until_date":"","override_provider":[],"server_side_encryption":"AES256","source":"assets/Source_source-0_PathAsset_FD59E05B/A5C309C485139E858AA73D811AADBC00/assets/js/index.mFVb-Veo.js","source_hash":"c100d5b914823859cbd046eabd63e1c2","storage_class":"STANDARD","tags":{"Name":"prod-Source","grid:EnvironmentName":"prod","grid:UUID":"website"},"tags_all":{"Name":"prod-Source","grid:EnvironmentName":"prod","grid:UUID":"website"},"version_id":"","website_redirect":""},"sensitive_attributes":[],"private":"bnVsbA==","dependencies":["aws_s3_bucket.Source_71E471F1"]}]},{"mode":"managed","type":"aws_s3_object","name":"Source_source-0_File--assets--js--indexmFVb-Veojsmap_C926953E","provider":"provider[\"registry.opentofu.org/hashicorp/aws\"]","instances":[{"schema_version":0,"attributes":{"acl":null,"arn":"arn:aws:s3:::website-landingsource20241224042259745700000002/assets/js/index.mFVb-Veo.js.map","bucket":"website-landingsource20241224042259745700000002","bucket_key_enabled":false,"cache_control":"","checksum_algorithm":null,"checksum_crc32":"","checksum_crc32c":"","checksum_crc64nvme":"","checksum_sha1":"","checksum_sha256":"","content":null,"content_base64":null,"content_disposition":"","content_encoding":"","content_language":"","content_type":"application/json; charset=utf-8","etag":"ef066dc3d87617fa2fa1bb7822ebc834","force_destroy":false,"id":"/assets/js/index.mFVb-Veo.js.map","key":"/assets/js/index.mFVb-Veo.js.map","kms_key_id":null,"metadata":{},"object_lock_legal_hold_status":"","object_lock_mode":"","object_lock_retain_until_date":"","override_provider":[],"server_side_encryption":"AES256","source":"assets/Source_source-0_PathAsset_FD59E05B/A5C309C485139E858AA73D811AADBC00/assets/js/index.mFVb-Veo.js.map","source_hash":"ef066dc3d87617fa2fa1bb7822ebc834","storage_class":"STANDARD","tags":{"Name":"prod-Source","grid:EnvironmentName":"prod","grid:UUID":"website"},"tags_all":{"Name":"prod-Source","grid:EnvironmentName":"prod","grid:UUID":"website"},"version_id":"","website_redirect":""},"sensitive_attributes":[],"private":"bnVsbA==","dependencies":["aws_s3_bucket.Source_71E471F1"]}]},{"mode":"managed","type":"aws_s3_object","name":"Source_source-0_File--assets--js--main5V7osE5mjs_727FB8EB","provider":"provider[\"registry.opentofu.org/hashicorp/aws\"]","instances":[{"schema_version":0,"attributes":{"acl":null,"arn":"arn:aws:s3:::website-landingsource20241224042259745700000002/assets/js/main.5V7osE5m.js","bucket":"website-landingsource20241224042259745700000002","bucket_key_enabled":false,"cache_control":"","checksum_algorithm":null,"checksum_crc32":"","checksum_crc32c":"","checksum_crc64nvme":"","checksum_sha1":"","checksum_sha256":"","content":null,"content_base64":null,"content_disposition":"","content_encoding":"","content_language":"","content_type":"application/javascript; charset=utf-8","etag":"d3befad4126acd0868aeef212349188b","force_destroy":false,"id":"/assets/js/main.5V7osE5m.js","key":"/assets/js/main.5V7osE5m.js","kms_key_id":null,"metadata":{},"object_lock_legal_hold_status":"","object_lock_mode":"","object_lock_retain_until_date":"","override_provider":[],"server_side_encryption":"AES256","source":"assets/Source_source-0_PathAsset_FD59E05B/A5C309C485139E858AA73D811AADBC00/assets/js/main.5V7osE5m.js","source_hash":"d3befad4126acd0868aeef212349188b","storage_class":"STANDARD","tags":{"Name":"prod-Source","grid:EnvironmentName":"prod","grid:UUID":"website"},"tags_all":{"Name":"prod-Source","grid:EnvironmentName":"prod","grid:UUID":"website"},"version_id":"","website_redirect":""},"sensitive_attributes":[],"private":"bnVsbA==","dependencies":["aws_s3_bucket.Source_71E471F1"]}]},{"mode":"managed","type":"aws_s3_object","name":"Source_source-0_File--assets--js--main5V7osE5mjsmap_08DC2739","provider":"provider[\"registry.opentofu.org/hashicorp/aws\"]","instances":[{"schema_version":0,"attributes":{"acl":null,"arn":"arn:aws:s3:::website-landingsource20241224042259745700000002/assets/js/main.5V7osE5m.js.map","bucket":"website-landingsource20241224042259745700000002","bucket_key_enabled":false,"cache_control":"","checksum_algorithm":null,"checksum_crc32":"","checksum_crc32c":"","checksum_crc64nvme":"","checksum_sha1":"","checksum_sha256":"","content":null,"content_base64":null,"content_disposition":"","content_encoding":"","content_language":"","content_type":"application/json; charset=utf-8","etag":"f9e421be10c0a8067af2285e5bf6dcac","force_destroy":false,"id":"/assets/js/main.5V7osE5m.js.map","key":"/assets/js/main.5V7osE5m.js.map","kms_key_id":null,"metadata":{},"object_lock_legal_hold_status":"","object_lock_mode":"","object_lock_retain_until_date":"","override_provider":[],"server_side_encryption":"AES256","source":"assets/Source_source-0_PathAsset_FD59E05B/A5C309C485139E858AA73D811AADBC00/assets/js/main.5V7osE5m.js.map","source_hash":"f9e421be10c0a8067af2285e5bf6dcac","storage_class":"STANDARD","tags":{"Name":"prod-Source","grid:EnvironmentName":"prod","grid:UUID":"website"},"tags_all":{"Name":"prod-Source","grid:EnvironmentName":"prod","grid:UUID":"website"},"version_id":"","website_redirect":""},"sensitive_attributes":[],"private":"bnVsbA==","dependencies":["aws_s3_bucket.Source_71E471F1"]}]},{"mode":"managed","type":"aws_s3_object","name":"Source_source-0_File--blog--2025-10-01-terraconstructs-overview--indexhtml_9BCC254C","provider":"provider[\"registry.opentofu.org/hashicorp/aws\"]","instances":[{"schema_version":0,"attributes":{"acl":null,"arn":"arn:aws:s3:::website-landingsource20241224042259745700000002/blog/2025-10-01-terraconstructs-overview/index.html","bucket":"website-landingsource20241224042259745700000002","bucket_key_enabled":false,"cache_control":"","checksum_algorithm":null,"checksum_crc32":"","checksum_crc32c":"","checksum_crc64nvme":"","checksum_sha1":"","checksum_sha256":"","content":null,"content_base64":null,"content_disposition":"","content_encoding":"","content_language":"","content_type":"text/html; charset=utf-8","etag":"8f1128ce5a29442332eff0d3856a86c7","force_destroy":false,"id":"/blog/2025-10-01-terraconstructs-overview/index.html","key":"/blog/2025-10-01-terraconstructs-overview/index.html","kms_key_id":null,"metadata":{},"object_lock_legal_hold_status":"","object_lock_mode":"","object_lock_retain_until_date":"","override_provider":[],"server_side_encryption":"AES256","source":"assets/Source_source-0_PathAsset_FD59E05B/A5C309C485139E858AA73D811AADBC00/blog/2025-10-01-terraconstructs-overview/index.html","source_hash":"8f1128ce5a29442332eff0d3856a86c7","storage_class":"STANDARD","tags":{"Name":"prod-Source","grid:EnvironmentName":"prod","grid:UUID":"website"},"tags_all":{"Name":"prod-Source","grid:EnvironmentName":"prod","grid:UUID":"website"},"version_id":"","website_redirect":""},"sensitive_attributes":[],"private":"bnVsbA==","dependencies":["aws_s3_bucket.Source_71E471F1"]}]},{"mode":"managed","type":"aws_s3_object","name":"Source_source-0_File--blog--2025-11-01-1-1-the-problem--indexhtml_8ACF4272","provider":"provider[\"registry.opentofu.org/hashicorp/aws\"]","instances":[{"schema_version":0,"attributes":{"acl":null,"arn":"arn:aws:s3:::website-landingsource20241224042259745700000002/blog/2025-11-01-1-1-the-problem/index.html","bucket":"website-landingsource20241224042259745700000002","bucket_key_enabled":false,"cache_control":"","checksum_algorithm":null,"checksum_crc32":"","checksum_crc32c":"","checksum_crc64nvme":"","checksum_sha1":"","checksum_sha256":"","content":null,"content_base64":null,"content_disposition":"","content_encoding":"","content_language":"","content_type":"text/html; charset=utf-8","etag":"68db6829a6cf253eb48bf8c266f298df","force_destroy":false,"id":"/blog/2025-11-01-1-1-the-problem/index.html","key":"/blog/2025-11-01-1-1-the-problem/index.html","kms_key_id":null,"metadata":{},"object_lock_legal_hold_status":"","object_lock_mode":"","object_lock_retain_until_date":"","override_provider":[],"server_side_encryption":"AES256","source":"assets/Source_source-0_PathAsset_FD59E05B/A5C309C485139E858AA73D811AADBC00/blog/2025-11-01-1-1-the-problem/index.html","source_hash":"68db6829a6cf253eb48bf8c266f298df","storage_class":"STANDARD","tags":{"Name":"prod-Source","grid:EnvironmentName":"prod","grid:UUID":"website"},"tags_all":{"Name":"prod-Source","grid:EnvironmentName":"prod","grid:UUID":"website"},"version_id":"","website_redirect":""},"sensitive_attributes":[],"private":"bnVsbA==","dependencies":["aws_s3_bucket.Source_71E471F1"]}]},{"mode":"managed","type":"aws_s3_object","name":"Source_source-0_File--blog--2025-11-10-1-2-ai-impact-iac--indexhtml_BC39C019","provider":"provider[\"registry.opentofu.org/hashicorp/aws\"]","instances":[{"schema_version":0,"attributes":{"acl":null,"arn":"arn:aws:s3:::website-landingsource20241224042259745700000002/blog/2025-11-10-1-2-ai-impact-iac/index.html","bucket":"website-landingsource20241224042259745700000002","bucket_key_enabled":false,"cache_control":"","checksum_algorithm":null,"checksum_crc32":"","checksum_crc32c":"","checksum_crc64nvme":"","checksum_sha1":"","checksum_sha256":"","content":null,"content_base64":null,"content_disposition":"","content_encoding":"","content_language":"","content_type":"text/html; charset=utf-8","etag":"254b834d9890573716dca4c85d58b958","force_destroy":false,"id":"/blog/2025-11-10-1-2-ai-impact-iac/index.html","key":"/blog/2025-11-10-1-2-ai-impact-iac/index.html","kms_key_id":null,"metadata":{},"object_lock_legal_hold_status":"","object_lock_mode":"","object_lock_retain_until_date":"","override_provider":[],"server_side_encryption":"AES256","source":"assets/Source_source-0_PathAsset_FD59E05B/A5C309C485139E858AA73D811AADBC00/blog/2025-11-10-1-2-ai-impact-iac/index.html","source_hash":"254b834d9890573716dca4c85d58b958","storage_class":"STANDARD","tags":{"Name":"prod-Source","grid:EnvironmentName":"prod","grid:UUID":"website"},"tags_all":{"Name":"prod-Source","grid:EnvironmentName":"prod","grid:UUID":"website"},"version_id":"","website_redirect":""},"sensitive_attributes":[],"private":"bnVsbA==","dependencies":["aws_s3_bucket.Source_71E471F1"]}]},{"mode":"managed","type":"aws_s3_object","name":"Source_source-0_File--blog--2025-11-25-1-3-grid-introduction--indexhtml_E3A1CF82","provider":"provider[\"registry.opentofu.org/hashicorp/aws\"]","instances":[{"schema_version":0,"attributes":{"acl":null,"arn":"arn:aws:s3:::website-landingsource20241224042259745700000002/blog/2025-11-25-1-3-grid-introduction/index.html","bucket":"website-landingsource20241224042259745700000002","bucket_key_enabled":false,"cache_control":"","checksum_algorithm":null,"checksum_crc32":"","checksum_crc32c":"","checksum_crc64nvme":"","checksum_sha1":"","checksum_sha256":"","content":null,"content_base64":null,"content_disposition":"","content_encoding":"","content_language":"","content_type":"text/html; charset=utf-8","etag":"0d43e5a877186593c4216bc2c8a1b0b4","force_destroy":false,"id":"/blog/2025-11-25-1-3-grid-introduction/index.html","key":"/blog/2025-11-25-1-3-grid-introduction/index.html","kms_key_id":null,"metadata":{},"object_lock_legal_hold_status":"","object_lock_mode":"","object_lock_retain_until_date":"","override_provider":[],"server_side_encryption":"AES256","source":"assets/Source_source-0_PathAsset_FD59E05B/A5C309C485139E858AA73D811AADBC00/blog/2025-11-25-1-3-grid-introduction/index.html","source_hash":"0d43e5a877186593c4216bc2c8a1b0b4","storage_class":"STANDARD","tags":{"Name":"prod-Source","grid:EnvironmentName":"prod","grid:UUID":"website"},"tags_all":{"Name":"prod-Source","grid:EnvironmentName":"prod","grid:UUID":"website"},"version_id":"","website_redirect":""},"sensitive_attributes":[],"private":"bnVsbA==","dependencies":["aws_s3_bucket.Source_71E471F1"]}]},{"mode":"managed","type":"aws_s3_object","name":"Source_source-0_File--blog--2025-12-12-cdktf-future--indexhtml_101E7E1E","provider":"provider[\"registry.opentofu.org/hashicorp/aws\"]","instances":[{"schema_version":0,"attributes":{"acl":null,"arn":"arn:aws:s3:::website-landingsource20241224042259745700000002/blog/2025-12-12-cdktf-future/index.html","bucket":"website-landingsource20241224042259745700000002","bucket_key_enabled":false,"cache_control":"","checksum_algorithm":null,"checksum_crc32":"","checksum_crc32c":"","checksum_crc64nvme":"","checksum_sha1":"","checksum_sha256":"","content":null,"content_base64":null,"content_disposition":"","content_encoding":"","content_language":"","content_type":"text/html; charset=utf-8","etag":"cfba4d916996823c17cf9d157743aaa8","force_destroy":false,"id":"/blog/2025-12-12-cdktf-future/index.html","key":"/blog/2025-12-12-cdktf-future/index.html","kms_key_id":null,"metadata":{},"object_lock_legal_hold_status":"","object_lock_mode":"","object_lock_retain_until_date":"","override_provider":[],"server_side_encryption":"AES256","source":"assets/Source_source-0_PathAsset_FD59E05B/A5C309C485139E858AA73D811AADBC00/blog/2025-12-12-cdktf-future/index.html","source_hash":"cfba4d916996823c17cf9d157743aaa8","storage_class":"STANDARD","tags":{"Name":"prod-Source","grid:EnvironmentName":"prod","grid:UUID":"website"},"tags_all":{"Name":"prod-Source","grid:EnvironmentName":"prod","grid:UUID":"website"},"version_id":"","website_redirect":""},"sensitive_attributes":[],"private":"bnVsbA==","dependencies":["aws_s3_bucket.Source_71E471F1"]}]},{"mode":"managed","type":"aws_s3_object","name":"Source_source-0_File--blog--2025-12-25-year-in-review--indexhtml_F5F1C0C6","provider":"provider[\"registry.opentofu.org/hashicorp/aws\"]","instances":[{"schema_version":0,"attributes":{"acl":null,"arn":"arn:aws:s3:::website-landingsource20241224042259745700000002/blog/2025-12-25-year-in-review/index.html","bucket":"website-landingsource20241224042259745700000002","bucket_key_enabled":false,"cache_control":"","checksum_algorithm":null,"checksum_crc32":"","checksum_crc32c":"","checksum_crc64nvme":"","checksum_sha1":"","checksum_sha256":"","content":null,"content_base64":null,"content_disposition":"","content_encoding":"","content_language":"","content_type":"text/html; charset=utf-8","etag":"405f3ad1c9b55eab544cbaa0cf4f63c0","force_destroy":false,"id":"/blog/2025-12-25-year-in-review/index.html","key":"/blog/2025-12-25-year-in-review/index.html","kms_key_id":null,"metadata":{},"object_lock_legal_hold_status":"","object_lock_mode":"","object_lock_retain_until_date":"","override_provider":[],"server_side_encryption":"AES256","source":"assets/Source_source-0_PathAsset_FD59E05B/A5C309C485139E858AA73D811AADBC00/blog/2025-12-25-year-in-review/index.html","source_hash":"405f3ad1c9b55eab544cbaa0cf4f63c0","storage_class":"STANDARD","tags":{"Name":"prod-Source","grid:EnvironmentName":"prod","grid:UUID":"website"},"tags_all":{"Name":"prod-Source","grid:EnvironmentName":"prod","grid:UUID":"website"},"version_id":"","website_redirect":""},"sensitive_attributes":[],"private":"bnVsbA==","dependencies":["aws_s3_bucket.Source_71E471F1"]}]},{"mode":"managed","type":"aws_s3_object","name":"Source_source-0_File--blog--indexhtml_4CCF2204","provider":"provider[\"registry.opentofu.org/hashicorp/aws\"]","instances":[{"schema_version":0,"attributes":{"acl":null,"arn":"arn:aws:s3:::website-landingsource20241224042259745700000002/blog/index.html","bucket":"website-landingsource20241224042259745700000002","bucket_key_enabled":false,"cache_control":"","checksum_algorithm":null,"checksum_crc32":"","checksum_crc32c":"","checksum_crc64nvme":"","checksum_sha1":"","checksum_sha256":"","content":null,"content_base64":null,"content_disposition":"","content_encoding":"","content_language":"","content_type":"text/html; charset=utf-8","etag":"971c21d9280cad56cce1f563a30fae6a","force_destroy":false,"id":"/blog/index.html","key":"/blog/index.html","kms_key_id":null,"metadata":{},"object_lock_legal_hold_status":"","object_lock_mode":"","object_lock_retain_until_date":"","override_provider":[],"server_side_encryption":"AES256","source":"assets/Source_source-0_PathAsset_FD59E05B/A5C309C485139E858AA73D811AADBC00/blog/index.html","source_hash":"971c21d9280cad56cce1f563a30fae6a","storage_class":"STANDARD","tags":{"Name":"prod-Source","grid:EnvironmentName":"prod","grid:UUID":"website"},"tags_all":{"Name":"prod-Source","grid:EnvironmentName":"prod","grid:UUID":"website"},"version_id":"","website_redirect":""},"sensitive_attributes":[],"private":"bnVsbA==","dependencies":["aws_s3_bucket.Source_71E471F1"]}]},{"mode":"managed","type":"aws_s3_object","name":"Source_source-0_File--blog--search-indexjson_D19836AC","provider":"provider[\"registry.opentofu.org/hashicorp/aws\"]","instances":[{"schema_version":0,"attributes":{"acl":null,"arn":"arn:aws:s3:::website-landingsource20241224042259745700000002/blog/search-index.json","bucket":"website-landingsource20241224042259745700000002","bucket_key_enabled":false,"cache_control":"","checksum_algorithm":null,"checksum_crc32":"","checksum_crc32c":"","checksum_crc64nvme":"","checksum_sha1":"","checksum_sha256":"","content":null,"content_base64":null,"content_disposition":"","content_encoding":"","content_language":"","content_type":"application/json; charset=utf-8","etag":"dc55f8f534c60d65d316cdd3a2221845","force_destroy":false,"id":"/blog/search-index.json","key":"/blog/search-index.json","kms_key_id":null,"metadata":{},"object_lock_legal_hold_status":"","object_lock_mode":"","object_lock_retain_until_date":"","override_provider":[],"server_side_encryption":"AES256","source":"assets/Source_source-0_PathAsset_FD59E05B/A5C309C485139E858AA73D811AADBC00/blog/search-index.json","source_hash":"dc55f8f534c60d65d316cdd3a2221845","storage_class":"STANDARD","tags":{"Name":"prod-Source","grid:EnvironmentName":"prod","grid:UUID":"website"},"tags_all":{"Name":"prod-Source","grid:EnvironmentName":"prod","grid:UUID":"website"},"version_id":"","website_redirect":""},"sensitive_attributes":[],"private":"bnVsbA==","dependencies":["aws_s3_bucket.Source_71E471F1"]}]},{"mode":"managed","type":"aws_s3_object","name":"Source_source-0_File--blog--tagsjson_AE245CE7","provider":"provider[\"registry.opentofu.org/hashicorp/aws\"]","instances":[{"schema_version":0,"attributes":{"acl":null,"arn":"arn:aws:s3:::website-landingsource20241224042259745700000002/blog/tags.json","bucket":"website-landingsource20241224042259745700000002","bucket_key_enabled":false,"cache_control":"","checksum_algorithm":null,"checksum_crc32":"","checksum_crc32c":"","checksum_crc64nvme":"","checksum_sha1":"","checksum_sha256":"","content":null,"content_base64":null,"content_disposition":"","content_encoding":"","content_language":"","content_type":"application/json; charset=utf-8","etag":"8bb99ac5b24f1291961065195bb1f1c2","force_destroy":false,"id":"/blog/tags.json","key":"/blog/tags.json","kms_key_id":null,"metadata":{},"object_lock_legal_hold_status":"","object_lock_mode":"","object_lock_retain_until_date":"","override_provider":[],"server_side_encryption":"AES256","source":"assets/Source_source-0_PathAsset_FD59E05B/A5C309C485139E858AA73D811AADBC00/blog/tags.json","source_hash":"8bb99ac5b24f1291961065195bb1f1c2","storage_class":"STANDARD","tags":{"Name":"prod-Source","grid:EnvironmentName":"prod","grid:UUID":"website"},"tags_all":{"Name":"prod-Source","grid:EnvironmentName":"prod","grid:UUID":"website"},"version_id":"","website_redirect":""},"sensitive_attributes":[],"private":"bnVsbA==","dependencies":["aws_s3_bucket.Source_71E471F1"]}]},{"mode":"managed","type":"aws_s3_object","name":"Source_source-0_File--indexhtml_14317A08","provider":"provider[\"registry.opentofu.org/hashicorp/aws\"]","instances":[{"schema_version":0,"attributes":{"acl":null,"arn":"arn:aws:s3:::website-landingsource20241224042259745700000002/index.html","bucket":"website-landingsource20241224042259745700000002","bucket_key_enabled":false,"cache_control":"","checksum_algorithm":null,"checksum_crc32":"","checksum_crc32c":"","checksum_crc64nvme":"","checksum_sha1":"","checksum_sha256":"","content":null,"content_base64":null,"content_disposition":"","content_encoding":"","content_language":"","content_type":"text/html; charset=utf-8","etag":"0da104a888442801278e7f5b32c302d1","force_destroy":false,"id":"/index.html","key":"/index.html","kms_key_id":null,"metadata":{},"object_lock_legal_hold_status":"","object_lock_mode":"","object_lock_retain_until_date":"","override_provider":[],"server_side_encryption":"AES256","source":"assets/Source_source-0_PathAsset_FD59E05B/A5C309C485139E858AA73D811AADBC00/index.html","source_hash":"0da104a888442801278e7f5b32c302d1","storage_class":"STANDARD","tags":{"Name":"prod-Source","grid:EnvironmentName":"prod","grid:UUID":"website"},"tags_all":{"Name":"prod-Source","grid:EnvironmentName":"prod","grid:UUID":"website"},"version_id":"","website_redirect":""},"sensitive_attributes":[],"private":"bnVsbA==","dependencies":["aws_s3_bucket.Source_71E471F1"]}]},{"mode":"managed","type":"aws_s3_object","name":"Source_source-0_File--logos--LICENSE-LOGOS_92E558DB","provider":"provider[\"registry.opentofu.org/hashicorp/aws\"]","instances":[{"schema_version":0,"attributes":{"acl":null,"arn":"arn:aws:s3:::website-landingsource20241224042259745700000002/logos/LICENSE-LOGOS","bucket":"website-landingsource20241224042259745700000002","bucket_key_enabled":false,"cache_control":"","checksum_algorithm":null,"checksum_crc32":"","checksum_crc32c":"","checksum_crc64nvme":"","checksum_sha1":"","checksum_sha256":"","content":null,"content_base64":null,"content_disposition":"","content_encoding":"","content_language":"","content_type":"application/octet-stream","etag":"304c0384e156a136f538ddfb3c9403d4","force_destroy":false,"id":"/logos/LICENSE-LOGOS","key":"/logos/LICENSE-LOGOS","kms_key_id":null,"metadata":{},"object_lock_legal_hold_status":"","object_lock_mode":"","object_lock_retain_until_date":"","override_provider":[],"server_side_encryption":"AES256","source":"assets/Source_source-0_PathAsset_FD59E05B/A5C309C485139E858AA73D811AADBC00/logos/LICENSE-LOGOS","source_hash":"304c0384e156a136f538ddfb3c9403d4","storage_class":"STANDARD","tags":{"Name":"prod-Source","grid:EnvironmentName":"prod","grid:UUID":"website"},"tags_all":{"Name":"prod-Source","grid:EnvironmentName":"prod","grid:UUID":"website"},"version_id":"","website_redirect":""},"sensitive_attributes":[],"private":"bnVsbA==","dependencies":["aws_s3_bucket.Source_71E471F1"]}]},{"mode":"managed","type":"aws_s3_object","name":"Source_source-0_File--logos--terraconstructs_horizontal_dark_1261x256png_04CEC391","provider":"provider[\"registry.opentofu.org/hashicorp/aws\"]","instances":[{"schema_version":0,"attributes":{"acl":null,"arn":"arn:aws:s3:::website-landingsource20241224042259745700000002/logos/terraconstructs_horizontal_dark_1261x256.png","bucket":"website-landingsource20241224042259745700000002","bucket_key_enabled":false,"cache_control":"","checksum_algorithm":null,"checksum_crc32":"","checksum_crc32c":"","checksum_crc64nvme":"","checksum_sha1":"","checksum_sha256":"","content":null,"content_base64":null,"content_disposition":"","content_encoding":"","content_language":"","content_type":"image/png","etag":"fbdef96cf2d5b0f9b836bb2aab042037","force_destroy":false,"id":"/logos/terraconstructs_horizontal_dark_1261x256.png","key":"/logos/terraconstructs_horizontal_dark_1261x256.png","kms_key_id":null,"metadata":{},"object_lock_legal_hold_status":"","object_lock_mode":"","object_lock_retain_until_date":"","override_provider":[],"server_side_encryption":"AES256","source":"assets/Source_source-0_PathAsset_FD59E05B/A5C309C485139E858AA73D811AADBC00/logos/terraconstructs_horizontal_dark_1261x256.png","source_hash":"fbdef96cf2d5b0f9b836bb2aab042037","storage_class":"STANDARD","tags":{"Name":"prod-Source","grid:EnvironmentName":"prod","grid:UUID":"website"},"tags_all":{"Name":"prod-Source","grid:EnvironmentName":"prod","grid:UUID":"website"},"version_id":"","website_redirect":""},"sensitive_attributes":[],"private":"bnVsbA==","dependencies":["aws_s3_bucket.Source_71E471F1"]}]},{"mode":"managed","type":"aws_s3_object","name":"Source_source-0_File--logos--terraconstructs_horizontal_dark_2522x512png_D905D069","provider":"provider[\"registry.opentofu.org/hashicorp/aws\"]","instances":[{"schema_version":0,"attributes":{"acl":null,"arn":"arn:aws:s3:::website-landingsource20241224042259745700000002/logos/terraconstructs_horizontal_dark_2522x512.png","bucket":"website-landingsource20241224042259745700000002","bucket_key_enabled":false,"cache_control":"","checksum_algorithm":null,"checksum_crc32":"","checksum_crc32c":"","checksum_crc64nvme":"","checksum_sha1":"","checksum_sha256":"","content":null,"content_base64":null,"content_disposition":"","content_encoding":"","content_language":"","content_type":"image/png","etag":"f9637d8744ca99cec27cb0be5b079c2a","force_destroy":false,"id":"/logos/terraconstructs_horizontal_dark_2522x512.png","key":"/logos/terraconstructs_horizontal_dark_2522x512.png","kms_key_id":null,"metadata":{},"object_lock_legal_hold_status":"","object_lock_mode":"","object_lock_retain_until_date":"","override_provider":[],"server_side_encryption":"AES256","source":"assets/Source_source-0_PathAsset_FD59E05B/A5C309C485139E858AA73D811AADBC00/logos/terraconstructs_horizontal_dark_2522x512.png","source_hash":"f9637d8744ca99cec27cb0be5b079c2a","storage_class":"STANDARD","tags":{"Name":"prod-Source","grid:EnvironmentName":"prod","grid:UUID":"website"},"tags_all":{"Name":"prod-Source","grid:EnvironmentName":"prod","grid:UUID":"website"},"version_id":"","website_redirect":""},"sensitive_attributes":[],"private":"bnVsbA==","dependencies":["aws_s3_bucket.Source_71E471F1"]}]},{"mode":"managed","type":"aws_s3_object","name":"Source_source-0_File--logos--terraconstructs_horizontal_dark_630x128png_B4FEB20B","provider":"provider[\"registry.opentofu.org/hashicorp/aws\"]","instances":[{"schema_version":0,"attributes":{"acl":null,"arn":"arn:aws:s3:::website-landingsource20241224042259745700000002/logos/terraconstructs_horizontal_dark_630x128.png","bucket":"website-landingsource20241224042259745700000002","bucket_key_enabled":false,"cache_control":"","checksum_algorithm":null,"checksum_crc32":"","checksum_crc32c":"","checksum_crc64nvme":"","checksum_sha1":"","checksum_sha256":"","content":null,"content_base64":null,"content_disposition":"","content_encoding":"","content_language":"","content_type":"image/png","etag":"0c0411ee3bf3979d875b4cdff6d097c1","force_destroy":false,"id":"/logos/terraconstructs_horizontal_dark_630x128.png","key":"/logos/terraconstructs_horizontal_dark_630x128.png","kms_key_id":null,"metadata":{},"object_lock_legal_hold_status":"","object_lock_mode":"","object_lock_retain_until_date":"","override_provider":[],"server_side_encryption":"AES256","source":"assets/Source_source-0_PathAsset_FD59E05B/A5C309C485139E858AA73D811AADBC00/logos/terraconstructs_horizontal_dark_630x128.png","source_hash":"0c0411ee3bf3979d875b4cdff6d097c1","storage_class":"STANDARD","tags":{"Name":"prod-Source","grid:EnvironmentName":"prod","grid:UUID":"website"},"tags_all":{"Name":"prod-Source","grid:EnvironmentName":"prod","grid:UUID":"website"},"version_id":"","website_redirect":""},"sensitive_attributes":[],"private":"bnVsbA==","dependencies":["aws_s3_bucket.Source_71E471F1"]}]},{"mode":"managed","type":"aws_s3_object","name":"Source_source-0_File--logos--terraconstructs_horizontal_darksvg_93000DCB","provider":"provider[\"registry.opentofu.org/hashicorp/aws\"]","instances":[{"schema_version":0,"attributes":{"acl":null,"arn":"arn:aws:s3:::website-landingsource20241224042259745700000002/logos/terraconstructs_horizontal_dark.svg","bucket":"website-landingsource20241224042259745700000002","bucket_key_enabled":false,"cache_control":"","checksum_algorithm":null,"checksum_crc32":"","checksum_crc32c":"","checksum_crc64nvme":"","checksum_sha1":"","checksum_sha256":"","content":null,"content_base64":null,"content_disposition":"","content_encoding":"","content_language":"","content_type":"image/svg+xml","etag":"eed18d4d1088f0108a873371352156a4","force_destroy":false,"id":"/logos/terraconstructs_horizontal_dark.svg","key":"/logos/terraconstructs_horizontal_dark.svg","kms_key_id":null,"metadata":{},"object_lock_legal_hold_status":"","object_lock_mode":"","object_lock_retain_until_date":"","override_provider":[],"server_side_encryption":"AES256","source":"assets/Source_source-0_PathAsset_FD59E05B/A5C309C485139E858AA73D811AADBC00/logos/terraconstructs_horizontal_dark.svg","source_hash":"eed18d4d1088f0108a873371352156a4","storage_class":"STANDARD","tags":{"Name":"prod-Source","grid:EnvironmentName":"prod","grid:UUID":"website"},"tags_all":{"Name":"prod-Source","grid:EnvironmentName":"prod","grid:UUID":"website"},"version_id":"","website_redirect":""},"sensitive_attributes":[],"private":"bnVsbA==","dependencies":["aws_s3_bucket.Source_71E471F1"]}]},{"mode":"managed","type":"aws_s3_object","name":"Source_source-0_File--logos--terraconstructs_horizontal_light_1261x256png_B4030CD7","provider":"provider[\"registry.opentofu.org/hashicorp/aws\"]","instances":[{"schema_version":0,"attributes":{"acl":null,"arn":"arn:aws:s3:::website-landingsource20241224042259745700000002/logos/terraconstructs_horizontal_light_1261x256.png","bucket":"website-landingsource20241224042259745700000002","bucket_key_enabled":false,"cache_control":"","checksum_algorithm":null,"checksum_crc32":"","checksum_crc32c":"","checksum_crc64nvme":"","checksum_sha1":"","checksum_sha256":"","content":null,"content_base64":null,"content_disposition":"","content_encoding":"","content_language":"","content_type":"image/png","etag":"5f0c4ffeea88789bc6842d2dfd941333","force_destroy":false,"id":"/logos/terraconstructs_horizontal_light_1261x256.png","key":"/logos/terraconstructs_horizontal_light_1261x256.png","kms_key_id":null,"metadata":{},"object_lock_legal_hold_status":"","object_lock_mode":"","object_lock_retain_until_date":"","override_provider":[],"server_side_encryption":"AES256","source":"assets/Source_source-0_PathAsset_FD59E05B/A5C309C485139E858AA73D811AADBC00/logos/terraconstructs_horizontal_light_1261x256.png","source_hash":"5f0c4ffeea88789bc6842d2dfd941333","storage_class":"STANDARD","tags":{"Name":"prod-Source","grid:EnvironmentName":"prod","grid:UUID":"website"},"tags_all":{"Name":"prod-Source","grid:EnvironmentName":"prod","grid:UUID":"website"},"version_id":"","website_redirect":""},"sensitive_attributes":[],"private":"bnVsbA==","dependencies":["aws_s3_bucket.Source_71E471F1"]}]},{"mode":"managed","type":"aws_s3_object","name":"Source_source-0_File--logos--terraconstructs_horizontal_light_2522x512png_377091C4","provider":"provider[\"registry.opentofu.org/hashicorp/aws\"]","instances":[{"schema_version":0,"attributes":{"acl":null,"arn":"arn:aws:s3:::website-landingsource20241224042259745700000002/logos/terraconstructs_horizontal_light_2522x512.png","bucket":"website-landingsource20241224042259745700000002","bucket_key_enabled":false,"cache_control":"","checksum_algorithm":null,"checksum_crc32":"","checksum_crc32c":"","checksum_crc64nvme":"","checksum_sha1":"","checksum_sha256":"","content":null,"content_base64":null,"content_disposition":"","content_encoding":"","content_language":"","content_type":"image/png","etag":"3252c0a8bdee9d4391ba39301353911e","force_destroy":false,"id":"/logos/terraconstructs_horizontal_light_2522x512.png","key":"/logos/terraconstructs_horizontal_light_2522x512.png","kms_key_id":null,"metadata":{},"object_lock_legal_hold_status":"","object_lock_mode":"","object_lock_retain_until_date":"","override_provider":[],"server_side_encryption":"AES256","source":"assets/Source_source-0_PathAsset_FD59E05B/A5C309C485139E858AA73D811AADBC00/logos/terraconstructs_horizontal_light_2522x512.png","source_hash":"3252c0a8bdee9d4391ba39301353911e","storage_class":"STANDARD","tags":{"Name":"prod-Source","grid:EnvironmentName":"prod","grid:UUID":"website"},"tags_all":{"Name":"prod-Source","grid:EnvironmentName":"prod","grid:UUID":"website"},"version_id":"","website_redirect":""},"sensitive_attributes":[],"private":"bnVsbA==","dependencies":["aws_s3_bucket.Source_71E471F1"]}]},{"mode":"managed","type":"aws_s3_object","name":"Source_source-0_File--logos--terraconstructs_horizontal_light_630x128png_F5DF4A7A","provider":"provider[\"registry.opentofu.org/hashicorp/aws\"]","instances":[{"schema_version":0,"attributes":{"acl":null,"arn":"arn:aws:s3:::website-landingsource20241224042259745700000002/logos/terraconstructs_horizontal_light_630x128.png","bucket":"website-landingsource20241224042259745700000002","bucket_key_enabled":false,"cache_control":"","checksum_algorithm":null,"checksum_crc32":"","checksum_crc32c":"","checksum_crc64nvme":"","checksum_sha1":"","checksum_sha256":"","content":null,"content_base64":null,"content_disposition":"","content_encoding":"","content_language":"","content_type":"image/png","etag":"ace8ef82a586ce2fe717ba7a4bae0af2","force_destroy":false,"id":"/logos/terraconstructs_horizontal_light_630x128.png","key":"/logos/terraconstructs_horizontal_light_630x128.png","kms_key_id":null,"metadata":{},"object_lock_legal_hold_status":"","object_lock_mode":"","object_lock_retain_until_date":"","override_provider":[],"server_side_encryption":"AES256","source":"assets/Source_source-0_PathAsset_FD59E05B/A5C309C485139E858AA73D811AADBC00/logos/terraconstructs_horizontal_light_630x128.png","source_hash":"ace8ef82a586ce2fe717ba7a4bae0af2","storage_class":"STANDARD","tags":{"Name":"prod-Source","grid:EnvironmentName":"prod","grid:UUID":"website"},"tags_all":{"Name":"prod-Source","grid:EnvironmentName":"prod","grid:UUID":"website"},"version_id":"","website_redirect":""},"sensitive_attributes":[],"private":"bnVsbA==","dependencies":["aws_s3_bucket.Source_71E471F1"]}]},{"mode":"managed","type":"aws_s3_object","name":"Source_source-0_File--logos--terraconstructs_horizontal_lightsvg_414E5FE2","provider":"provider[\"registry.opentofu.org/hashicorp/aws\"]","instances":[{"schema_version":0,"attributes":{"acl":null,"arn":"arn:aws:s3:::website-landingsource20241224042259745700000002/logos/terraconstructs_horizontal_light.svg","bucket":"website-landingsource20241224042259745700000002","bucket_key_enabled":false,"cache_control":"","checksum_algorithm":null,"checksum_crc32":"","checksum_crc32c":"","checksum_crc64nvme":"","checksum_sha1":"","checksum_sha256":"","content":null,"content_base64":null,"content_disposition":"","content_encoding":"","content_language":"","content_type":"image/svg+xml","etag":"f58c95a48618ea9f958a3a017d8a48c1","force_destroy":false,"id":"/logos/terraconstructs_horizontal_light.svg","key":"/logos/terraconstructs_horizontal_light.svg","kms_key_id":null,"metadata":{},"object_lock_legal_hold_status":"","object_lock_mode":"","object_lock_retain_until_date":"","override_provider":[],"server_side_encryption":"AES256","source":"assets/Source_source-0_PathAsset_FD59E05B/A5C309C485139E858AA73D811AADBC00/logos/terraconstructs_horizontal_light.svg","source_hash":"f58c95a48618ea9f958a3a017d8a48c1","storage_class":"STANDARD","tags":{"Name":"prod-Source","grid:EnvironmentName":"prod","grid:UUID":"website"},"tags_all":{"Name":"prod-Source","grid:EnvironmentName":"prod","grid:UUID":"website"},"version_id":"","website_redirect":""},"sensitive_attributes":[],"private":"bnVsbA==","dependencies":["aws_s3_bucket.Source_71E471F1"]}]},{"mode":"managed","type":"aws_s3_object","name":"Source_source-0_File--logos--terraconstructs_logo_128x128png_C7491BE7","provider":"provider[\"registry.opentofu.org/hashicorp/aws\"]","instances":[{"schema_version":0,"attributes":{"acl":null,"arn":"arn:aws:s3:::website-landingsource20241224042259745700000002/logos/terraconstructs_logo_128x128.png","bucket":"website-landingsource20241224042259745700000002","bucket_key_enabled":false,"cache_control":"","checksum_algorithm":null,"checksum_crc32":"","checksum_crc32c":"","checksum_crc64nvme":"","checksum_sha1":"","checksum_sha256":"","content":null,"content_base64":null,"content_disposition":"","content_encoding":"","content_language":"","content_type":"image/png","etag":"fa65fa94170fdbafdcb7ee71dc9571d3","force_destroy":false,"id":"/logos/terraconstructs_logo_128x128.png","key":"/logos/terraconstructs_logo_128x128.png","kms_key_id":null,"metadata":{},"object_lock_legal_hold_status":"","object_lock_mode":"","object_lock_retain_until_date":"","override_provider":[],"server_side_encryption":"AES256","source":"assets/Source_source-0_PathAsset_FD59E05B/A5C309C485139E858AA73D811AADBC00/logos/terraconstructs_logo_128x128.png","source_hash":"fa65fa94170fdbafdcb7ee71dc9571d3","storage_class":"STANDARD","tags":{"Name":"prod-Source","grid:EnvironmentName":"prod","grid:UUID":"website"},"tags_all":{"Name":"prod-Source","grid:EnvironmentName":"prod","grid:UUID":"website"},"version_id":"","website_redirect":""},"sensitive_attributes":[],"private":"bnVsbA==","dependencies":["aws_s3_bucket.Source_71E471F1"]}]},{"mode":"managed","type":"aws_s3_object","name":"Source_source-0_File--logos--terraconstructs_logo_16x16png_E60D4CF7","provider":"provider[\"registry.opentofu.org/hashicorp/aws\"]","instances":[{"schema_version":0,"attributes":{"acl":null,"arn":"arn:aws:s3:::website-landingsource20241224042259745700000002/logos/terraconstructs_logo_16x16.png","bucket":"website-landingsource20241224042259745700000002","bucket_key_enabled":false,"cache_control":"","checksum_algorithm":null,"checksum_crc32":"","checksum_crc32c":"","checksum_crc64nvme":"","checksum_sha1":"","checksum_sha256":"","content":null,"content_base64":null,"content_disposition":"","content_encoding":"","content_language":"","content_type":"image/png","etag":"0b2b38650380e16b3669ca4774633865","force_destroy":false,"id":"/logos/terraconstructs_logo_16x16.png","key":"/logos/terraconstructs_logo_16x16.png","kms_key_id":null,"metadata":{},"object_lock_legal_hold_status":"","object_lock_mode":"","object_lock_retain_until_date":"","override_provider":[],"server_side_encryption":"AES256","source":"assets/Source_source-0_PathAsset_FD59E05B/A5C309C485139E858AA73D811AADBC00/logos/terraconstructs_logo_16x16.png","source_hash":"0b2b38650380e16b3669ca4774633865","storage_class":"STANDARD","tags":{"Name":"prod-Source","grid:EnvironmentName":"prod","grid:UUID":"website"},"tags_all":{"Name":"prod-Source","grid:EnvironmentName":"prod","grid:UUID":"website"},"version_id":"","website_redirect":""},"sensitive_attributes":[],"private":"bnVsbA==","dependencies":["aws_s3_bucket.Source_71E471F1"]}]},{"mode":"managed","type":"aws_s3_object","name":"Source_source-0_File--logos--terraconstructs_logo_256x256png_AC08D233","provider":"provider[\"registry.opentofu.org/hashicorp/aws\"]","instances":[{"schema_version":0,"attributes":{"acl":null,"arn":"arn:aws:s3:::website-landingsource20241224042259745700000002/logos/terraconstructs_logo_256x256.png","bucket":"website-landingsource20241224042259745700000002","bucket_key_enabled":false,"cache_control":"","checksum_algorithm":null,"checksum_crc32":"","checksum_crc32c":"","checksum_crc64nvme":"","checksum_sha1":"","checksum_sha256":"","content":null,"content_base64":null,"content_disposition":"","content_encoding":"","content_language":"","content_type":"image/png","etag":"609f99f42c236fc6351e1818bb82c401","force_destroy":false,"id":"/logos/terraconstructs_logo_256x256.png","key":"/logos/terraconstructs_logo_256x256.png","kms_key_id":null,"metadata":{},"object_lock_legal_hold_status":"","object_lock_mode":"","object_lock_retain_until_date":"","override_provider":[],"server_side_encryption":"AES256","source":"assets/Source_source-0_PathAsset_FD59E05B/A5C309C485139E858AA73D811AADBC00/logos/terraconstructs_logo_256x256.png","source_hash":"609f99f42c236fc6351e1818bb82c401","storage_class":"STANDARD","tags":{"Name":"prod-Source","grid:EnvironmentName":"prod","grid:UUID":"website"},"tags_all":{"Name":"prod-Source","grid:EnvironmentName":"prod","grid:UUID":"website"},"version_id":"","website_redirect":""},"sensitive_attributes":[],"private":"bnVsbA==","dependencies":["aws_s3_bucket.Source_71E471F1"]}]},{"mode":"managed","type":"aws_s3_object","name":"Source_source-0_File--logos--terraconstructs_logo_32x32png_026B2F49","provider":"provider[\"registry.opentofu.org/hashicorp/aws\"]","instances":[{"schema_version":0,"attributes":{"acl":null,"arn":"arn:aws:s3:::website-landingsource20241224042259745700000002/logos/terraconstructs_logo_32x32.png","bucket":"website-landingsource20241224042259745700000002","bucket_key_enabled":false,"cache_control":"","checksum_algorithm":null,"checksum_crc32":"","checksum_crc32c":"","checksum_crc64nvme":"","checksum_sha1":"","checksum_sha256":"","content":null,"content_base64":null,"content_disposition":"","content_encoding":"","content_language":"","content_type":"image/png","etag":"5930019834f77615868cdeadc51ca881","force_destroy":false,"id":"/logos/terraconstructs_logo_32x32.png","key":"/logos/terraconstructs_logo_32x32.png","kms_key_id":null,"metadata":{},"object_lock_legal_hold_status":"","object_lock_mode":"","object_lock_retain_until_date":"","override_provider":[],"server_side_encryption":"AES256","source":"assets/Source_source-0_PathAsset_FD59E05B/A5C309C485139E858AA73D811AADBC00/logos/terraconstructs_logo_32x32.png","source_hash":"5930019834f77615868cdeadc51ca881","storage_class":"STANDARD","tags":{"Name":"prod-Source","grid:EnvironmentName":"prod","grid:UUID":"website"},"tags_all":{"Name":"prod-Source","grid:EnvironmentName":"prod","grid:UUID":"website"},"version_id":"","website_redirect":""},"sensitive_attributes":[],"private":"bnVsbA==","dependencies":["aws_s3_bucket.Source_71E471F1"]}]},{"mode":"managed","type":"aws_s3_object","name":"Source_source-0_File--logos--terraconstructs_logo_512x512png_33E2DB3B","provider":"provider[\"registry.opentofu.org/hashicorp/aws\"]","instances":[{"schema_version":0,"attributes":{"acl":null,"arn":"arn:aws:s3:::website-landingsource20241224042259745700000002/logos/terraconstructs_logo_512x512.png","bucket":"website-landingsource20241224042259745700000002","bucket_key_enabled":false,"cache_control":"","checksum_algorithm":null,"checksum_crc32":"","checksum_crc32c":"","checksum_crc64nvme":"","checksum_sha1":"","checksum_sha256":"","content":null,"content_base64":null,"content_disposition":"","content_encoding":"","content_language":"","content_type":"image/png","etag":"f52569282fdcf3fc89969e5acef0e672","force_destroy":false,"id":"/logos/terraconstructs_logo_512x512.png","key":"/logos/terraconstructs_logo_512x512.png","kms_key_id":null,"metadata":{},"object_lock_legal_hold_status":"","object_lock_mode":"","object_lock_retain_until_date":"","override_provider":[],"server_side_encryption":"AES256","source":"assets/Source_source-0_PathAsset_FD59E05B/A5C309C485139E858AA73D811AADBC00/logos/terraconstructs_logo_512x512.png","source_hash":"f52569282fdcf3fc89969e5acef0e672","storage_class":"STANDARD","tags":{"Name":"prod-Source","grid:EnvironmentName":"prod","grid:UUID":"website"},"tags_all":{"Name":"prod-Source","grid:EnvironmentName":"prod","grid:UUID":"website"},"version_id":"","website_redirect":""},"sensitive_attributes":[],"private":"bnVsbA==","dependencies":["aws_s3_bucket.Source_71E471F1"]}]},{"mode":"managed","type":"aws_s3_object","name":"Source_source-0_File--logos--terraconstructs_logo_64x64png_184F3A1E","provider":"provider[\"registry.opentofu.org/hashicorp/aws\"]","instances":[{"schema_version":0,"attributes":{"acl":null,"arn":"arn:aws:s3:::website-landingsource20241224042259745700000002/logos/terraconstructs_logo_64x64.png","bucket":"website-landingsource20241224042259745700000002","bucket_key_enabled":false,"cache_control":"","checksum_algorithm":null,"checksum_crc32":"","checksum_crc32c":"","checksum_crc64nvme":"","checksum_sha1":"","checksum_sha256":"","content":null,"content_base64":null,"content_disposition":"","content_encoding":"","content_language":"","content_type":"image/png","etag":"ce0c482a4116d406e9cc73d63b11a2c0","force_destroy":false,"id":"/logos/terraconstructs_logo_64x64.png","key":"/logos/terraconstructs_logo_64x64.png","kms_key_id":null,"metadata":{},"object_lock_legal_hold_status":"","object_lock_mode":"","object_lock_retain_until_date":"","override_provider":[],"server_side_encryption":"AES256","source":"assets/Source_source-0_PathAsset_FD59E05B/A5C309C485139E858AA73D811AADBC00/logos/terraconstructs_logo_64x64.png","source_hash":"ce0c482a4116d406e9cc73d63b11a2c0","storage_class":"STANDARD","tags":{"Name":"prod-Source","grid:EnvironmentName":"prod","grid:UUID":"website"},"tags_all":{"Name":"prod-Source","grid:EnvironmentName":"prod","grid:UUID":"website"},"version_id":"","website_redirect":""},"sensitive_attributes":[],"private":"bnVsbA==","dependencies":["aws_s3_bucket.Source_71E471F1"]}]},{"mode":"managed","type":"aws_s3_object","name":"Source_source-0_File--logos--terraconstructs_triangle_logosvg_648CA763","provider":"provider[\"registry.opentofu.org/hashicorp/aws\"]","instances":[{"schema_version":0,"attributes":{"acl":null,"arn":"arn:aws:s3:::website-landingsource20241224042259745700000002/logos/terraconstructs_triangle_logo.svg","bucket":"website-landingsource20241224042259745700000002","bucket_key_enabled":false,"cache_control":"","checksum_algorithm":null,"checksum_crc32":"","checksum_crc32c":"","checksum_crc64nvme":"","checksum_sha1":"","checksum_sha256":"","content":null,"content_base64":null,"content_disposition":"","content_encoding":"","content_language":"","content_type":"image/svg+xml","etag":"f81f77661b966ee4ad362db7e30472e4","force_destroy":false,"id":"/logos/terraconstructs_triangle_logo.svg","key":"/logos/terraconstructs_triangle_logo.svg","kms_key_id":null,"metadata":{},"object_lock_legal_hold_status":"","object_lock_mode":"","object_lock_retain_until_date":"","override_provider":[],"server_side_encryption":"AES256","source":"assets/Source_source-0_PathAsset_FD59E05B/A5C309C485139E858AA73D811AADBC00/logos/terraconstructs_triangle_logo.svg","source_hash":"f81f77661b966ee4ad362db7e30472e4","storage_class":"STANDARD","tags":{"Name":"prod-Source","grid:EnvironmentName":"prod","grid:UUID":"website"},"tags_all":{"Name":"prod-Source","grid:EnvironmentName":"prod","grid:UUID":"website"},"version_id":"","website_redirect":""},"sensitive_attributes":[],"private":"bnVsbA==","dependencies":["aws_s3_bucket.Source_71E471F1"]}]},{"mode":"managed","type":"aws_s3_object","name":"Source_source-0_File--logos--terraconstructs_vertical_dark_115x128png_DA0564E9","provider":"provider[\"registry.opentofu.org/hashicorp/aws\"]","instances":[{"schema_version":0,"attributes":{"acl":null,"arn":"arn:aws:s3:::website-landingsource20241224042259745700000002/logos/terraconstructs_vertical_dark_115x128.png","bucket":"website-landingsource20241224042259745700000002","bucket_key_enabled":false,"cache_control":"","checksum_algorithm":null,"checksum_crc32":"","checksum_crc32c":"","checksum_crc64nvme":"","checksum_sha1":"","checksum_sha256":"","content":null,"content_base64":null,"content_disposition":"","content_encoding":"","content_language":"","content_type":"image/png","etag":"59ac8fc9fbdd1953016f791e71717eab","force_destroy":false,"id":"/logos/terraconstructs_vertical_dark_115x128.png","key":"/logos/terraconstructs_vertical_dark_115x128.png","kms_key_id":null,"metadata":{},"object_lock_legal_hold_status":"","object_lock_mode":"","object_lock_retain_until_date":"","override_provider":[],"server_side_encryption":"AES256","source":"assets/Source_source-0_PathAsset_FD59E05B/A5C309C485139E858AA73D811AADBC00/logos/terraconstructs_vertical_dark_115x128.png","source_hash":"59ac8fc9fbdd1953016f791e71717eab","storage_class":"STANDARD","tags":{"Name":"prod-Source","grid:EnvironmentName":"prod","grid:UUID":"website"},"tags_all":{"Name":"prod-Source","grid:EnvironmentName":"prod","grid:UUID":"website"},"version_id":"","website_redirect":""},"sensitive_attributes":[],"private":"bnVsbA==","dependencies":["aws_s3_bucket.Source_71E471F1"]}]},{"mode":"managed","type":"aws_s3_object","name":"Source_source-0_File--logos--terraconstructs_vertical_dark_229x256png_515E6428","provider":"provider[\"registry.opentofu.org/hashicorp/aws\"]","instances":[{"schema_version":0,"attributes":{"acl":null,"arn":"arn:aws:s3:::website-landingsource20241224042259745700000002/logos/terraconstructs_vertical_dark_229x256.png","bucket":"website-landingsource20241224042259745700000002","bucket_key_enabled":false,"cache_control":"","checksum_algorithm":null,"checksum_crc32":"","checksum_crc32c":"","checksum_crc64nvme":"","checksum_sha1":"","checksum_sha256":"","content":null,"content_base64":null,"content_disposition":"","content_encoding":"","content_language":"","content_type":"image/png","etag":"87a7e7b6ca31c89b4aab22447dbdbef7","force_destroy":false,"id":"/logos/terraconstructs_vertical_dark_229x256.png","key":"/logos/terraconstructs_vertical_dark_229x256.png","kms_key_id":null,"metadata":{},"object_lock_legal_hold_status":"","object_lock_mode":"","object_lock_retain_until_date":"","override_provider":[],"server_side_encryption":"AES256","source":"assets/Source_source-0_PathAsset_FD59E05B/A5C309C485139E858AA73D811AADBC00/logos/terraconstructs_vertical_dark_229x256.png","source_hash":"87a7e7b6ca31c89b4aab22447dbdbef7","storage_class":"STANDARD","tags":{"Name":"prod-Source","grid:EnvironmentName":"prod","grid:UUID":"website"},"tags_all":{"Name":"prod-Source","grid:EnvironmentName":"prod","grid:UUID":"website"},"version_id":"","website_redirect":""},"sensitive_attributes":[],"private":"bnVsbA==","dependencies":["aws_s3_bucket.Source_71E471F1"]}]},{"mode":"managed","type":"aws_s3_object","name":"Source_source-0_File--logos--terraconstructs_vertical_dark_458x512png_E98AFEF5","provider":"provider[\"registry.opentofu.org/hashicorp/aws\"]","instances":[{"schema_version":0,"attributes":{"acl":null,"arn":"arn:aws:s3:::website-landingsource20241224042259745700000002/logos/terraconstructs_vertical_dark_458x512.png","bucket":"website-landingsource20241224042259745700000002","bucket_key_enabled":false,"cache_control":"","checksum_algorithm":null,"checksum_crc32":"","checksum_crc32c":"","checksum_crc64nvme":"","checksum_sha1":"","checksum_sha256":"","content":null,"content_base64":null,"content_disposition":"","content_encoding":"","content_language":"","content_type":"image/png","etag":"164ac4ef5f2a48c219107163a138143f","force_destroy":false,"id":"/logos/terraconstructs_vertical_dark_458x512.png","key":"/logos/terraconstructs_vertical_dark_458x512.png","kms_key_id":null,"metadata":{},"object_lock_legal_hold_status":"","object_lock_mode":"","object_lock_retain_until_date":"","override_provider":[],"server_side_encryption":"AES256","source":"assets/Source_source-0_PathAsset_FD59E05B/A5C309C485139E858AA73D811AADBC00/logos/terraconstructs_vertical_dark_458x512.png","source_hash":"164ac4ef5f2a48c219107163a138143f","storage_class":"STANDARD","tags":{"Name":"prod-Source","grid:EnvironmentName":"prod","grid:UUID":"website"},"tags_all":{"Name":"prod-Source","grid:EnvironmentName":"prod","grid:UUID":"website"},"version_id":"","website_redirect":""},"sensitive_attributes":[],"private":"bnVsbA==","dependencies":["aws_s3_bucket.Source_71E471F1"]}]},{"mode":"managed","type":"aws_s3_object","name":"Source_source-0_File--logos--terraconstructs_vertical_darksvg_215DA03C","provider":"provider[\"registry.opentofu.org/hashicorp/aws\"]","instances":[{"schema_version":0,"attributes":{"acl":null,"arn":"arn:aws:s3:::website-landingsource20241224042259745700000002/logos/terraconstructs_vertical_dark.svg","bucket":"website-landingsource20241224042259745700000002","bucket_key_enabled":false,"cache_control":"","checksum_algorithm":null,"checksum_crc32":"","checksum_crc32c":"","checksum_crc64nvme":"","checksum_sha1":"","checksum_sha256":"","content":null,"content_base64":null,"content_disposition":"","content_encoding":"","content_language":"","content_type":"image/svg+xml","etag":"0f3a5aace0b17a72a7fe669165b4a97a","force_destroy":false,"id":"/logos/terraconstructs_vertical_dark.svg","key":"/logos/terraconstructs_vertical_dark.svg","kms_key_id":null,"metadata":{},"object_lock_legal_hold_status":"","object_lock_mode":"","object_lock_retain_until_date":"","override_provider":[],"server_side_encryption":"AES256","source":"assets/Source_source-0_PathAsset_FD59E05B/A5C309C485139E858AA73D811AADBC00/logos/terraconstructs_vertical_dark.svg","source_hash":"0f3a5aace0b17a72a7fe669165b4a97a","storage_class":"STANDARD","tags":{"Name":"prod-Source","grid:EnvironmentName":"prod","grid:UUID":"website"},"tags_all":{"Name":"prod-Source","grid:EnvironmentName":"prod","grid:UUID":"website"},"version_id":"","website_redirect":""},"sensitive_attributes":[],"private":"bnVsbA==","dependencies":["aws_s3_bucket.Source_71E471F1"]}]},{"mode":"managed","type":"aws_s3_object","name":"Source_source-0_File--logos--terraconstructs_vertical_light_115x128png_3211D949","provider":"provider[\"registry.opentofu.org/hashicorp/aws\"]","instances":[{"schema_version":0,"attributes":{"acl":null,"arn":"arn:aws:s3:::website-landingsource20241224042259745700000002/logos/terraconstructs_vertical_light_115x128.png","bucket":"website-landingsource20241224042259745700000002","bucket_key_enabled":false,"cache_control":"","checksum_algorithm":null,"checksum_crc32":"","checksum_crc32c":"","checksum_crc64nvme":"","checksum_sha1":"","checksum_sha256":"","content":null,"content_base64":null,"content_disposition":"","content_encoding":"","content_language":"","content_type":"image/png","etag":"fff1a7a935c3e09feabb52f278d3b437","force_destroy":false,"id":"/logos/terraconstructs_vertical_light_115x128.png","key":"/logos/terraconstructs_vertical_light_115x128.png","kms_key_id":null,"metadata":{},"object_lock_legal_hold_status":"","object_lock_mode":"","object_lock_retain_until_date":"","override_provider":[],"server_side_encryption":"AES256","source":"assets/Source_source-0_PathAsset_FD59E05B/A5C309C485139E858AA73D811AADBC00/logos/terraconstructs_vertical_light_115x128.png","source_hash":"fff1a7a935c3e09feabb52f278d3b437","storage_class":"STANDARD","tags":{"Name":"prod-Source","grid:EnvironmentName":"prod","grid:UUID":"website"},"tags_all":{"Name":"prod-Source","grid:EnvironmentName":"prod","grid:UUID":"website"},"version_id":"","website_redirect":""},"sensitive_attributes":[],"private":"bnVsbA==","dependencies":["aws_s3_bucket.Source_71E471F1"]}]},{"mode":"managed","type":"aws_s3_object","name":"Source_source-0_File--logos--terraconstructs_vertical_light_229x256png_0E23677C","provider":"provider[\"registry.opentofu.org/hashicorp/aws\"]","instances":[{"schema_version":0,"attributes":{"acl":null,"arn":"arn:aws:s3:::website-landingsource20241224042259745700000002/logos/terraconstructs_vertical_light_229x256.png","bucket":"website-landingsource20241224042259745700000002","bucket_key_enabled":false,"cache_control":"","checksum_algorithm":null,"checksum_crc32":"","checksum_crc32c":"","checksum_crc64nvme":"","checksum_sha1":"","checksum_sha256":"","content":null,"content_base64":null,"content_disposition":"","content_encoding":"","content_language":"","content_type":"image/png","etag":"70fe9507b608bfb9f4c15225673121b6","force_destroy":false,"id":"/logos/terraconstructs_vertical_light_229x256.png","key":"/logos/terraconstructs_vertical_light_229x256.png","kms_key_id":null,"metadata":{},"object_lock_legal_hold_status":"","object_lock_mode":"","object_lock_retain_until_date":"","override_provider":[],"server_side_encryption":"AES256","source":"assets/Source_source-0_PathAsset_FD59E05B/A5C309C485139E858AA73D811AADBC00/logos/terraconstructs_vertical_light_229x256.png","source_hash":"70fe9507b608bfb9f4c15225673121b6","storage_class":"STANDARD","tags":{"Name":"prod-Source","grid:EnvironmentName":"prod","grid:UUID":"website"},"tags_all":{"Name":"prod-Source","grid:EnvironmentName":"prod","grid:UUID":"website"},"version_id":"","website_redirect":""},"sensitive_attributes":[],"private":"bnVsbA==","dependencies":["aws_s3_bucket.Source_71E471F1"]}]},{"mode":"managed","type":"aws_s3_object","name":"Source_source-0_File--logos--terraconstructs_vertical_light_458x512png_A4997BE2","provider":"provider[\"registry.opentofu.org/hashicorp/aws\"]","instances":[{"schema_version":0,"attributes":{"acl":null,"arn":"arn:aws:s3:::website-landingsource20241224042259745700000002/logos/terraconstructs_vertical_light_458x512.png","bucket":"website-landingsource20241224042259745700000002","bucket_key_enabled":false,"cache_control":"","checksum_algorithm":null,"checksum_crc32":"","checksum_crc32c":"","checksum_crc64nvme":"","checksum_sha1":"","checksum_sha256":"","content":null,"content_base64":null,"content_disposition":"","content_encoding":"","content_language":"","content_type":"image/png","etag":"99a368c18435d6386656fe7e276d10f0","force_destroy":false,"id":"/logos/terraconstructs_vertical_light_458x512.png","key":"/logos/terraconstructs_vertical_light_458x512.png","kms_key_id":null,"metadata":{},"object_lock_legal_hold_status":"","object_lock_mode":"","object_lock_retain_until_date":"","override_provider":[],"server_side_encryption":"AES256","source":"assets/Source_source-0_PathAsset_FD59E05B/A5C309C485139E858AA73D811AADBC00/logos/terraconstructs_vertical_light_458x512.png","source_hash":"99a368c18435d6386656fe7e276d10f0","storage_class":"STANDARD","tags":{"Name":"prod-Source","grid:EnvironmentName":"prod","grid:UUID":"website"},"tags_all":{"Name":"prod-Source","grid:EnvironmentName":"prod","grid:UUID":"website"},"version_id":"","website_redirect":""},"sensitive_attributes":[],"private":"bnVsbA==","dependencies":["aws_s3_bucket.Source_71E471F1"]}]},{"mode":"managed","type":"aws_s3_object","name":"Source_source-0_File--logos--terraconstructs_vertical_lightsvg_ECC6301B","provider":"provider[\"registry.opentofu.org/hashicorp/aws\"]","instances":[{"schema_version":0,"attributes":{"acl":null,"arn":"arn:aws:s3:::website-landingsource20241224042259745700000002/logos/terraconstructs_vertical_light.svg","bucket":"website-landingsource20241224042259745700000002","bucket_key_enabled":false,"cache_control":"","checksum_algorithm":null,"checksum_crc32":"","checksum_crc32c":"","checksum_crc64nvme":"","checksum_sha1":"","checksum_sha256":"","content":null,"content_base64":null,"content_disposition":"","content_encoding":"","content_language":"","content_type":"image/svg+xml","etag":"21b2c95bd5202311708531363ebee54f","force_destroy":false,"id":"/logos/terraconstructs_vertical_light.svg","key":"/logos/terraconstructs_vertical_light.svg","kms_key_id":null,"metadata":{},"object_lock_legal_hold_status":"","object_lock_mode":"","object_lock_retain_until_date":"","override_provider":[],"server_side_encryption":"AES256","source":"assets/Source_source-0_PathAsset_FD59E05B/A5C309C485139E858AA73D811AADBC00/logos/terraconstructs_vertical_light.svg","source_hash":"21b2c95bd5202311708531363ebee54f","storage_class":"STANDARD","tags":{"Name":"prod-Source","grid:EnvironmentName":"prod","grid:UUID":"website"},"tags_all":{"Name":"prod-Source","grid:EnvironmentName":"prod","grid:UUID":"website"},"version_id":"","website_redirect":""},"sensitive_attributes":[],"private":"bnVsbA==","dependencies":["aws_s3_bucket.Source_71E471F1"]}]},{"mode":"managed","type":"aws_s3_object","name":"Source_source-0_File--robotstxt_6F2DD3AC","provider":"provider[\"registry.opentofu.org/hashicorp/aws\"]","instances":[{"schema_version":0,"attributes":{"acl":null,"arn":"arn:aws:s3:::website-landingsource20241224042259745700000002/robots.txt","bucket":"website-landingsource20241224042259745700000002","bucket_key_enabled":false,"cache_control":"","checksum_algorithm":null,"checksum_crc32":"","checksum_crc32c":"","checksum_crc64nvme":"","checksum_sha1":"","checksum_sha256":"","content":null,"content_base64":null,"content_disposition":"","content_encoding":"","content_language":"","content_type":"text/plain; charset=utf-8","etag":"ddf1c47ba283ae21548e56806f39c5b4","force_destroy":false,"id":"/robots.txt","key":"/robots.txt","kms_key_id":null,"metadata":{},"object_lock_legal_hold_status":"","object_lock_mode":"","object_lock_retain_until_date":"","override_provider":[],"server_side_encryption":"AES256","source":"assets/Source_source-0_PathAsset_FD59E05B/A5C309C485139E858AA73D811AADBC00/robots.txt","source_hash":"ddf1c47ba283ae21548e56806f39c5b4","storage_class":"STANDARD","tags":{"Name":"prod-Source","grid:EnvironmentName":"prod","grid:UUID":"website"},"tags_all":{"Name":"prod-Source","grid:EnvironmentName":"prod","grid:UUID":"website"},"version_id":"","website_redirect":""},"sensitive_attributes":[],"private":"bnVsbA==","dependencies":["aws_s3_bucket.Source_71E471F1"]}]},{"mode":"managed","type":"aws_s3_object","name":"Source_source-0_File--sitemapxml_104FAD80","provider":"provider[\"registry.opentofu.org/hashicorp/aws\"]","instances":[{"schema_version":0,"attributes":{"acl":null,"arn":"arn:aws:s3:::website-landingsource20241224042259745700000002/sitemap.xml","bucket":"website-landingsource20241224042259745700000002","bucket_key_enabled":false,"cache_control":"","checksum_algorithm":null,"checksum_crc32":"","checksum_crc32c":"","checksum_crc64nvme":"","checksum_sha1":"","checksum_sha256":"","content":null,"content_base64":null,"content_disposition":"","content_encoding":"","content_language":"","content_type":"application/xml","etag":"67895165772effd289d1a7c6591849c2","force_destroy":false,"id":"/sitemap.xml","key":"/sitemap.xml","kms_key_id":null,"metadata":{},"object_lock_legal_hold_status":"","object_lock_mode":"","object_lock_retain_until_date":"","override_provider":[],"server_side_encryption":"AES256","source":"assets/Source_source-0_PathAsset_FD59E05B/A5C309C485139E858AA73D811AADBC00/sitemap.xml","source_hash":"67895165772effd289d1a7c6591849c2","storage_class":"STANDARD","tags":{"Name":"prod-Source","grid:EnvironmentName":"prod","grid:UUID":"website"},"tags_all":{"Name":"prod-Source","grid:EnvironmentName":"prod","grid:UUID":"website"},"version_id":"","website_redirect":""},"sensitive_attributes":[],"private":"bnVsbA==","dependencies":["aws_s3_bucket.Source_71E471F1"]}]}],"check_results":null}
