{"version":4,"terraform_version":"1.9.3","serial":124,"lineage":"cd1a5b3a-baa6-d7ee-a773-2a9f165e29e3","outputs":{"cdn":{"value":{"arn":"arn:aws:cloudfront::694710432912:distribution/EU7L1RD1IYZ3E","domainName":"d2gu602khdcdiz.cloudfront.net","hostedZoneId":"Z2FDTNDATAQYW2","id":"EU7L1RD1IYZ3E","status":"Deployed"},"type":["object",{"arn":"string","domainName":"string","hostedZoneId":"string","id":"string","status":"string"}]}},"resources":[{"mode":"data","type":"aws_caller_identity","name":"CallerIdentity","provider":"provider[\"registry.opentofu.org/hashicorp/aws\"]","instances":[{"schema_version":0,"attributes":{"account_id":"694710432912","arn":"arn:aws:iam::694710432912:user/vincent_tyme","id":"694710432912","user_id":"AIDA2DP7X6SIL6KZNY7ZN"},"sensitive_attributes":[]}]},{"mode":"data","type":"aws_cloudfront_cache_policy","name":"Cdn_Managed-CachingOptimized_58CFD2BA","provider":"provider[\"registry.opentofu.org/hashicorp/aws\"]","instances":[{"schema_version":0,"attributes":{"arn":"arn:aws:cloudfront::694710432912:cache-policy/658327ea-f89d-4fab-a63d-7e88639e58f6","comment":"Policy with caching enabled. Supports Gzip and Brotli compression.","default_ttl":86400,"etag":"E23ZP02F085DFQ","id":"658327ea-f89d-4fab-a63d-7e88639e58f6","max_ttl":31536000,"min_ttl":1,"name":"Managed-CachingOptimized","parameters_in_cache_key_and_forwarded_to_origin":[{"cookies_config":[{"cookie_behavior":"none","cookies":[]}],"enable_accept_encoding_brotli":true,"enable_accept_encoding_gzip":true,"headers_config":[{"header_behavior":"none","headers":[]}],"query_strings_config":[{"query_string_behavior":"none","query_strings":[]}]}]},"sensitive_attributes":[]}]},{"mode":"data","type":"aws_iam_policy_document","name":"Source_Policy_BC7DCC4B","provider":"provider[\"registry.opentofu.org/hashicorp/aws\"]","instances":[{"schema_version":0,"attributes":{"id":"3983898907","json":"{\n  \"Version\": \"2012-10-17\",\n  \"Statement\": [\n    {\n      \"Effect\": \"Allow\",\n      \"Action\": \"s3:GetObject\",\n      \"Resource\": \"arn:aws:s3:::website-landingsource20241224042259745700000002/*\",\n      \"Principal\": {\n        \"AWS\": \"arn:aws:iam::cloudfront:user/CloudFront Origin Access Identity E17UNOLO94PGAC\"\n      }\n    }\n  ]\n}","minified_json":"{\"Version\":\"2012-10-17\",\"Statement\":[{\"Effect\":\"Allow\",\"Action\":\"s3:GetObject\",\"Resource\":\"arn:aws:s3:::website-landingsource20241224042259745700000002/*\",\"Principal\":{\"AWS\":\"arn:aws:iam::cloudfront:user/CloudFront Origin Access Identity E17UNOLO94PGAC\"}}]}","override_json":null,"override_policy_documents":null,"policy_id":null,"source_json":null,"source_policy_documents":null,"statement":[{"actions":["s3:GetObject"],"condition":[],"effect":"Allow","not_actions":[],"not_principals":[],"not_resources":[],"principals":[{"identifiers":["arn:aws:iam::cloudfront:user/CloudFront Origin Access Identity E17UNOLO94PGAC"],"type":"AWS"}],"resources":["arn:aws:s3:::website-landingsource20241224042259745700000002/*"],"sid":""}],"version":"2012-10-17"},"sensitive_attributes":[]}]},{"mode":"data","type":"aws_partition","name":"Partitition","provider":"provider[\"registry.opentofu.org/hashicorp/aws\"]","instances":[{"schema_version":0,"attributes":{"dns_suffix":"amazonaws.com","id":"aws","partition":"aws","reverse_dns_prefix":"com.amazonaws"},"sensitive_attributes":[]}]},{"mode":"data","type":"aws_route53_zone","name":"Zone_A5DE4B68","provider":"provider[\"registry.opentofu.org/hashicorp/aws\"]","instances":[{"schema_version":0,"attributes":{"arn":"arn:aws:route53:::hostedzone/Z09339061DF0IQA1CJMKQ","caller_reference":"7d21c009-caa9-4f3b-bb69-88c7eacd30ce","comment":"","id":"Z09339061DF0IQA1CJMKQ","linked_service_description":null,"linked_service_principal":null,"name":"terraconstructs.dev","name_servers":["ns-840.awsdns-41.net","ns-1623.awsdns-10.co.uk","ns-173.awsdns-21.com","ns-1165.awsdns-17.org"],"primary_name_server":"ns-840.awsdns-41.net","private_zone":false,"resource_record_set_count":11,"tags":{},"vpc_id":null,"zone_id":"Z09339061DF0IQA1CJMKQ"},"sensitive_attributes":[]}]},{"mode":"managed","type":"aws_acm_certificate","name":"Certificate_4E7ABB08","provider":"provider[\"registry.opentofu.org/hashicorp/aws\"]","instances":[{"schema_version":0,"attributes":{"arn":"arn:aws:acm:us-east-1:694710432912:certificate/ad36002b-f4e1-48a0-a016-995e8efb3165","certificate_authority_arn":"","certificate_body":null,"certificate_chain":null,"domain_name":"terraconstructs.dev","domain_validation_options":[{"domain_name":"*.terraconstructs.dev","resource_record_name":"_2b12036ef3cde0d6125e67a032915caa.terraconstructs.dev.","resource_record_type":"CNAME","resource_record_value":"_7ca91bb70d2047003d7948a01ca66e03.zfyfvmchrl.acm-validations.aws."},{"domain_name":"terraconstructs.dev","resource_record_name":"_2b12036ef3cde0d6125e67a032915caa.terraconstructs.dev.","resource_record_type":"CNAME","resource_record_value":"_7ca91bb70d2047003d7948a01ca66e03.zfyfvmchrl.acm-validations.aws."}],"early_renewal_duration":"","id":"arn:aws:acm:us-east-1:694710432912:certificate/ad36002b-f4e1-48a0-a016-995e8efb3165","key_algorithm":"RSA_2048","not_after":"2026-12-24T23:59:59Z","not_before":"2025-11-25T00:00:00Z","options":[{"certificate_transparency_logging_preference":"ENABLED"}],"pending_renewal":false,"private_key":null,"renewal_eligibility":"ELIGIBLE","renewal_summary":[{"renewal_status":"SUCCESS","renewal_status_reason":"","updated_at":"2025-11-25T05:31:18Z"}],"status":"ISSUED","subject_alternative_names":["*.terraconstructs.dev","terraconstructs.dev"],"tags":{"Name":"prod-Certificate","grid:EnvironmentName":"prod","grid:UUID":"website"},"tags_all":{"Name":"prod-Certificate","grid:EnvironmentName":"prod","grid:UUID":"website"},"type":"AMAZON_ISSUED","validation_emails":[],"validation_method":"DNS","validation_option":[{"domain_name":"terraconstructs.dev","validation_domain":"terraconstructs.dev"}]},"sensitive_attributes":[[{"type":"get_attr","value":"private_key"}]],"private":"bnVsbA==","dependencies":["data.aws_route53_zone.Zone_A5DE4B68"],"create_before_destroy":true}]},{"mode":"managed","type":"aws_acm_certificate_validation","name":"Certificate_Validation_1DBF2B44","provider":"provider[\"registry.opentofu.org/hashicorp/aws\"]","instances":[{"schema_version":0,"attributes":{"certificate_arn":"arn:aws:acm:us-east-1:694710432912:certificate/ad36002b-f4e1-48a0-a016-995e8efb3165","id":"2024-12-24 04:23:20.647 +0000 UTC","timeouts":null,"validation_record_fqdns":["_2b12036ef3cde0d6125e67a032915caa.terraconstructs.dev"]},"sensitive_attributes":[],"private":"eyJlMmJmYjczMC1lY2FhLTExZTYtOGY4OC0zNDM2M2JjN2M0YzAiOnsiY3JlYXRlIjo0NTAwMDAwMDAwMDAwfX0=","dependencies":["aws_acm_certificate.Certificate_4E7ABB08","aws_route53_record.Certificate_ValidationRecord-terraconstructsdev_E1E87186","data.aws_route53_zone.Zone_A5DE4B68"]}]},{"mode":"managed","type":"aws_cloudfront_distribution","name":"Cdn_9963B1AD","provider":"provider[\"registry.opentofu.org/hashicorp/aws\"]","instances":[{"schema_version":1,"attributes":{"aliases":["aws-workshop.terraconstructs.dev","terraconstructs.dev"],"arn":"arn:aws:cloudfront::694710432912:distribution/EU7L1RD1IYZ3E","caller_reference":"terraform-20241224042311564500000004","comment":null,"continuous_deployment_policy_id":"","custom_error_response":[{"error_caching_min_ttl":0,"error_code":403,"response_code":404,"response_page_path":"/404.html"},{"error_caching_min_ttl":0,"error_code":404,"response_code":404,"response_page_path":"/404.html"}],"default_cache_behavior":[{"allowed_methods":["GET","HEAD"],"cache_policy_id":"658327ea-f89d-4fab-a63d-7e88639e58f6","cached_methods":["GET","HEAD"],"compress":true,"default_ttl":0,"field_level_encryption_id":"","forwarded_values":[],"function_association":[],"grpc_config":[{"enabled":false}],"lambda_function_association":[],"max_ttl":0,"min_ttl":0,"origin_request_policy_id":"","realtime_log_config_arn":"","response_headers_policy_id":"2e0ecb7a-ccfa-4f68-8263-cd4eb6f8e6f9","smooth_streaming":false,"target_origin_id":"origin-0","trusted_key_groups":[],"trusted_signers":[],"viewer_protocol_policy":"redirect-to-https"}],"default_root_object":"index.html","domain_name":"d2gu602khdcdiz.cloudfront.net","enabled":true,"etag":"E112GS20OGITE2","hosted_zone_id":"Z2FDTNDATAQYW2","http_version":"http2","id":"EU7L1RD1IYZ3E","in_progress_validation_batches":0,"is_ipv6_enabled":false,"last_modified_time":"2026-07-26 15:56:57.816 +0000 UTC","logging_config":[],"ordered_cache_behavior":[],"origin":[{"connection_attempts":3,"connection_timeout":10,"custom_header":[],"custom_origin_config":[],"domain_name":"website-landingsource20241224042259745700000002.s3.us-east-1.amazonaws.com","origin_access_control_id":"","origin_id":"origin-0","origin_path":"","origin_shield":[],"s3_origin_config":[{"origin_access_identity":"origin-access-identity/cloudfront/E17UNOLO94PGAC"}],"vpc_origin_config":[]}],"origin_group":[],"price_class":"PriceClass_100","restrictions":[{"geo_restriction":[{"locations":[],"restriction_type":"none"}]}],"retain_on_delete":false,"staging":false,"status":"Deployed","tags":{"Name":"prod-Cdn","grid:EnvironmentName":"prod","grid:UUID":"website"},"tags_all":{"Name":"prod-Cdn","grid:EnvironmentName":"prod","grid:UUID":"website"},"trusted_key_groups":[{"enabled":false,"items":[]}],"trusted_signers":[{"enabled":false,"items":[]}],"viewer_certificate":[{"acm_certificate_arn":"arn:aws:acm:us-east-1:694710432912:certificate/ad36002b-f4e1-48a0-a016-995e8efb3165","cloudfront_default_certificate":false,"iam_certificate_id":"","minimum_protocol_version":"TLSv1.2_2021","ssl_support_method":"sni-only"}],"wait_for_deployment":true,"web_acl_id":""},"sensitive_attributes":[],"private":"eyJzY2hlbWFfdmVyc2lvbiI6IjEifQ==","dependencies":["aws_acm_certificate.Certificate_4E7ABB08","aws_cloudfront_origin_access_identity.Source_OriginAccessIdentity_47D1410C","aws_cloudfront_response_headers_policy.LandingHeaders_1D4F15C0","aws_s3_bucket.Source_71E471F1","data.aws_cloudfront_cache_policy.Cdn_Managed-CachingOptimized_58CFD2BA","data.aws_route53_zone.Zone_A5DE4B68"]}]},{"mode":"managed","type":"aws_cloudfront_function","name":"IndexRewrite_0A63A7CD","provider":"provider[\"registry.opentofu.org/hashicorp/aws\"]","instances":[{"schema_version":0,"attributes":{"arn":"arn:aws:cloudfront::694710432912:function/website-indexRewrite","code":"function handler(event){var request=event.request;var uri=request.uri;var hostHeader=request.headers.host;var host=hostHeader?hostHeader.value:\"\";var SITE=\"https://terraconstructs.dev\";var target=null;if(host===\"aws-workshop.terraconstructs.dev\"){var trimmed=uri.replace(/\\.html$/,\"\").replace(/\\/index$/,\"\");var parts=trimmed.split(\"/\");var segments=[];for(var i=0;i\u003cparts.length;i++){var segment=parts[i].replace(/^[0-9]+-/,\"\");if(segment){segments.push(segment)}}target=\"/workshops/aws/\";if(segments.length){target+=segments.join(\"/\")+\"/\"}}else{var blogTargets={\"/blog/2025-10-01-terraconstructs-overview\":\"/blog/\",\"/blog/2025-11-01-1-1-the-problem\":\"/blog/\",\"/blog/2025-11-10-1-2-ai-impact-iac\":\"/blog/\",\"/blog/2025-11-25-1-3-grid-introduction\":\"/blog/\",\"/blog/2025-12-12-cdktf-future\":\"/blog/\",\"/blog/2025-12-25-year-in-review\":\"/blog/\"};var blogKey=uri.replace(/\\.html$/,\"\").replace(/\\/$/,\"\");if(Object.prototype.hasOwnProperty.call(blogTargets,blogKey)){target=blogTargets[blogKey]}}if(target){return{statusCode:301,statusDescription:\"Moved Permanently\",headers:{location:{value:SITE+target}}}}if(uri.endsWith(\"/\")){request.uri+=\"index.html\"}else if(!uri.includes(\".\")\u0026\u0026!uri.includes(\"?\")){request.uri+=\"/index.html\"}return request}","comment":"website-indexRewrite","etag":"E3UN6WX5RRO2AG","id":"website-indexRewrite","key_value_store_associations":[],"live_stage_etag":"E3UN6WX5RRO2AG","name":"website-indexRewrite","publish":true,"runtime":"cloudfront-js-1.0","status":"DEPLOYED"},"sensitive_attributes":[],"private":"bnVsbA=="}]},{"mode":"managed","type":"aws_cloudfront_origin_access_identity","name":"Source_OriginAccessIdentity_47D1410C","provider":"provider[\"registry.opentofu.org/hashicorp/aws\"]","instances":[{"schema_version":0,"attributes":{"arn":"arn:aws:cloudfront::694710432912:origin-access-identity/E17UNOLO94PGAC","caller_reference":"terraform-20241224042309535500000003","cloudfront_access_identity_path":"origin-access-identity/cloudfront/E17UNOLO94PGAC","comment":"OAI for website-landingsource20241224042259745700000002","etag":"E2VVE6ACJHKGRD","iam_arn":"arn:aws:iam::cloudfront:user/CloudFront Origin Access Identity E17UNOLO94PGAC","id":"E17UNOLO94PGAC","s3_canonical_user_id":"edd3dd58bd5366ca4fc36bca992d0c0f5994ed4cdd50b8def7751ccfe650c376ebc648ff1df012fc7c387491cd705476"},"sensitive_attributes":[],"private":"bnVsbA==","dependencies":["aws_s3_bucket.Source_71E471F1"]}]},{"mode":"managed","type":"aws_cloudfront_response_headers_policy","name":"LandingHeaders_1D4F15C0","provider":"provider[\"registry.opentofu.org/hashicorp/aws\"]","instances":[{"schema_version":0,"attributes":{"arn":"arn:aws:cloudfront::694710432912:response-headers-policy/2e0ecb7a-ccfa-4f68-8263-cd4eb6f8e6f9","comment":"","cors_config":[],"custom_headers_config":[],"etag":"ETVPDKIKX0DER","id":"2e0ecb7a-ccfa-4f68-8263-cd4eb6f8e6f9","name":"websitelandingLandingHeadersD926E20C","remove_headers_config":[],"security_headers_config":[{"content_security_policy":[{"content_security_policy":"default-src 'self'; style-src 'self' https://fonts.googleapis.com 'unsafe-inline'; font-src 'self' https://fonts.gstatic.com data:; img-src 'self' data: https://www.google-analytics.com; script-src 'self' https://www.googletagmanager.com https://www.google-analytics.com 'unsafe-inline'; connect-src 'self' https://www.google-analytics.com; base-uri 'self'; frame-ancestors 'none'; script-src-attr 'unsafe-inline';","override":true}],"content_type_options":[{"override":true}],"frame_options":[{"frame_option":"DENY","override":true}],"referrer_policy":[{"override":true,"referrer_policy":"strict-origin-when-cross-origin"}],"strict_transport_security":[{"access_control_max_age_sec":31536000,"include_subdomains":true,"override":true,"preload":false}],"xss_protection":[{"mode_block":true,"override":true,"protection":true,"report_uri":""}]}],"server_timing_headers_config":[]},"sensitive_attributes":[],"private":"bnVsbA=="}]},{"mode":"managed","type":"aws_route53_record","name":"CdnAlias_49D721F7","provider":"provider[\"registry.opentofu.org/hashicorp/aws\"]","instances":[{"schema_version":2,"attributes":{"alias":[{"evaluate_target_health":false,"name":"d2gu602khdcdiz.cloudfront.net","zone_id":"Z2FDTNDATAQYW2"}],"allow_overwrite":null,"cidr_routing_policy":[],"failover_routing_policy":[],"fqdn":"terraconstructs.dev","geolocation_routing_policy":[],"geoproximity_routing_policy":[],"health_check_id":"","id":"Z09339061DF0IQA1CJMKQ_terraconstructs.dev_A","latency_routing_policy":[],"multivalue_answer_routing_policy":false,"name":"terraconstructs.dev","records":[],"set_identifier":"","timeouts":null,"ttl":0,"type":"A","weighted_routing_policy":[],"zone_id":"Z09339061DF0IQA1CJMKQ"},"sensitive_attributes":[],"private":"eyJzY2hlbWFfdmVyc2lvbiI6IjIifQ==","dependencies":["aws_acm_certificate.Certificate_4E7ABB08","aws_cloudfront_distribution.Cdn_9963B1AD","aws_cloudfront_origin_access_identity.Source_OriginAccessIdentity_47D1410C","aws_cloudfront_response_headers_policy.LandingHeaders_1D4F15C0","aws_s3_bucket.Source_71E471F1","data.aws_cloudfront_cache_policy.Cdn_Managed-CachingOptimized_58CFD2BA","data.aws_route53_zone.Zone_A5DE4B68"]}]},{"mode":"managed","type":"aws_route53_record","name":"Certificate_ValidationRecord-terraconstructsdev_E1E87186","provider":"provider[\"registry.opentofu.org/hashicorp/aws\"]","instances":[{"schema_version":2,"attributes":{"alias":[],"allow_overwrite":true,"cidr_routing_policy":[],"failover_routing_policy":[],"fqdn":"_2b12036ef3cde0d6125e67a032915caa.terraconstructs.dev","geolocation_routing_policy":[],"geoproximity_routing_policy":[],"health_check_id":"","id":"Z09339061DF0IQA1CJMKQ__2b12036ef3cde0d6125e67a032915caa.terraconstructs.dev._CNAME","latency_routing_policy":[],"multivalue_answer_routing_policy":false,"name":"_2b12036ef3cde0d6125e67a032915caa.terraconstructs.dev","records":["_7ca91bb70d2047003d7948a01ca66e03.zfyfvmchrl.acm-validations.aws."],"set_identifier":"","timeouts":null,"ttl":60,"type":"CNAME","weighted_routing_policy":[],"zone_id":"Z09339061DF0IQA1CJMKQ"},"sensitive_attributes":[],"private":"eyJzY2hlbWFfdmVyc2lvbiI6IjIifQ==","dependencies":["aws_acm_certificate.Certificate_4E7ABB08","data.aws_route53_zone.Zone_A5DE4B68"]}]},{"mode":"managed","type":"aws_route53_record","name":"WorkshopAlias_AB993F21","provider":"provider[\"registry.opentofu.org/hashicorp/aws\"]","instances":[{"schema_version":2,"attributes":{"alias":[{"evaluate_target_health":false,"name":"d2gu602khdcdiz.cloudfront.net","zone_id":"Z2FDTNDATAQYW2"}],"allow_overwrite":null,"cidr_routing_policy":[],"failover_routing_policy":[],"fqdn":"aws-workshop.terraconstructs.dev","geolocation_routing_policy":[],"geoproximity_routing_policy":[],"health_check_id":"","id":"Z09339061DF0IQA1CJMKQ_aws-workshop.terraconstructs.dev._A","latency_routing_policy":[],"multivalue_answer_routing_policy":false,"name":"aws-workshop.terraconstructs.dev","records":null,"set_identifier":"","timeouts":null,"ttl":0,"type":"A","weighted_routing_policy":[],"zone_id":"Z09339061DF0IQA1CJMKQ"},"sensitive_attributes":[],"private":"eyJlMmJmYjczMC1lY2FhLTExZTYtOGY4OC0zNDM2M2JjN2M0YzAiOnsiY3JlYXRlIjoxODAwMDAwMDAwMDAwLCJkZWxldGUiOjE4MDAwMDAwMDAwMDAsInVwZGF0ZSI6MTgwMDAwMDAwMDAwMH0sInNjaGVtYV92ZXJzaW9uIjoiMiJ9","dependencies":["aws_acm_certificate.Certificate_4E7ABB08","aws_cloudfront_distribution.Cdn_9963B1AD","aws_cloudfront_origin_access_identity.Source_OriginAccessIdentity_47D1410C","aws_cloudfront_response_headers_policy.LandingHeaders_1D4F15C0","aws_s3_bucket.Source_71E471F1","data.aws_cloudfront_cache_policy.Cdn_Managed-CachingOptimized_58CFD2BA","data.aws_route53_zone.Zone_A5DE4B68"]}]},{"mode":"managed","type":"aws_s3_bucket","name":"Source_71E471F1","provider":"provider[\"registry.opentofu.org/hashicorp/aws\"]","instances":[{"schema_version":0,"attributes":{"acceleration_status":"","acl":null,"arn":"arn:aws:s3:::website-landingsource20241224042259745700000002","bucket":"website-landingsource20241224042259745700000002","bucket_domain_name":"website-landingsource20241224042259745700000002.s3.amazonaws.com","bucket_prefix":"website-landingsource","bucket_regional_domain_name":"website-landingsource20241224042259745700000002.s3.us-east-1.amazonaws.com","cors_rule":[],"force_destroy":false,"grant":[{"id":"46a779801a9d2713b490704d23d620d8235fa0f260795480eb9d47db40461f62","permissions":["FULL_CONTROL"],"type":"CanonicalUser","uri":""}],"hosted_zone_id":"Z3AQBSTGFYJSTF","id":"website-landingsource20241224042259745700000002","lifecycle_rule":[],"logging":[],"object_lock_configuration":[],"object_lock_enabled":false,"policy":"{\"Statement\":[{\"Action\":\"s3:GetObject\",\"Effect\":\"Allow\",\"Principal\":{\"AWS\":\"arn:aws:iam::cloudfront:user/CloudFront Origin Access Identity E17UNOLO94PGAC\"},\"Resource\":\"arn:aws:s3:::website-landingsource20241224042259745700000002/*\"}],\"Version\":\"2012-10-17\"}","region":"us-east-1","replication_configuration":[],"request_payer":"BucketOwner","server_side_encryption_configuration":[{"rule":[{"apply_server_side_encryption_by_default":[{"kms_master_key_id":"","sse_algorithm":"AES256"}],"bucket_key_enabled":false}]}],"tags":{"Name":"prod-Source","grid:EnvironmentName":"prod","grid:UUID":"website"},"tags_all":{"Name":"prod-Source","grid:EnvironmentName":"prod","grid:UUID":"website"},"timeouts":null,"versioning":[{"enabled":false,"mfa_delete":false}],"website":[],"website_domain":null,"website_endpoint":null},"sensitive_attributes":[],"private":"eyJlMmJmYjczMC1lY2FhLTExZTYtOGY4OC0zNDM2M2JjN2M0YzAiOnsiY3JlYXRlIjoxMjAwMDAwMDAwMDAwLCJkZWxldGUiOjM2MDAwMDAwMDAwMDAsInJlYWQiOjEyMDAwMDAwMDAwMDAsInVwZGF0ZSI6MTIwMDAwMDAwMDAwMH19"}]},{"mode":"managed","type":"aws_s3_bucket_policy","name":"Source_Policy_E5AB5F73","provider":"provider[\"registry.opentofu.org/hashicorp/aws\"]","instances":[{"schema_version":0,"attributes":{"bucket":"website-landingsource20241224042259745700000002","id":"website-landingsource20241224042259745700000002","policy":"{\"Statement\":[{\"Action\":\"s3:GetObject\",\"Effect\":\"Allow\",\"Principal\":{\"AWS\":\"arn:aws:iam::cloudfront:user/CloudFront Origin Access Identity E17UNOLO94PGAC\"},\"Resource\":\"arn:aws:s3:::website-landingsource20241224042259745700000002/*\"}],\"Version\":\"2012-10-17\"}"},"sensitive_attributes":[],"private":"bnVsbA==","dependencies":["aws_cloudfront_origin_access_identity.Source_OriginAccessIdentity_47D1410C","aws_s3_bucket.Source_71E471F1","data.aws_iam_policy_document.Source_Policy_BC7DCC4B"]}]}],"check_results":null}
