{
  "version": 4,
  "terraform_version": "1.7.5",
  "serial": 73,
  "lineage": "cd1a5b3a-baa6-d7ee-a773-2a9f165e29e3",
  "outputs": {
    "cdn": {
      "value": {
        "arn": "arn:aws:cloudfront::694710432912:distribution/EU7L1RD1IYZ3E",
        "domainName": "d2gu602khdcdiz.cloudfront.net",
        "hostedZoneId": "Z2FDTNDATAQYW2",
        "id": "EU7L1RD1IYZ3E",
        "status": "Deployed"
      },
      "type": [
        "object",
        {
          "arn": "string",
          "domainName": "string",
          "hostedZoneId": "string",
          "id": "string",
          "status": "string"
        }
      ]
    }
  },
  "resources": [
    {
      "mode": "data",
      "type": "aws_caller_identity",
      "name": "CallerIdentity",
      "provider": "provider[\"registry.terraform.io/hashicorp/aws\"]",
      "instances": [
        {
          "schema_version": 0,
          "attributes": {
            "account_id": "694710432912",
            "arn": "arn:aws:iam::694710432912:user/vincent_desmet",
            "id": "694710432912",
            "user_id": "AIDA2DP7X6SIASZ7NF473"
          },
          "sensitive_attributes": []
        }
      ]
    },
    {
      "mode": "data",
      "type": "aws_cloudfront_cache_policy",
      "name": "Cdn_Managed-CachingOptimized_58CFD2BA",
      "provider": "provider[\"registry.terraform.io/hashicorp/aws\"]",
      "instances": [
        {
          "schema_version": 0,
          "attributes": {
            "arn": "arn:aws:cloudfront::694710432912:cache-policy/658327ea-f89d-4fab-a63d-7e88639e58f6",
            "comment": "Policy with caching enabled. Supports Gzip and Brotli compression.",
            "default_ttl": 86400,
            "etag": "E23ZP02F085DFQ",
            "id": "658327ea-f89d-4fab-a63d-7e88639e58f6",
            "max_ttl": 31536000,
            "min_ttl": 1,
            "name": "Managed-CachingOptimized",
            "parameters_in_cache_key_and_forwarded_to_origin": [
              {
                "cookies_config": [
                  {
                    "cookie_behavior": "none",
                    "cookies": []
                  }
                ],
                "enable_accept_encoding_brotli": true,
                "enable_accept_encoding_gzip": true,
                "headers_config": [
                  {
                    "header_behavior": "none",
                    "headers": []
                  }
                ],
                "query_strings_config": [
                  {
                    "query_string_behavior": "none",
                    "query_strings": []
                  }
                ]
              }
            ]
          },
          "sensitive_attributes": []
        }
      ]
    },
    {
      "mode": "data",
      "type": "aws_iam_policy_document",
      "name": "Source_Policy_BC7DCC4B",
      "provider": "provider[\"registry.terraform.io/hashicorp/aws\"]",
      "instances": [
        {
          "schema_version": 0,
          "attributes": {
            "id": "3983898907",
            "json": "{\n  \"Version\": \"2012-10-17\",\n  \"Statement\": [\n    {\n      \"Effect\": \"Allow\",\n      \"Action\": \"s3:GetObject\",\n      \"Resource\": \"arn:aws:s3:::website-landingsource20241224042259745700000002/*\",\n      \"Principal\": {\n        \"AWS\": \"arn:aws:iam::cloudfront:user/CloudFront Origin Access Identity E17UNOLO94PGAC\"\n      }\n    }\n  ]\n}",
            "minified_json": "{\"Version\":\"2012-10-17\",\"Statement\":[{\"Effect\":\"Allow\",\"Action\":\"s3:GetObject\",\"Resource\":\"arn:aws:s3:::website-landingsource20241224042259745700000002/*\",\"Principal\":{\"AWS\":\"arn:aws:iam::cloudfront:user/CloudFront Origin Access Identity E17UNOLO94PGAC\"}}]}",
            "override_json": null,
            "override_policy_documents": null,
            "policy_id": null,
            "source_json": null,
            "source_policy_documents": null,
            "statement": [
              {
                "actions": [
                  "s3:GetObject"
                ],
                "condition": [],
                "effect": "Allow",
                "not_actions": [],
                "not_principals": [],
                "not_resources": [],
                "principals": [
                  {
                    "identifiers": [
                      "arn:aws:iam::cloudfront:user/CloudFront Origin Access Identity E17UNOLO94PGAC"
                    ],
                    "type": "AWS"
                  }
                ],
                "resources": [
                  "arn:aws:s3:::website-landingsource20241224042259745700000002/*"
                ],
                "sid": ""
              }
            ],
            "version": "2012-10-17"
          },
          "sensitive_attributes": []
        }
      ]
    },
    {
      "mode": "data",
      "type": "aws_partition",
      "name": "Partitition",
      "provider": "provider[\"registry.terraform.io/hashicorp/aws\"]",
      "instances": [
        {
          "schema_version": 0,
          "attributes": {
            "dns_suffix": "amazonaws.com",
            "id": "aws",
            "partition": "aws",
            "reverse_dns_prefix": "com.amazonaws"
          },
          "sensitive_attributes": []
        }
      ]
    },
    {
      "mode": "data",
      "type": "aws_route53_zone",
      "name": "Zone_A5DE4B68",
      "provider": "provider[\"registry.terraform.io/hashicorp/aws\"]",
      "instances": [
        {
          "schema_version": 0,
          "attributes": {
            "arn": "arn:aws:route53:::hostedzone/Z09339061DF0IQA1CJMKQ",
            "caller_reference": "7d21c009-caa9-4f3b-bb69-88c7eacd30ce",
            "comment": "",
            "id": "Z09339061DF0IQA1CJMKQ",
            "linked_service_description": null,
            "linked_service_principal": null,
            "name": "terraconstructs.dev",
            "name_servers": [
              "ns-840.awsdns-41.net",
              "ns-1623.awsdns-10.co.uk",
              "ns-173.awsdns-21.com",
              "ns-1165.awsdns-17.org"
            ],
            "primary_name_server": "ns-840.awsdns-41.net",
            "private_zone": false,
            "resource_record_set_count": 10,
            "tags": {},
            "vpc_id": null,
            "zone_id": "Z09339061DF0IQA1CJMKQ"
          },
          "sensitive_attributes": []
        }
      ]
    },
    {
      "mode": "managed",
      "type": "aws_acm_certificate",
      "name": "Certificate_4E7ABB08",
      "provider": "provider[\"registry.terraform.io/hashicorp/aws\"]",
      "instances": [
        {
          "schema_version": 0,
          "attributes": {
            "arn": "arn:aws:acm:us-east-1:694710432912:certificate/ad36002b-f4e1-48a0-a016-995e8efb3165",
            "certificate_authority_arn": "",
            "certificate_body": null,
            "certificate_chain": null,
            "domain_name": "terraconstructs.dev",
            "domain_validation_options": [
              {
                "domain_name": "*.terraconstructs.dev",
                "resource_record_name": "_2b12036ef3cde0d6125e67a032915caa.terraconstructs.dev.",
                "resource_record_type": "CNAME",
                "resource_record_value": "_7ca91bb70d2047003d7948a01ca66e03.zfyfvmchrl.acm-validations.aws."
              },
              {
                "domain_name": "terraconstructs.dev",
                "resource_record_name": "_2b12036ef3cde0d6125e67a032915caa.terraconstructs.dev.",
                "resource_record_type": "CNAME",
                "resource_record_value": "_7ca91bb70d2047003d7948a01ca66e03.zfyfvmchrl.acm-validations.aws."
              }
            ],
            "early_renewal_duration": "",
            "id": "arn:aws:acm:us-east-1:694710432912:certificate/ad36002b-f4e1-48a0-a016-995e8efb3165",
            "key_algorithm": "RSA_2048",
            "not_after": "2026-01-23T23:59:59Z",
            "not_before": "2024-12-24T00:00:00Z",
            "options": [
              {
                "certificate_transparency_logging_preference": "ENABLED"
              }
            ],
            "pending_renewal": false,
            "private_key": null,
            "renewal_eligibility": "ELIGIBLE",
            "renewal_summary": [],
            "status": "ISSUED",
            "subject_alternative_names": [
              "*.terraconstructs.dev",
              "terraconstructs.dev"
            ],
            "tags": {
              "Name": "prod-Certificate",
              "grid:EnvironmentName": "prod",
              "grid:UUID": "website"
            },
            "tags_all": {
              "Name": "prod-Certificate",
              "grid:EnvironmentName": "prod",
              "grid:UUID": "website"
            },
            "type": "AMAZON_ISSUED",
            "validation_emails": [],
            "validation_method": "DNS",
            "validation_option": [
              {
                "domain_name": "terraconstructs.dev",
                "validation_domain": "terraconstructs.dev"
              }
            ]
          },
          "sensitive_attributes": [],
          "private": "bnVsbA==",
          "dependencies": [
            "data.aws_route53_zone.Zone_A5DE4B68"
          ],
          "create_before_destroy": true
        }
      ]
    },
    {
      "mode": "managed",
      "type": "aws_acm_certificate_validation",
      "name": "Certificate_Validation_1DBF2B44",
      "provider": "provider[\"registry.terraform.io/hashicorp/aws\"]",
      "instances": [
        {
          "schema_version": 0,
          "attributes": {
            "certificate_arn": "arn:aws:acm:us-east-1:694710432912:certificate/ad36002b-f4e1-48a0-a016-995e8efb3165",
            "id": "2024-12-24 04:23:20.647 +0000 UTC",
            "timeouts": null,
            "validation_record_fqdns": [
              "_2b12036ef3cde0d6125e67a032915caa.terraconstructs.dev"
            ]
          },
          "sensitive_attributes": [],
          "private": "eyJlMmJmYjczMC1lY2FhLTExZTYtOGY4OC0zNDM2M2JjN2M0YzAiOnsiY3JlYXRlIjo0NTAwMDAwMDAwMDAwfX0=",
          "dependencies": [
            "aws_acm_certificate.Certificate_4E7ABB08",
            "aws_route53_record.Certificate_ValidationRecord-terraconstructsdev_E1E87186",
            "data.aws_route53_zone.Zone_A5DE4B68"
          ]
        }
      ]
    },
    {
      "mode": "managed",
      "type": "aws_cloudfront_distribution",
      "name": "Cdn_9963B1AD",
      "provider": "provider[\"registry.terraform.io/hashicorp/aws\"]",
      "instances": [
        {
          "schema_version": 1,
          "attributes": {
            "aliases": [
              "terraconstructs.dev"
            ],
            "arn": "arn:aws:cloudfront::694710432912:distribution/EU7L1RD1IYZ3E",
            "caller_reference": "terraform-20241224042311564500000004",
            "comment": null,
            "continuous_deployment_policy_id": "",
            "custom_error_response": [
              {
                "error_caching_min_ttl": 0,
                "error_code": 403,
                "response_code": 200,
                "response_page_path": "/index.html"
              },
              {
                "error_caching_min_ttl": 0,
                "error_code": 404,
                "response_code": 200,
                "response_page_path": "/index.html"
              }
            ],
            "default_cache_behavior": [
              {
                "allowed_methods": [
                  "GET",
                  "HEAD"
                ],
                "cache_policy_id": "658327ea-f89d-4fab-a63d-7e88639e58f6",
                "cached_methods": [
                  "GET",
                  "HEAD"
                ],
                "compress": true,
                "default_ttl": 0,
                "field_level_encryption_id": "",
                "forwarded_values": [],
                "function_association": [],
                "grpc_config": [
                  {
                    "enabled": false
                  }
                ],
                "lambda_function_association": [],
                "max_ttl": 0,
                "min_ttl": 0,
                "origin_request_policy_id": "",
                "realtime_log_config_arn": "",
                "response_headers_policy_id": "bd76d00c-f7ac-4827-97bb-7320f3f26781",
                "smooth_streaming": false,
                "target_origin_id": "origin-0",
                "trusted_key_groups": [],
                "trusted_signers": [],
                "viewer_protocol_policy": "redirect-to-https"
              }
            ],
            "default_root_object": "index.html",
            "domain_name": "d2gu602khdcdiz.cloudfront.net",
            "enabled": true,
            "etag": "E3T7D4W1DDEWX0",
            "hosted_zone_id": "Z2FDTNDATAQYW2",
            "http_version": "http2",
            "id": "EU7L1RD1IYZ3E",
            "in_progress_validation_batches": 0,
            "is_ipv6_enabled": false,
            "last_modified_time": "2025-09-13 16:17:27.156 +0000 UTC",
            "logging_config": [],
            "ordered_cache_behavior": [],
            "origin": [
              {
                "connection_attempts": 3,
                "connection_timeout": 10,
                "custom_header": [],
                "custom_origin_config": [],
                "domain_name": "website-landingsource20241224042259745700000002.s3.us-east-1.amazonaws.com",
                "origin_access_control_id": "",
                "origin_id": "origin-0",
                "origin_path": "",
                "origin_shield": [],
                "s3_origin_config": [
                  {
                    "origin_access_identity": "origin-access-identity/cloudfront/E17UNOLO94PGAC"
                  }
                ],
                "vpc_origin_config": []
              }
            ],
            "origin_group": [],
            "price_class": "PriceClass_100",
            "restrictions": [
              {
                "geo_restriction": [
                  {
                    "locations": [],
                    "restriction_type": "none"
                  }
                ]
              }
            ],
            "retain_on_delete": false,
            "staging": false,
            "status": "Deployed",
            "tags": {
              "Name": "prod-Cdn",
              "grid:EnvironmentName": "prod",
              "grid:UUID": "website"
            },
            "tags_all": {
              "Name": "prod-Cdn",
              "grid:EnvironmentName": "prod",
              "grid:UUID": "website"
            },
            "trusted_key_groups": [
              {
                "enabled": false,
                "items": []
              }
            ],
            "trusted_signers": [
              {
                "enabled": false,
                "items": []
              }
            ],
            "viewer_certificate": [
              {
                "acm_certificate_arn": "arn:aws:acm:us-east-1:694710432912:certificate/ad36002b-f4e1-48a0-a016-995e8efb3165",
                "cloudfront_default_certificate": false,
                "iam_certificate_id": "",
                "minimum_protocol_version": "TLSv1.2_2021",
                "ssl_support_method": "sni-only"
              }
            ],
            "wait_for_deployment": true,
            "web_acl_id": ""
          },
          "sensitive_attributes": [],
          "private": "eyJzY2hlbWFfdmVyc2lvbiI6IjEifQ==",
          "dependencies": [
            "aws_acm_certificate.Certificate_4E7ABB08",
            "aws_cloudfront_origin_access_identity.Source_OriginAccessIdentity_47D1410C",
            "aws_cloudfront_response_headers_policy.SiteHeaders_DBBF4967",
            "aws_s3_bucket.Source_71E471F1",
            "data.aws_cloudfront_cache_policy.Cdn_Managed-CachingOptimized_58CFD2BA",
            "data.aws_route53_zone.Zone_A5DE4B68"
          ]
        }
      ]
    },
    {
      "mode": "managed",
      "type": "aws_cloudfront_origin_access_identity",
      "name": "Source_OriginAccessIdentity_47D1410C",
      "provider": "provider[\"registry.terraform.io/hashicorp/aws\"]",
      "instances": [
        {
          "schema_version": 0,
          "attributes": {
            "arn": "arn:aws:cloudfront::694710432912:origin-access-identity/E17UNOLO94PGAC",
            "caller_reference": "terraform-20241224042309535500000003",
            "cloudfront_access_identity_path": "origin-access-identity/cloudfront/E17UNOLO94PGAC",
            "comment": "OAI for website-landingsource20241224042259745700000002",
            "etag": "E135FOSO936NRS",
            "iam_arn": "arn:aws:iam::cloudfront:user/CloudFront Origin Access Identity E17UNOLO94PGAC",
            "id": "E17UNOLO94PGAC",
            "s3_canonical_user_id": "edd3dd58bd5366ca4fc36bca992d0c0f5994ed4cdd50b8def7751ccfe650c376ebc648ff1df012fc7c387491cd705476"
          },
          "sensitive_attributes": [],
          "private": "bnVsbA==",
          "dependencies": [
            "aws_s3_bucket.Source_71E471F1"
          ]
        }
      ]
    },
    {
      "mode": "managed",
      "type": "aws_cloudfront_response_headers_policy",
      "name": "SiteHeaders_DBBF4967",
      "provider": "provider[\"registry.terraform.io/hashicorp/aws\"]",
      "instances": [
        {
          "schema_version": 0,
          "attributes": {
            "arn": "arn:aws:cloudfront::694710432912:response-headers-policy/bd76d00c-f7ac-4827-97bb-7320f3f26781",
            "comment": "",
            "cors_config": [],
            "custom_headers_config": [],
            "etag": "E23ZP02F085DFQ",
            "id": "bd76d00c-f7ac-4827-97bb-7320f3f26781",
            "name": "websitelandingSiteHeaders187DCAE1",
            "remove_headers_config": [],
            "security_headers_config": [
              {
                "content_security_policy": [
                  {
                    "content_security_policy": "default-src 'self'; style-src 'self' https://fonts.googleapis.com 'sha256-U6HJgX+4WJkErNeqXR/7tbJHXAXOn9PKLNRzkZcP7RM='; font-src 'self' https://fonts.gstatic.com data:; img-src 'self' data: https://www.google-analytics.com; script-src 'self' https://www.googletagmanager.com https://www.google-analytics.com 'sha256-jnEt9Md5pLcENwSMy3G9IhF0gOxG24PL72VOggWkOiE=' 'sha256-m7Q+SBP3IQL7b+182BHrX+sR+EqDcn2RJ9q4cmD9oek=' 'sha256-FVvkp9qdgdiHP6lWvMZQu3aM9lMJ9yMnslALvw+XH4c=' 'sha256-8x1WwuIMPQHDJV/akUEWAL1+O6gHk1nLU/lvNtpw+14='; connect-src 'self' https://www.google-analytics.com; base-uri 'self'; frame-ancestors 'none'; script-src-attr 'unsafe-hashes' 'sha256-MhtPZXr7+LpJUY5qtMutB+qWfQtMaPccfe7QXtCcEYc=';",
                    "override": true
                  }
                ],
                "content_type_options": [
                  {
                    "override": true
                  }
                ],
                "frame_options": [
                  {
                    "frame_option": "DENY",
                    "override": true
                  }
                ],
                "referrer_policy": [
                  {
                    "override": true,
                    "referrer_policy": "strict-origin-when-cross-origin"
                  }
                ],
                "strict_transport_security": [
                  {
                    "access_control_max_age_sec": 31536000,
                    "include_subdomains": true,
                    "override": true,
                    "preload": false
                  }
                ],
                "xss_protection": [
                  {
                    "mode_block": true,
                    "override": true,
                    "protection": true,
                    "report_uri": ""
                  }
                ]
              }
            ],
            "server_timing_headers_config": []
          },
          "sensitive_attributes": [],
          "private": "bnVsbA=="
        }
      ]
    },
    {
      "mode": "managed",
      "type": "aws_route53_record",
      "name": "CdnAlias_49D721F7",
      "provider": "provider[\"registry.terraform.io/hashicorp/aws\"]",
      "instances": [
        {
          "schema_version": 2,
          "attributes": {
            "alias": [
              {
                "evaluate_target_health": false,
                "name": "d2gu602khdcdiz.cloudfront.net",
                "zone_id": "Z2FDTNDATAQYW2"
              }
            ],
            "allow_overwrite": null,
            "cidr_routing_policy": [],
            "failover_routing_policy": [],
            "fqdn": "terraconstructs.dev",
            "geolocation_routing_policy": [],
            "geoproximity_routing_policy": [],
            "health_check_id": "",
            "id": "Z09339061DF0IQA1CJMKQ_terraconstructs.dev_A",
            "latency_routing_policy": [],
            "multivalue_answer_routing_policy": false,
            "name": "terraconstructs.dev",
            "records": [],
            "set_identifier": "",
            "timeouts": null,
            "ttl": 0,
            "type": "A",
            "weighted_routing_policy": [],
            "zone_id": "Z09339061DF0IQA1CJMKQ"
          },
          "sensitive_attributes": [],
          "private": "eyJzY2hlbWFfdmVyc2lvbiI6IjIifQ==",
          "dependencies": [
            "aws_acm_certificate.Certificate_4E7ABB08",
            "aws_cloudfront_distribution.Cdn_9963B1AD",
            "aws_cloudfront_origin_access_identity.Source_OriginAccessIdentity_47D1410C",
            "aws_cloudfront_response_headers_policy.SiteHeaders_DBBF4967",
            "aws_s3_bucket.Source_71E471F1",
            "data.aws_cloudfront_cache_policy.Cdn_Managed-CachingOptimized_58CFD2BA",
            "data.aws_route53_zone.Zone_A5DE4B68"
          ]
        }
      ]
    },
    {
      "mode": "managed",
      "type": "aws_route53_record",
      "name": "Certificate_ValidationRecord-terraconstructsdev_E1E87186",
      "provider": "provider[\"registry.terraform.io/hashicorp/aws\"]",
      "instances": [
        {
          "schema_version": 2,
          "attributes": {
            "alias": [],
            "allow_overwrite": true,
            "cidr_routing_policy": [],
            "failover_routing_policy": [],
            "fqdn": "_2b12036ef3cde0d6125e67a032915caa.terraconstructs.dev",
            "geolocation_routing_policy": [],
            "geoproximity_routing_policy": [],
            "health_check_id": "",
            "id": "Z09339061DF0IQA1CJMKQ__2b12036ef3cde0d6125e67a032915caa.terraconstructs.dev._CNAME",
            "latency_routing_policy": [],
            "multivalue_answer_routing_policy": false,
            "name": "_2b12036ef3cde0d6125e67a032915caa.terraconstructs.dev",
            "records": [
              "_7ca91bb70d2047003d7948a01ca66e03.zfyfvmchrl.acm-validations.aws."
            ],
            "set_identifier": "",
            "timeouts": null,
            "ttl": 60,
            "type": "CNAME",
            "weighted_routing_policy": [],
            "zone_id": "Z09339061DF0IQA1CJMKQ"
          },
          "sensitive_attributes": [],
          "private": "eyJzY2hlbWFfdmVyc2lvbiI6IjIifQ==",
          "dependencies": [
            "aws_acm_certificate.Certificate_4E7ABB08",
            "data.aws_route53_zone.Zone_A5DE4B68"
          ]
        }
      ]
    },
    {
      "mode": "managed",
      "type": "aws_s3_bucket",
      "name": "Source_71E471F1",
      "provider": "provider[\"registry.terraform.io/hashicorp/aws\"]",
      "instances": [
        {
          "schema_version": 0,
          "attributes": {
            "acceleration_status": "",
            "acl": null,
            "arn": "arn:aws:s3:::website-landingsource20241224042259745700000002",
            "bucket": "website-landingsource20241224042259745700000002",
            "bucket_domain_name": "website-landingsource20241224042259745700000002.s3.amazonaws.com",
            "bucket_prefix": "website-landingsource",
            "bucket_regional_domain_name": "website-landingsource20241224042259745700000002.s3.us-east-1.amazonaws.com",
            "cors_rule": [],
            "force_destroy": false,
            "grant": [
              {
                "id": "46a779801a9d2713b490704d23d620d8235fa0f260795480eb9d47db40461f62",
                "permissions": [
                  "FULL_CONTROL"
                ],
                "type": "CanonicalUser",
                "uri": ""
              }
            ],
            "hosted_zone_id": "Z3AQBSTGFYJSTF",
            "id": "website-landingsource20241224042259745700000002",
            "lifecycle_rule": [],
            "logging": [],
            "object_lock_configuration": [],
            "object_lock_enabled": false,
            "policy": "{\"Statement\":[{\"Action\":\"s3:GetObject\",\"Effect\":\"Allow\",\"Principal\":{\"AWS\":\"arn:aws:iam::cloudfront:user/CloudFront Origin Access Identity E17UNOLO94PGAC\"},\"Resource\":\"arn:aws:s3:::website-landingsource20241224042259745700000002/*\"}],\"Version\":\"2012-10-17\"}",
            "region": "us-east-1",
            "replication_configuration": [],
            "request_payer": "BucketOwner",
            "server_side_encryption_configuration": [
              {
                "rule": [
                  {
                    "apply_server_side_encryption_by_default": [
                      {
                        "kms_master_key_id": "",
                        "sse_algorithm": "AES256"
                      }
                    ],
                    "bucket_key_enabled": false
                  }
                ]
              }
            ],
            "tags": {
              "Name": "prod-Source",
              "grid:EnvironmentName": "prod",
              "grid:UUID": "website"
            },
            "tags_all": {
              "Name": "prod-Source",
              "grid:EnvironmentName": "prod",
              "grid:UUID": "website"
            },
            "timeouts": null,
            "versioning": [
              {
                "enabled": false,
                "mfa_delete": false
              }
            ],
            "website": [],
            "website_domain": null,
            "website_endpoint": null
          },
          "sensitive_attributes": [],
          "private": "eyJlMmJmYjczMC1lY2FhLTExZTYtOGY4OC0zNDM2M2JjN2M0YzAiOnsiY3JlYXRlIjoxMjAwMDAwMDAwMDAwLCJkZWxldGUiOjM2MDAwMDAwMDAwMDAsInJlYWQiOjEyMDAwMDAwMDAwMDAsInVwZGF0ZSI6MTIwMDAwMDAwMDAwMH19"
        }
      ]
    },
    {
      "mode": "managed",
      "type": "aws_s3_bucket_policy",
      "name": "Source_Policy_E5AB5F73",
      "provider": "provider[\"registry.terraform.io/hashicorp/aws\"]",
      "instances": [
        {
          "schema_version": 0,
          "attributes": {
            "bucket": "website-landingsource20241224042259745700000002",
            "id": "website-landingsource20241224042259745700000002",
            "policy": "{\"Statement\":[{\"Action\":\"s3:GetObject\",\"Effect\":\"Allow\",\"Principal\":{\"AWS\":\"arn:aws:iam::cloudfront:user/CloudFront Origin Access Identity E17UNOLO94PGAC\"},\"Resource\":\"arn:aws:s3:::website-landingsource20241224042259745700000002/*\"}],\"Version\":\"2012-10-17\"}"
          },
          "sensitive_attributes": [],
          "private": "bnVsbA==",
          "dependencies": [
            "aws_cloudfront_origin_access_identity.Source_OriginAccessIdentity_47D1410C",
            "aws_s3_bucket.Source_71E471F1",
            "data.aws_iam_policy_document.Source_Policy_BC7DCC4B"
          ]
        }
      ]
    },
    {
      "mode": "managed",
      "type": "aws_s3_object",
      "name": "Source_source-0_File--assets--css--mainCnN9Hr9mcss_0936DC2C",
      "provider": "provider[\"registry.terraform.io/hashicorp/aws\"]",
      "instances": [
        {
          "schema_version": 0,
          "attributes": {
            "acl": null,
            "arn": "arn:aws:s3:::website-landingsource20241224042259745700000002/assets/css/main.CnN9Hr9m.css",
            "bucket": "website-landingsource20241224042259745700000002",
            "bucket_key_enabled": false,
            "cache_control": "",
            "checksum_algorithm": null,
            "checksum_crc32": "",
            "checksum_crc32c": "",
            "checksum_crc64nvme": "",
            "checksum_sha1": "",
            "checksum_sha256": "",
            "content": null,
            "content_base64": null,
            "content_disposition": "",
            "content_encoding": "",
            "content_language": "",
            "content_type": "text/css; charset=utf-8",
            "etag": "9659ab5849e21143b60316eee8f08ad1",
            "force_destroy": false,
            "id": "/assets/css/main.CnN9Hr9m.css",
            "key": "/assets/css/main.CnN9Hr9m.css",
            "kms_key_id": null,
            "metadata": null,
            "object_lock_legal_hold_status": "",
            "object_lock_mode": "",
            "object_lock_retain_until_date": "",
            "override_provider": [],
            "server_side_encryption": "AES256",
            "source": "assets/Source_source-0_PathAsset_FD59E05B/279EA474B28CF61FC236B8A18F3EF5D7/assets/css/main.CnN9Hr9m.css",
            "source_hash": "9659ab5849e21143b60316eee8f08ad1",
            "storage_class": "STANDARD",
            "tags": {
              "Name": "prod-Source",
              "grid:EnvironmentName": "prod",
              "grid:UUID": "website"
            },
            "tags_all": {
              "Name": "prod-Source",
              "grid:EnvironmentName": "prod",
              "grid:UUID": "website"
            },
            "version_id": "",
            "website_redirect": ""
          },
          "sensitive_attributes": [],
          "private": "bnVsbA==",
          "dependencies": [
            "aws_s3_bucket.Source_71E471F1"
          ]
        }
      ]
    },
    {
      "mode": "managed",
      "type": "aws_s3_object",
      "name": "Source_source-0_File--assets--js--mainNkgR_MzRjs_F96371CF",
      "provider": "provider[\"registry.terraform.io/hashicorp/aws\"]",
      "instances": [
        {
          "schema_version": 0,
          "attributes": {
            "acl": null,
            "arn": "arn:aws:s3:::website-landingsource20241224042259745700000002/assets/js/main.NkgR_MzR.js",
            "bucket": "website-landingsource20241224042259745700000002",
            "bucket_key_enabled": false,
            "cache_control": "",
            "checksum_algorithm": null,
            "checksum_crc32": "",
            "checksum_crc32c": "",
            "checksum_crc64nvme": "",
            "checksum_sha1": "",
            "checksum_sha256": "",
            "content": null,
            "content_base64": null,
            "content_disposition": "",
            "content_encoding": "",
            "content_language": "",
            "content_type": "application/javascript; charset=utf-8",
            "etag": "85123ae6bd3bc869bc566ddfc1a35210",
            "force_destroy": false,
            "id": "/assets/js/main.NkgR_MzR.js",
            "key": "/assets/js/main.NkgR_MzR.js",
            "kms_key_id": null,
            "metadata": null,
            "object_lock_legal_hold_status": "",
            "object_lock_mode": "",
            "object_lock_retain_until_date": "",
            "override_provider": [],
            "server_side_encryption": "AES256",
            "source": "assets/Source_source-0_PathAsset_FD59E05B/279EA474B28CF61FC236B8A18F3EF5D7/assets/js/main.NkgR_MzR.js",
            "source_hash": "85123ae6bd3bc869bc566ddfc1a35210",
            "storage_class": "STANDARD",
            "tags": {
              "Name": "prod-Source",
              "grid:EnvironmentName": "prod",
              "grid:UUID": "website"
            },
            "tags_all": {
              "Name": "prod-Source",
              "grid:EnvironmentName": "prod",
              "grid:UUID": "website"
            },
            "version_id": "",
            "website_redirect": ""
          },
          "sensitive_attributes": [],
          "private": "bnVsbA==",
          "dependencies": [
            "aws_s3_bucket.Source_71E471F1"
          ]
        }
      ]
    },
    {
      "mode": "managed",
      "type": "aws_s3_object",
      "name": "Source_source-0_File--assets--js--mainNkgR_MzRjsmap_0954243A",
      "provider": "provider[\"registry.terraform.io/hashicorp/aws\"]",
      "instances": [
        {
          "schema_version": 0,
          "attributes": {
            "acl": null,
            "arn": "arn:aws:s3:::website-landingsource20241224042259745700000002/assets/js/main.NkgR_MzR.js.map",
            "bucket": "website-landingsource20241224042259745700000002",
            "bucket_key_enabled": false,
            "cache_control": "",
            "checksum_algorithm": null,
            "checksum_crc32": "",
            "checksum_crc32c": "",
            "checksum_crc64nvme": "",
            "checksum_sha1": "",
            "checksum_sha256": "",
            "content": null,
            "content_base64": null,
            "content_disposition": "",
            "content_encoding": "",
            "content_language": "",
            "content_type": "application/json; charset=utf-8",
            "etag": "9838eafd9ab6be017d8072a6f3d5aa1f",
            "force_destroy": false,
            "id": "/assets/js/main.NkgR_MzR.js.map",
            "key": "/assets/js/main.NkgR_MzR.js.map",
            "kms_key_id": null,
            "metadata": null,
            "object_lock_legal_hold_status": "",
            "object_lock_mode": "",
            "object_lock_retain_until_date": "",
            "override_provider": [],
            "server_side_encryption": "AES256",
            "source": "assets/Source_source-0_PathAsset_FD59E05B/279EA474B28CF61FC236B8A18F3EF5D7/assets/js/main.NkgR_MzR.js.map",
            "source_hash": "9838eafd9ab6be017d8072a6f3d5aa1f",
            "storage_class": "STANDARD",
            "tags": {
              "Name": "prod-Source",
              "grid:EnvironmentName": "prod",
              "grid:UUID": "website"
            },
            "tags_all": {
              "Name": "prod-Source",
              "grid:EnvironmentName": "prod",
              "grid:UUID": "website"
            },
            "version_id": "",
            "website_redirect": ""
          },
          "sensitive_attributes": [],
          "private": "bnVsbA==",
          "dependencies": [
            "aws_s3_bucket.Source_71E471F1"
          ]
        }
      ]
    },
    {
      "mode": "managed",
      "type": "aws_s3_object",
      "name": "Source_source-0_File--indexhtml_14317A08",
      "provider": "provider[\"registry.terraform.io/hashicorp/aws\"]",
      "instances": [
        {
          "schema_version": 0,
          "attributes": {
            "acl": null,
            "arn": "arn:aws:s3:::website-landingsource20241224042259745700000002/index.html",
            "bucket": "website-landingsource20241224042259745700000002",
            "bucket_key_enabled": false,
            "cache_control": "",
            "checksum_algorithm": null,
            "checksum_crc32": "",
            "checksum_crc32c": "",
            "checksum_crc64nvme": "",
            "checksum_sha1": "",
            "checksum_sha256": "",
            "content": null,
            "content_base64": null,
            "content_disposition": "",
            "content_encoding": "",
            "content_language": "",
            "content_type": "text/html; charset=utf-8",
            "etag": "9f2c3cdaed10b9091b83b9944930882b",
            "force_destroy": false,
            "id": "/index.html",
            "key": "/index.html",
            "kms_key_id": null,
            "metadata": {},
            "object_lock_legal_hold_status": "",
            "object_lock_mode": "",
            "object_lock_retain_until_date": "",
            "override_provider": [],
            "server_side_encryption": "AES256",
            "source": "assets/Source_source-0_PathAsset_FD59E05B/279EA474B28CF61FC236B8A18F3EF5D7/index.html",
            "source_hash": "9f2c3cdaed10b9091b83b9944930882b",
            "storage_class": "STANDARD",
            "tags": {
              "Name": "prod-Source",
              "grid:EnvironmentName": "prod",
              "grid:UUID": "website"
            },
            "tags_all": {
              "Name": "prod-Source",
              "grid:EnvironmentName": "prod",
              "grid:UUID": "website"
            },
            "version_id": "",
            "website_redirect": ""
          },
          "sensitive_attributes": [],
          "private": "bnVsbA==",
          "dependencies": [
            "aws_s3_bucket.Source_71E471F1"
          ]
        }
      ]
    },
    {
      "mode": "managed",
      "type": "aws_s3_object",
      "name": "Source_source-0_File--logos--LICENSE-LOGOS_92E558DB",
      "provider": "provider[\"registry.terraform.io/hashicorp/aws\"]",
      "instances": [
        {
          "schema_version": 0,
          "attributes": {
            "acl": null,
            "arn": "arn:aws:s3:::website-landingsource20241224042259745700000002/logos/LICENSE-LOGOS",
            "bucket": "website-landingsource20241224042259745700000002",
            "bucket_key_enabled": false,
            "cache_control": "",
            "checksum_algorithm": null,
            "checksum_crc32": "",
            "checksum_crc32c": "",
            "checksum_crc64nvme": "",
            "checksum_sha1": "",
            "checksum_sha256": "",
            "content": null,
            "content_base64": null,
            "content_disposition": "",
            "content_encoding": "",
            "content_language": "",
            "content_type": "application/octet-stream",
            "etag": "304c0384e156a136f538ddfb3c9403d4",
            "force_destroy": false,
            "id": "/logos/LICENSE-LOGOS",
            "key": "/logos/LICENSE-LOGOS",
            "kms_key_id": null,
            "metadata": null,
            "object_lock_legal_hold_status": "",
            "object_lock_mode": "",
            "object_lock_retain_until_date": "",
            "override_provider": [],
            "server_side_encryption": "AES256",
            "source": "assets/Source_source-0_PathAsset_FD59E05B/279EA474B28CF61FC236B8A18F3EF5D7/logos/LICENSE-LOGOS",
            "source_hash": "304c0384e156a136f538ddfb3c9403d4",
            "storage_class": "STANDARD",
            "tags": {
              "Name": "prod-Source",
              "grid:EnvironmentName": "prod",
              "grid:UUID": "website"
            },
            "tags_all": {
              "Name": "prod-Source",
              "grid:EnvironmentName": "prod",
              "grid:UUID": "website"
            },
            "version_id": "",
            "website_redirect": ""
          },
          "sensitive_attributes": [],
          "private": "bnVsbA==",
          "dependencies": [
            "aws_s3_bucket.Source_71E471F1"
          ]
        }
      ]
    },
    {
      "mode": "managed",
      "type": "aws_s3_object",
      "name": "Source_source-0_File--logos--terraconstructs_horizontal_dark_1261x256png_04CEC391",
      "provider": "provider[\"registry.terraform.io/hashicorp/aws\"]",
      "instances": [
        {
          "schema_version": 0,
          "attributes": {
            "acl": null,
            "arn": "arn:aws:s3:::website-landingsource20241224042259745700000002/logos/terraconstructs_horizontal_dark_1261x256.png",
            "bucket": "website-landingsource20241224042259745700000002",
            "bucket_key_enabled": false,
            "cache_control": "",
            "checksum_algorithm": null,
            "checksum_crc32": "",
            "checksum_crc32c": "",
            "checksum_crc64nvme": "",
            "checksum_sha1": "",
            "checksum_sha256": "",
            "content": null,
            "content_base64": null,
            "content_disposition": "",
            "content_encoding": "",
            "content_language": "",
            "content_type": "image/png",
            "etag": "6492ed98f461897374cf2c66e5a59fe3",
            "force_destroy": false,
            "id": "/logos/terraconstructs_horizontal_dark_1261x256.png",
            "key": "/logos/terraconstructs_horizontal_dark_1261x256.png",
            "kms_key_id": null,
            "metadata": null,
            "object_lock_legal_hold_status": "",
            "object_lock_mode": "",
            "object_lock_retain_until_date": "",
            "override_provider": [],
            "server_side_encryption": "AES256",
            "source": "assets/Source_source-0_PathAsset_FD59E05B/279EA474B28CF61FC236B8A18F3EF5D7/logos/terraconstructs_horizontal_dark_1261x256.png",
            "source_hash": "6492ed98f461897374cf2c66e5a59fe3",
            "storage_class": "STANDARD",
            "tags": {
              "Name": "prod-Source",
              "grid:EnvironmentName": "prod",
              "grid:UUID": "website"
            },
            "tags_all": {
              "Name": "prod-Source",
              "grid:EnvironmentName": "prod",
              "grid:UUID": "website"
            },
            "version_id": "",
            "website_redirect": ""
          },
          "sensitive_attributes": [],
          "private": "bnVsbA==",
          "dependencies": [
            "aws_s3_bucket.Source_71E471F1"
          ]
        }
      ]
    },
    {
      "mode": "managed",
      "type": "aws_s3_object",
      "name": "Source_source-0_File--logos--terraconstructs_horizontal_dark_2522x512png_D905D069",
      "provider": "provider[\"registry.terraform.io/hashicorp/aws\"]",
      "instances": [
        {
          "schema_version": 0,
          "attributes": {
            "acl": null,
            "arn": "arn:aws:s3:::website-landingsource20241224042259745700000002/logos/terraconstructs_horizontal_dark_2522x512.png",
            "bucket": "website-landingsource20241224042259745700000002",
            "bucket_key_enabled": false,
            "cache_control": "",
            "checksum_algorithm": null,
            "checksum_crc32": "",
            "checksum_crc32c": "",
            "checksum_crc64nvme": "",
            "checksum_sha1": "",
            "checksum_sha256": "",
            "content": null,
            "content_base64": null,
            "content_disposition": "",
            "content_encoding": "",
            "content_language": "",
            "content_type": "image/png",
            "etag": "60c1d7abf24c899026d105caae1f823a",
            "force_destroy": false,
            "id": "/logos/terraconstructs_horizontal_dark_2522x512.png",
            "key": "/logos/terraconstructs_horizontal_dark_2522x512.png",
            "kms_key_id": null,
            "metadata": null,
            "object_lock_legal_hold_status": "",
            "object_lock_mode": "",
            "object_lock_retain_until_date": "",
            "override_provider": [],
            "server_side_encryption": "AES256",
            "source": "assets/Source_source-0_PathAsset_FD59E05B/279EA474B28CF61FC236B8A18F3EF5D7/logos/terraconstructs_horizontal_dark_2522x512.png",
            "source_hash": "60c1d7abf24c899026d105caae1f823a",
            "storage_class": "STANDARD",
            "tags": {
              "Name": "prod-Source",
              "grid:EnvironmentName": "prod",
              "grid:UUID": "website"
            },
            "tags_all": {
              "Name": "prod-Source",
              "grid:EnvironmentName": "prod",
              "grid:UUID": "website"
            },
            "version_id": "",
            "website_redirect": ""
          },
          "sensitive_attributes": [],
          "private": "bnVsbA==",
          "dependencies": [
            "aws_s3_bucket.Source_71E471F1"
          ]
        }
      ]
    },
    {
      "mode": "managed",
      "type": "aws_s3_object",
      "name": "Source_source-0_File--logos--terraconstructs_horizontal_dark_630x128png_B4FEB20B",
      "provider": "provider[\"registry.terraform.io/hashicorp/aws\"]",
      "instances": [
        {
          "schema_version": 0,
          "attributes": {
            "acl": null,
            "arn": "arn:aws:s3:::website-landingsource20241224042259745700000002/logos/terraconstructs_horizontal_dark_630x128.png",
            "bucket": "website-landingsource20241224042259745700000002",
            "bucket_key_enabled": false,
            "cache_control": "",
            "checksum_algorithm": null,
            "checksum_crc32": "",
            "checksum_crc32c": "",
            "checksum_crc64nvme": "",
            "checksum_sha1": "",
            "checksum_sha256": "",
            "content": null,
            "content_base64": null,
            "content_disposition": "",
            "content_encoding": "",
            "content_language": "",
            "content_type": "image/png",
            "etag": "2c35b4b7b2c684915f1ca67f7f9cf042",
            "force_destroy": false,
            "id": "/logos/terraconstructs_horizontal_dark_630x128.png",
            "key": "/logos/terraconstructs_horizontal_dark_630x128.png",
            "kms_key_id": null,
            "metadata": null,
            "object_lock_legal_hold_status": "",
            "object_lock_mode": "",
            "object_lock_retain_until_date": "",
            "override_provider": [],
            "server_side_encryption": "AES256",
            "source": "assets/Source_source-0_PathAsset_FD59E05B/279EA474B28CF61FC236B8A18F3EF5D7/logos/terraconstructs_horizontal_dark_630x128.png",
            "source_hash": "2c35b4b7b2c684915f1ca67f7f9cf042",
            "storage_class": "STANDARD",
            "tags": {
              "Name": "prod-Source",
              "grid:EnvironmentName": "prod",
              "grid:UUID": "website"
            },
            "tags_all": {
              "Name": "prod-Source",
              "grid:EnvironmentName": "prod",
              "grid:UUID": "website"
            },
            "version_id": "",
            "website_redirect": ""
          },
          "sensitive_attributes": [],
          "private": "bnVsbA==",
          "dependencies": [
            "aws_s3_bucket.Source_71E471F1"
          ]
        }
      ]
    },
    {
      "mode": "managed",
      "type": "aws_s3_object",
      "name": "Source_source-0_File--logos--terraconstructs_horizontal_darksvg_93000DCB",
      "provider": "provider[\"registry.terraform.io/hashicorp/aws\"]",
      "instances": [
        {
          "schema_version": 0,
          "attributes": {
            "acl": null,
            "arn": "arn:aws:s3:::website-landingsource20241224042259745700000002/logos/terraconstructs_horizontal_dark.svg",
            "bucket": "website-landingsource20241224042259745700000002",
            "bucket_key_enabled": false,
            "cache_control": "",
            "checksum_algorithm": null,
            "checksum_crc32": "",
            "checksum_crc32c": "",
            "checksum_crc64nvme": "",
            "checksum_sha1": "",
            "checksum_sha256": "",
            "content": null,
            "content_base64": null,
            "content_disposition": "",
            "content_encoding": "",
            "content_language": "",
            "content_type": "image/svg+xml",
            "etag": "40709ebdcdc662298fa7d51ee97d4926",
            "force_destroy": false,
            "id": "/logos/terraconstructs_horizontal_dark.svg",
            "key": "/logos/terraconstructs_horizontal_dark.svg",
            "kms_key_id": null,
            "metadata": null,
            "object_lock_legal_hold_status": "",
            "object_lock_mode": "",
            "object_lock_retain_until_date": "",
            "override_provider": [],
            "server_side_encryption": "AES256",
            "source": "assets/Source_source-0_PathAsset_FD59E05B/279EA474B28CF61FC236B8A18F3EF5D7/logos/terraconstructs_horizontal_dark.svg",
            "source_hash": "40709ebdcdc662298fa7d51ee97d4926",
            "storage_class": "STANDARD",
            "tags": {
              "Name": "prod-Source",
              "grid:EnvironmentName": "prod",
              "grid:UUID": "website"
            },
            "tags_all": {
              "Name": "prod-Source",
              "grid:EnvironmentName": "prod",
              "grid:UUID": "website"
            },
            "version_id": "",
            "website_redirect": ""
          },
          "sensitive_attributes": [],
          "private": "bnVsbA==",
          "dependencies": [
            "aws_s3_bucket.Source_71E471F1"
          ]
        }
      ]
    },
    {
      "mode": "managed",
      "type": "aws_s3_object",
      "name": "Source_source-0_File--logos--terraconstructs_horizontal_light_1261x256png_B4030CD7",
      "provider": "provider[\"registry.terraform.io/hashicorp/aws\"]",
      "instances": [
        {
          "schema_version": 0,
          "attributes": {
            "acl": null,
            "arn": "arn:aws:s3:::website-landingsource20241224042259745700000002/logos/terraconstructs_horizontal_light_1261x256.png",
            "bucket": "website-landingsource20241224042259745700000002",
            "bucket_key_enabled": false,
            "cache_control": "",
            "checksum_algorithm": null,
            "checksum_crc32": "",
            "checksum_crc32c": "",
            "checksum_crc64nvme": "",
            "checksum_sha1": "",
            "checksum_sha256": "",
            "content": null,
            "content_base64": null,
            "content_disposition": "",
            "content_encoding": "",
            "content_language": "",
            "content_type": "image/png",
            "etag": "83868f652f420dfa8afb25f4ec7d9109",
            "force_destroy": false,
            "id": "/logos/terraconstructs_horizontal_light_1261x256.png",
            "key": "/logos/terraconstructs_horizontal_light_1261x256.png",
            "kms_key_id": null,
            "metadata": null,
            "object_lock_legal_hold_status": "",
            "object_lock_mode": "",
            "object_lock_retain_until_date": "",
            "override_provider": [],
            "server_side_encryption": "AES256",
            "source": "assets/Source_source-0_PathAsset_FD59E05B/279EA474B28CF61FC236B8A18F3EF5D7/logos/terraconstructs_horizontal_light_1261x256.png",
            "source_hash": "83868f652f420dfa8afb25f4ec7d9109",
            "storage_class": "STANDARD",
            "tags": {
              "Name": "prod-Source",
              "grid:EnvironmentName": "prod",
              "grid:UUID": "website"
            },
            "tags_all": {
              "Name": "prod-Source",
              "grid:EnvironmentName": "prod",
              "grid:UUID": "website"
            },
            "version_id": "",
            "website_redirect": ""
          },
          "sensitive_attributes": [],
          "private": "bnVsbA==",
          "dependencies": [
            "aws_s3_bucket.Source_71E471F1"
          ]
        }
      ]
    },
    {
      "mode": "managed",
      "type": "aws_s3_object",
      "name": "Source_source-0_File--logos--terraconstructs_horizontal_light_2522x512png_377091C4",
      "provider": "provider[\"registry.terraform.io/hashicorp/aws\"]",
      "instances": [
        {
          "schema_version": 0,
          "attributes": {
            "acl": null,
            "arn": "arn:aws:s3:::website-landingsource20241224042259745700000002/logos/terraconstructs_horizontal_light_2522x512.png",
            "bucket": "website-landingsource20241224042259745700000002",
            "bucket_key_enabled": false,
            "cache_control": "",
            "checksum_algorithm": null,
            "checksum_crc32": "",
            "checksum_crc32c": "",
            "checksum_crc64nvme": "",
            "checksum_sha1": "",
            "checksum_sha256": "",
            "content": null,
            "content_base64": null,
            "content_disposition": "",
            "content_encoding": "",
            "content_language": "",
            "content_type": "image/png",
            "etag": "2238cb2e9193e9fa16018c2cc6601095",
            "force_destroy": false,
            "id": "/logos/terraconstructs_horizontal_light_2522x512.png",
            "key": "/logos/terraconstructs_horizontal_light_2522x512.png",
            "kms_key_id": null,
            "metadata": null,
            "object_lock_legal_hold_status": "",
            "object_lock_mode": "",
            "object_lock_retain_until_date": "",
            "override_provider": [],
            "server_side_encryption": "AES256",
            "source": "assets/Source_source-0_PathAsset_FD59E05B/279EA474B28CF61FC236B8A18F3EF5D7/logos/terraconstructs_horizontal_light_2522x512.png",
            "source_hash": "2238cb2e9193e9fa16018c2cc6601095",
            "storage_class": "STANDARD",
            "tags": {
              "Name": "prod-Source",
              "grid:EnvironmentName": "prod",
              "grid:UUID": "website"
            },
            "tags_all": {
              "Name": "prod-Source",
              "grid:EnvironmentName": "prod",
              "grid:UUID": "website"
            },
            "version_id": "",
            "website_redirect": ""
          },
          "sensitive_attributes": [],
          "private": "bnVsbA==",
          "dependencies": [
            "aws_s3_bucket.Source_71E471F1"
          ]
        }
      ]
    },
    {
      "mode": "managed",
      "type": "aws_s3_object",
      "name": "Source_source-0_File--logos--terraconstructs_horizontal_light_630x128png_F5DF4A7A",
      "provider": "provider[\"registry.terraform.io/hashicorp/aws\"]",
      "instances": [
        {
          "schema_version": 0,
          "attributes": {
            "acl": null,
            "arn": "arn:aws:s3:::website-landingsource20241224042259745700000002/logos/terraconstructs_horizontal_light_630x128.png",
            "bucket": "website-landingsource20241224042259745700000002",
            "bucket_key_enabled": false,
            "cache_control": "",
            "checksum_algorithm": null,
            "checksum_crc32": "",
            "checksum_crc32c": "",
            "checksum_crc64nvme": "",
            "checksum_sha1": "",
            "checksum_sha256": "",
            "content": null,
            "content_base64": null,
            "content_disposition": "",
            "content_encoding": "",
            "content_language": "",
            "content_type": "image/png",
            "etag": "e36f21fbb0a844ea36c85a14cd84c746",
            "force_destroy": false,
            "id": "/logos/terraconstructs_horizontal_light_630x128.png",
            "key": "/logos/terraconstructs_horizontal_light_630x128.png",
            "kms_key_id": null,
            "metadata": null,
            "object_lock_legal_hold_status": "",
            "object_lock_mode": "",
            "object_lock_retain_until_date": "",
            "override_provider": [],
            "server_side_encryption": "AES256",
            "source": "assets/Source_source-0_PathAsset_FD59E05B/279EA474B28CF61FC236B8A18F3EF5D7/logos/terraconstructs_horizontal_light_630x128.png",
            "source_hash": "e36f21fbb0a844ea36c85a14cd84c746",
            "storage_class": "STANDARD",
            "tags": {
              "Name": "prod-Source",
              "grid:EnvironmentName": "prod",
              "grid:UUID": "website"
            },
            "tags_all": {
              "Name": "prod-Source",
              "grid:EnvironmentName": "prod",
              "grid:UUID": "website"
            },
            "version_id": "",
            "website_redirect": ""
          },
          "sensitive_attributes": [],
          "private": "bnVsbA==",
          "dependencies": [
            "aws_s3_bucket.Source_71E471F1"
          ]
        }
      ]
    },
    {
      "mode": "managed",
      "type": "aws_s3_object",
      "name": "Source_source-0_File--logos--terraconstructs_horizontal_lightsvg_414E5FE2",
      "provider": "provider[\"registry.terraform.io/hashicorp/aws\"]",
      "instances": [
        {
          "schema_version": 0,
          "attributes": {
            "acl": null,
            "arn": "arn:aws:s3:::website-landingsource20241224042259745700000002/logos/terraconstructs_horizontal_light.svg",
            "bucket": "website-landingsource20241224042259745700000002",
            "bucket_key_enabled": false,
            "cache_control": "",
            "checksum_algorithm": null,
            "checksum_crc32": "",
            "checksum_crc32c": "",
            "checksum_crc64nvme": "",
            "checksum_sha1": "",
            "checksum_sha256": "",
            "content": null,
            "content_base64": null,
            "content_disposition": "",
            "content_encoding": "",
            "content_language": "",
            "content_type": "image/svg+xml",
            "etag": "f02327755e7772f97299feb417e3e981",
            "force_destroy": false,
            "id": "/logos/terraconstructs_horizontal_light.svg",
            "key": "/logos/terraconstructs_horizontal_light.svg",
            "kms_key_id": null,
            "metadata": null,
            "object_lock_legal_hold_status": "",
            "object_lock_mode": "",
            "object_lock_retain_until_date": "",
            "override_provider": [],
            "server_side_encryption": "AES256",
            "source": "assets/Source_source-0_PathAsset_FD59E05B/279EA474B28CF61FC236B8A18F3EF5D7/logos/terraconstructs_horizontal_light.svg",
            "source_hash": "f02327755e7772f97299feb417e3e981",
            "storage_class": "STANDARD",
            "tags": {
              "Name": "prod-Source",
              "grid:EnvironmentName": "prod",
              "grid:UUID": "website"
            },
            "tags_all": {
              "Name": "prod-Source",
              "grid:EnvironmentName": "prod",
              "grid:UUID": "website"
            },
            "version_id": "",
            "website_redirect": ""
          },
          "sensitive_attributes": [],
          "private": "bnVsbA==",
          "dependencies": [
            "aws_s3_bucket.Source_71E471F1"
          ]
        }
      ]
    },
    {
      "mode": "managed",
      "type": "aws_s3_object",
      "name": "Source_source-0_File--logos--terraconstructs_logo_128x128png_C7491BE7",
      "provider": "provider[\"registry.terraform.io/hashicorp/aws\"]",
      "instances": [
        {
          "schema_version": 0,
          "attributes": {
            "acl": null,
            "arn": "arn:aws:s3:::website-landingsource20241224042259745700000002/logos/terraconstructs_logo_128x128.png",
            "bucket": "website-landingsource20241224042259745700000002",
            "bucket_key_enabled": false,
            "cache_control": "",
            "checksum_algorithm": null,
            "checksum_crc32": "",
            "checksum_crc32c": "",
            "checksum_crc64nvme": "",
            "checksum_sha1": "",
            "checksum_sha256": "",
            "content": null,
            "content_base64": null,
            "content_disposition": "",
            "content_encoding": "",
            "content_language": "",
            "content_type": "image/png",
            "etag": "38f1a213376af0c5837c4ae0ce4b2d2d",
            "force_destroy": false,
            "id": "/logos/terraconstructs_logo_128x128.png",
            "key": "/logos/terraconstructs_logo_128x128.png",
            "kms_key_id": null,
            "metadata": null,
            "object_lock_legal_hold_status": "",
            "object_lock_mode": "",
            "object_lock_retain_until_date": "",
            "override_provider": [],
            "server_side_encryption": "AES256",
            "source": "assets/Source_source-0_PathAsset_FD59E05B/279EA474B28CF61FC236B8A18F3EF5D7/logos/terraconstructs_logo_128x128.png",
            "source_hash": "38f1a213376af0c5837c4ae0ce4b2d2d",
            "storage_class": "STANDARD",
            "tags": {
              "Name": "prod-Source",
              "grid:EnvironmentName": "prod",
              "grid:UUID": "website"
            },
            "tags_all": {
              "Name": "prod-Source",
              "grid:EnvironmentName": "prod",
              "grid:UUID": "website"
            },
            "version_id": "",
            "website_redirect": ""
          },
          "sensitive_attributes": [],
          "private": "bnVsbA==",
          "dependencies": [
            "aws_s3_bucket.Source_71E471F1"
          ]
        }
      ]
    },
    {
      "mode": "managed",
      "type": "aws_s3_object",
      "name": "Source_source-0_File--logos--terraconstructs_logo_16x16png_E60D4CF7",
      "provider": "provider[\"registry.terraform.io/hashicorp/aws\"]",
      "instances": [
        {
          "schema_version": 0,
          "attributes": {
            "acl": null,
            "arn": "arn:aws:s3:::website-landingsource20241224042259745700000002/logos/terraconstructs_logo_16x16.png",
            "bucket": "website-landingsource20241224042259745700000002",
            "bucket_key_enabled": false,
            "cache_control": "",
            "checksum_algorithm": null,
            "checksum_crc32": "",
            "checksum_crc32c": "",
            "checksum_crc64nvme": "",
            "checksum_sha1": "",
            "checksum_sha256": "",
            "content": null,
            "content_base64": null,
            "content_disposition": "",
            "content_encoding": "",
            "content_language": "",
            "content_type": "image/png",
            "etag": "cd5b1b482c070ca070e0d310e6f6c661",
            "force_destroy": false,
            "id": "/logos/terraconstructs_logo_16x16.png",
            "key": "/logos/terraconstructs_logo_16x16.png",
            "kms_key_id": null,
            "metadata": null,
            "object_lock_legal_hold_status": "",
            "object_lock_mode": "",
            "object_lock_retain_until_date": "",
            "override_provider": [],
            "server_side_encryption": "AES256",
            "source": "assets/Source_source-0_PathAsset_FD59E05B/279EA474B28CF61FC236B8A18F3EF5D7/logos/terraconstructs_logo_16x16.png",
            "source_hash": "cd5b1b482c070ca070e0d310e6f6c661",
            "storage_class": "STANDARD",
            "tags": {
              "Name": "prod-Source",
              "grid:EnvironmentName": "prod",
              "grid:UUID": "website"
            },
            "tags_all": {
              "Name": "prod-Source",
              "grid:EnvironmentName": "prod",
              "grid:UUID": "website"
            },
            "version_id": "",
            "website_redirect": ""
          },
          "sensitive_attributes": [],
          "private": "bnVsbA==",
          "dependencies": [
            "aws_s3_bucket.Source_71E471F1"
          ]
        }
      ]
    },
    {
      "mode": "managed",
      "type": "aws_s3_object",
      "name": "Source_source-0_File--logos--terraconstructs_logo_256x256png_AC08D233",
      "provider": "provider[\"registry.terraform.io/hashicorp/aws\"]",
      "instances": [
        {
          "schema_version": 0,
          "attributes": {
            "acl": null,
            "arn": "arn:aws:s3:::website-landingsource20241224042259745700000002/logos/terraconstructs_logo_256x256.png",
            "bucket": "website-landingsource20241224042259745700000002",
            "bucket_key_enabled": false,
            "cache_control": "",
            "checksum_algorithm": null,
            "checksum_crc32": "",
            "checksum_crc32c": "",
            "checksum_crc64nvme": "",
            "checksum_sha1": "",
            "checksum_sha256": "",
            "content": null,
            "content_base64": null,
            "content_disposition": "",
            "content_encoding": "",
            "content_language": "",
            "content_type": "image/png",
            "etag": "601df59b5cb812f66745f1bbb4b816a1",
            "force_destroy": false,
            "id": "/logos/terraconstructs_logo_256x256.png",
            "key": "/logos/terraconstructs_logo_256x256.png",
            "kms_key_id": null,
            "metadata": null,
            "object_lock_legal_hold_status": "",
            "object_lock_mode": "",
            "object_lock_retain_until_date": "",
            "override_provider": [],
            "server_side_encryption": "AES256",
            "source": "assets/Source_source-0_PathAsset_FD59E05B/279EA474B28CF61FC236B8A18F3EF5D7/logos/terraconstructs_logo_256x256.png",
            "source_hash": "601df59b5cb812f66745f1bbb4b816a1",
            "storage_class": "STANDARD",
            "tags": {
              "Name": "prod-Source",
              "grid:EnvironmentName": "prod",
              "grid:UUID": "website"
            },
            "tags_all": {
              "Name": "prod-Source",
              "grid:EnvironmentName": "prod",
              "grid:UUID": "website"
            },
            "version_id": "",
            "website_redirect": ""
          },
          "sensitive_attributes": [],
          "private": "bnVsbA==",
          "dependencies": [
            "aws_s3_bucket.Source_71E471F1"
          ]
        }
      ]
    },
    {
      "mode": "managed",
      "type": "aws_s3_object",
      "name": "Source_source-0_File--logos--terraconstructs_logo_32x32png_026B2F49",
      "provider": "provider[\"registry.terraform.io/hashicorp/aws\"]",
      "instances": [
        {
          "schema_version": 0,
          "attributes": {
            "acl": null,
            "arn": "arn:aws:s3:::website-landingsource20241224042259745700000002/logos/terraconstructs_logo_32x32.png",
            "bucket": "website-landingsource20241224042259745700000002",
            "bucket_key_enabled": false,
            "cache_control": "",
            "checksum_algorithm": null,
            "checksum_crc32": "",
            "checksum_crc32c": "",
            "checksum_crc64nvme": "",
            "checksum_sha1": "",
            "checksum_sha256": "",
            "content": null,
            "content_base64": null,
            "content_disposition": "",
            "content_encoding": "",
            "content_language": "",
            "content_type": "image/png",
            "etag": "509cd03b5ac7a63292d65b9685e3887c",
            "force_destroy": false,
            "id": "/logos/terraconstructs_logo_32x32.png",
            "key": "/logos/terraconstructs_logo_32x32.png",
            "kms_key_id": null,
            "metadata": null,
            "object_lock_legal_hold_status": "",
            "object_lock_mode": "",
            "object_lock_retain_until_date": "",
            "override_provider": [],
            "server_side_encryption": "AES256",
            "source": "assets/Source_source-0_PathAsset_FD59E05B/279EA474B28CF61FC236B8A18F3EF5D7/logos/terraconstructs_logo_32x32.png",
            "source_hash": "509cd03b5ac7a63292d65b9685e3887c",
            "storage_class": "STANDARD",
            "tags": {
              "Name": "prod-Source",
              "grid:EnvironmentName": "prod",
              "grid:UUID": "website"
            },
            "tags_all": {
              "Name": "prod-Source",
              "grid:EnvironmentName": "prod",
              "grid:UUID": "website"
            },
            "version_id": "",
            "website_redirect": ""
          },
          "sensitive_attributes": [],
          "private": "bnVsbA==",
          "dependencies": [
            "aws_s3_bucket.Source_71E471F1"
          ]
        }
      ]
    },
    {
      "mode": "managed",
      "type": "aws_s3_object",
      "name": "Source_source-0_File--logos--terraconstructs_logo_512x512png_33E2DB3B",
      "provider": "provider[\"registry.terraform.io/hashicorp/aws\"]",
      "instances": [
        {
          "schema_version": 0,
          "attributes": {
            "acl": null,
            "arn": "arn:aws:s3:::website-landingsource20241224042259745700000002/logos/terraconstructs_logo_512x512.png",
            "bucket": "website-landingsource20241224042259745700000002",
            "bucket_key_enabled": false,
            "cache_control": "",
            "checksum_algorithm": null,
            "checksum_crc32": "",
            "checksum_crc32c": "",
            "checksum_crc64nvme": "",
            "checksum_sha1": "",
            "checksum_sha256": "",
            "content": null,
            "content_base64": null,
            "content_disposition": "",
            "content_encoding": "",
            "content_language": "",
            "content_type": "image/png",
            "etag": "eaf7e620deac4611ce60f3c21330b7dc",
            "force_destroy": false,
            "id": "/logos/terraconstructs_logo_512x512.png",
            "key": "/logos/terraconstructs_logo_512x512.png",
            "kms_key_id": null,
            "metadata": null,
            "object_lock_legal_hold_status": "",
            "object_lock_mode": "",
            "object_lock_retain_until_date": "",
            "override_provider": [],
            "server_side_encryption": "AES256",
            "source": "assets/Source_source-0_PathAsset_FD59E05B/279EA474B28CF61FC236B8A18F3EF5D7/logos/terraconstructs_logo_512x512.png",
            "source_hash": "eaf7e620deac4611ce60f3c21330b7dc",
            "storage_class": "STANDARD",
            "tags": {
              "Name": "prod-Source",
              "grid:EnvironmentName": "prod",
              "grid:UUID": "website"
            },
            "tags_all": {
              "Name": "prod-Source",
              "grid:EnvironmentName": "prod",
              "grid:UUID": "website"
            },
            "version_id": "",
            "website_redirect": ""
          },
          "sensitive_attributes": [],
          "private": "bnVsbA==",
          "dependencies": [
            "aws_s3_bucket.Source_71E471F1"
          ]
        }
      ]
    },
    {
      "mode": "managed",
      "type": "aws_s3_object",
      "name": "Source_source-0_File--logos--terraconstructs_logo_64x64png_184F3A1E",
      "provider": "provider[\"registry.terraform.io/hashicorp/aws\"]",
      "instances": [
        {
          "schema_version": 0,
          "attributes": {
            "acl": null,
            "arn": "arn:aws:s3:::website-landingsource20241224042259745700000002/logos/terraconstructs_logo_64x64.png",
            "bucket": "website-landingsource20241224042259745700000002",
            "bucket_key_enabled": false,
            "cache_control": "",
            "checksum_algorithm": null,
            "checksum_crc32": "",
            "checksum_crc32c": "",
            "checksum_crc64nvme": "",
            "checksum_sha1": "",
            "checksum_sha256": "",
            "content": null,
            "content_base64": null,
            "content_disposition": "",
            "content_encoding": "",
            "content_language": "",
            "content_type": "image/png",
            "etag": "aa64a17b5f9675eecf76308e04794cd2",
            "force_destroy": false,
            "id": "/logos/terraconstructs_logo_64x64.png",
            "key": "/logos/terraconstructs_logo_64x64.png",
            "kms_key_id": null,
            "metadata": null,
            "object_lock_legal_hold_status": "",
            "object_lock_mode": "",
            "object_lock_retain_until_date": "",
            "override_provider": [],
            "server_side_encryption": "AES256",
            "source": "assets/Source_source-0_PathAsset_FD59E05B/279EA474B28CF61FC236B8A18F3EF5D7/logos/terraconstructs_logo_64x64.png",
            "source_hash": "aa64a17b5f9675eecf76308e04794cd2",
            "storage_class": "STANDARD",
            "tags": {
              "Name": "prod-Source",
              "grid:EnvironmentName": "prod",
              "grid:UUID": "website"
            },
            "tags_all": {
              "Name": "prod-Source",
              "grid:EnvironmentName": "prod",
              "grid:UUID": "website"
            },
            "version_id": "",
            "website_redirect": ""
          },
          "sensitive_attributes": [],
          "private": "bnVsbA==",
          "dependencies": [
            "aws_s3_bucket.Source_71E471F1"
          ]
        }
      ]
    },
    {
      "mode": "managed",
      "type": "aws_s3_object",
      "name": "Source_source-0_File--logos--terraconstructs_triangle_logosvg_648CA763",
      "provider": "provider[\"registry.terraform.io/hashicorp/aws\"]",
      "instances": [
        {
          "schema_version": 0,
          "attributes": {
            "acl": null,
            "arn": "arn:aws:s3:::website-landingsource20241224042259745700000002/logos/terraconstructs_triangle_logo.svg",
            "bucket": "website-landingsource20241224042259745700000002",
            "bucket_key_enabled": false,
            "cache_control": "",
            "checksum_algorithm": null,
            "checksum_crc32": "",
            "checksum_crc32c": "",
            "checksum_crc64nvme": "",
            "checksum_sha1": "",
            "checksum_sha256": "",
            "content": null,
            "content_base64": null,
            "content_disposition": "",
            "content_encoding": "",
            "content_language": "",
            "content_type": "image/svg+xml",
            "etag": "108e7a58e0f6ffdbb2d7d209bcc03814",
            "force_destroy": false,
            "id": "/logos/terraconstructs_triangle_logo.svg",
            "key": "/logos/terraconstructs_triangle_logo.svg",
            "kms_key_id": null,
            "metadata": null,
            "object_lock_legal_hold_status": "",
            "object_lock_mode": "",
            "object_lock_retain_until_date": "",
            "override_provider": [],
            "server_side_encryption": "AES256",
            "source": "assets/Source_source-0_PathAsset_FD59E05B/279EA474B28CF61FC236B8A18F3EF5D7/logos/terraconstructs_triangle_logo.svg",
            "source_hash": "108e7a58e0f6ffdbb2d7d209bcc03814",
            "storage_class": "STANDARD",
            "tags": {
              "Name": "prod-Source",
              "grid:EnvironmentName": "prod",
              "grid:UUID": "website"
            },
            "tags_all": {
              "Name": "prod-Source",
              "grid:EnvironmentName": "prod",
              "grid:UUID": "website"
            },
            "version_id": "",
            "website_redirect": ""
          },
          "sensitive_attributes": [],
          "private": "bnVsbA==",
          "dependencies": [
            "aws_s3_bucket.Source_71E471F1"
          ]
        }
      ]
    },
    {
      "mode": "managed",
      "type": "aws_s3_object",
      "name": "Source_source-0_File--logos--terraconstructs_vertical_dark_115x128png_DA0564E9",
      "provider": "provider[\"registry.terraform.io/hashicorp/aws\"]",
      "instances": [
        {
          "schema_version": 0,
          "attributes": {
            "acl": null,
            "arn": "arn:aws:s3:::website-landingsource20241224042259745700000002/logos/terraconstructs_vertical_dark_115x128.png",
            "bucket": "website-landingsource20241224042259745700000002",
            "bucket_key_enabled": false,
            "cache_control": "",
            "checksum_algorithm": null,
            "checksum_crc32": "",
            "checksum_crc32c": "",
            "checksum_crc64nvme": "",
            "checksum_sha1": "",
            "checksum_sha256": "",
            "content": null,
            "content_base64": null,
            "content_disposition": "",
            "content_encoding": "",
            "content_language": "",
            "content_type": "image/png",
            "etag": "63f85387fa65fe6658644fb7399746c2",
            "force_destroy": false,
            "id": "/logos/terraconstructs_vertical_dark_115x128.png",
            "key": "/logos/terraconstructs_vertical_dark_115x128.png",
            "kms_key_id": null,
            "metadata": null,
            "object_lock_legal_hold_status": "",
            "object_lock_mode": "",
            "object_lock_retain_until_date": "",
            "override_provider": [],
            "server_side_encryption": "AES256",
            "source": "assets/Source_source-0_PathAsset_FD59E05B/279EA474B28CF61FC236B8A18F3EF5D7/logos/terraconstructs_vertical_dark_115x128.png",
            "source_hash": "63f85387fa65fe6658644fb7399746c2",
            "storage_class": "STANDARD",
            "tags": {
              "Name": "prod-Source",
              "grid:EnvironmentName": "prod",
              "grid:UUID": "website"
            },
            "tags_all": {
              "Name": "prod-Source",
              "grid:EnvironmentName": "prod",
              "grid:UUID": "website"
            },
            "version_id": "",
            "website_redirect": ""
          },
          "sensitive_attributes": [],
          "private": "bnVsbA==",
          "dependencies": [
            "aws_s3_bucket.Source_71E471F1"
          ]
        }
      ]
    },
    {
      "mode": "managed",
      "type": "aws_s3_object",
      "name": "Source_source-0_File--logos--terraconstructs_vertical_dark_229x256png_515E6428",
      "provider": "provider[\"registry.terraform.io/hashicorp/aws\"]",
      "instances": [
        {
          "schema_version": 0,
          "attributes": {
            "acl": null,
            "arn": "arn:aws:s3:::website-landingsource20241224042259745700000002/logos/terraconstructs_vertical_dark_229x256.png",
            "bucket": "website-landingsource20241224042259745700000002",
            "bucket_key_enabled": false,
            "cache_control": "",
            "checksum_algorithm": null,
            "checksum_crc32": "",
            "checksum_crc32c": "",
            "checksum_crc64nvme": "",
            "checksum_sha1": "",
            "checksum_sha256": "",
            "content": null,
            "content_base64": null,
            "content_disposition": "",
            "content_encoding": "",
            "content_language": "",
            "content_type": "image/png",
            "etag": "6aa031684ae8e19020ab2785726ffc67",
            "force_destroy": false,
            "id": "/logos/terraconstructs_vertical_dark_229x256.png",
            "key": "/logos/terraconstructs_vertical_dark_229x256.png",
            "kms_key_id": null,
            "metadata": null,
            "object_lock_legal_hold_status": "",
            "object_lock_mode": "",
            "object_lock_retain_until_date": "",
            "override_provider": [],
            "server_side_encryption": "AES256",
            "source": "assets/Source_source-0_PathAsset_FD59E05B/279EA474B28CF61FC236B8A18F3EF5D7/logos/terraconstructs_vertical_dark_229x256.png",
            "source_hash": "6aa031684ae8e19020ab2785726ffc67",
            "storage_class": "STANDARD",
            "tags": {
              "Name": "prod-Source",
              "grid:EnvironmentName": "prod",
              "grid:UUID": "website"
            },
            "tags_all": {
              "Name": "prod-Source",
              "grid:EnvironmentName": "prod",
              "grid:UUID": "website"
            },
            "version_id": "",
            "website_redirect": ""
          },
          "sensitive_attributes": [],
          "private": "bnVsbA==",
          "dependencies": [
            "aws_s3_bucket.Source_71E471F1"
          ]
        }
      ]
    },
    {
      "mode": "managed",
      "type": "aws_s3_object",
      "name": "Source_source-0_File--logos--terraconstructs_vertical_dark_458x512png_E98AFEF5",
      "provider": "provider[\"registry.terraform.io/hashicorp/aws\"]",
      "instances": [
        {
          "schema_version": 0,
          "attributes": {
            "acl": null,
            "arn": "arn:aws:s3:::website-landingsource20241224042259745700000002/logos/terraconstructs_vertical_dark_458x512.png",
            "bucket": "website-landingsource20241224042259745700000002",
            "bucket_key_enabled": false,
            "cache_control": "",
            "checksum_algorithm": null,
            "checksum_crc32": "",
            "checksum_crc32c": "",
            "checksum_crc64nvme": "",
            "checksum_sha1": "",
            "checksum_sha256": "",
            "content": null,
            "content_base64": null,
            "content_disposition": "",
            "content_encoding": "",
            "content_language": "",
            "content_type": "image/png",
            "etag": "2e64091bb5862302745d069b0fee66a8",
            "force_destroy": false,
            "id": "/logos/terraconstructs_vertical_dark_458x512.png",
            "key": "/logos/terraconstructs_vertical_dark_458x512.png",
            "kms_key_id": null,
            "metadata": null,
            "object_lock_legal_hold_status": "",
            "object_lock_mode": "",
            "object_lock_retain_until_date": "",
            "override_provider": [],
            "server_side_encryption": "AES256",
            "source": "assets/Source_source-0_PathAsset_FD59E05B/279EA474B28CF61FC236B8A18F3EF5D7/logos/terraconstructs_vertical_dark_458x512.png",
            "source_hash": "2e64091bb5862302745d069b0fee66a8",
            "storage_class": "STANDARD",
            "tags": {
              "Name": "prod-Source",
              "grid:EnvironmentName": "prod",
              "grid:UUID": "website"
            },
            "tags_all": {
              "Name": "prod-Source",
              "grid:EnvironmentName": "prod",
              "grid:UUID": "website"
            },
            "version_id": "",
            "website_redirect": ""
          },
          "sensitive_attributes": [],
          "private": "bnVsbA==",
          "dependencies": [
            "aws_s3_bucket.Source_71E471F1"
          ]
        }
      ]
    },
    {
      "mode": "managed",
      "type": "aws_s3_object",
      "name": "Source_source-0_File--logos--terraconstructs_vertical_darksvg_215DA03C",
      "provider": "provider[\"registry.terraform.io/hashicorp/aws\"]",
      "instances": [
        {
          "schema_version": 0,
          "attributes": {
            "acl": null,
            "arn": "arn:aws:s3:::website-landingsource20241224042259745700000002/logos/terraconstructs_vertical_dark.svg",
            "bucket": "website-landingsource20241224042259745700000002",
            "bucket_key_enabled": false,
            "cache_control": "",
            "checksum_algorithm": null,
            "checksum_crc32": "",
            "checksum_crc32c": "",
            "checksum_crc64nvme": "",
            "checksum_sha1": "",
            "checksum_sha256": "",
            "content": null,
            "content_base64": null,
            "content_disposition": "",
            "content_encoding": "",
            "content_language": "",
            "content_type": "image/svg+xml",
            "etag": "df1f660766724b9959317e1ade582e4c",
            "force_destroy": false,
            "id": "/logos/terraconstructs_vertical_dark.svg",
            "key": "/logos/terraconstructs_vertical_dark.svg",
            "kms_key_id": null,
            "metadata": null,
            "object_lock_legal_hold_status": "",
            "object_lock_mode": "",
            "object_lock_retain_until_date": "",
            "override_provider": [],
            "server_side_encryption": "AES256",
            "source": "assets/Source_source-0_PathAsset_FD59E05B/279EA474B28CF61FC236B8A18F3EF5D7/logos/terraconstructs_vertical_dark.svg",
            "source_hash": "df1f660766724b9959317e1ade582e4c",
            "storage_class": "STANDARD",
            "tags": {
              "Name": "prod-Source",
              "grid:EnvironmentName": "prod",
              "grid:UUID": "website"
            },
            "tags_all": {
              "Name": "prod-Source",
              "grid:EnvironmentName": "prod",
              "grid:UUID": "website"
            },
            "version_id": "",
            "website_redirect": ""
          },
          "sensitive_attributes": [],
          "private": "bnVsbA==",
          "dependencies": [
            "aws_s3_bucket.Source_71E471F1"
          ]
        }
      ]
    },
    {
      "mode": "managed",
      "type": "aws_s3_object",
      "name": "Source_source-0_File--logos--terraconstructs_vertical_light_115x128png_3211D949",
      "provider": "provider[\"registry.terraform.io/hashicorp/aws\"]",
      "instances": [
        {
          "schema_version": 0,
          "attributes": {
            "acl": null,
            "arn": "arn:aws:s3:::website-landingsource20241224042259745700000002/logos/terraconstructs_vertical_light_115x128.png",
            "bucket": "website-landingsource20241224042259745700000002",
            "bucket_key_enabled": false,
            "cache_control": "",
            "checksum_algorithm": null,
            "checksum_crc32": "",
            "checksum_crc32c": "",
            "checksum_crc64nvme": "",
            "checksum_sha1": "",
            "checksum_sha256": "",
            "content": null,
            "content_base64": null,
            "content_disposition": "",
            "content_encoding": "",
            "content_language": "",
            "content_type": "image/png",
            "etag": "34fe5cf4eea9fc671ef174f6e9b1dc87",
            "force_destroy": false,
            "id": "/logos/terraconstructs_vertical_light_115x128.png",
            "key": "/logos/terraconstructs_vertical_light_115x128.png",
            "kms_key_id": null,
            "metadata": null,
            "object_lock_legal_hold_status": "",
            "object_lock_mode": "",
            "object_lock_retain_until_date": "",
            "override_provider": [],
            "server_side_encryption": "AES256",
            "source": "assets/Source_source-0_PathAsset_FD59E05B/279EA474B28CF61FC236B8A18F3EF5D7/logos/terraconstructs_vertical_light_115x128.png",
            "source_hash": "34fe5cf4eea9fc671ef174f6e9b1dc87",
            "storage_class": "STANDARD",
            "tags": {
              "Name": "prod-Source",
              "grid:EnvironmentName": "prod",
              "grid:UUID": "website"
            },
            "tags_all": {
              "Name": "prod-Source",
              "grid:EnvironmentName": "prod",
              "grid:UUID": "website"
            },
            "version_id": "",
            "website_redirect": ""
          },
          "sensitive_attributes": [],
          "private": "bnVsbA==",
          "dependencies": [
            "aws_s3_bucket.Source_71E471F1"
          ]
        }
      ]
    },
    {
      "mode": "managed",
      "type": "aws_s3_object",
      "name": "Source_source-0_File--logos--terraconstructs_vertical_light_229x256png_0E23677C",
      "provider": "provider[\"registry.terraform.io/hashicorp/aws\"]",
      "instances": [
        {
          "schema_version": 0,
          "attributes": {
            "acl": null,
            "arn": "arn:aws:s3:::website-landingsource20241224042259745700000002/logos/terraconstructs_vertical_light_229x256.png",
            "bucket": "website-landingsource20241224042259745700000002",
            "bucket_key_enabled": false,
            "cache_control": "",
            "checksum_algorithm": null,
            "checksum_crc32": "",
            "checksum_crc32c": "",
            "checksum_crc64nvme": "",
            "checksum_sha1": "",
            "checksum_sha256": "",
            "content": null,
            "content_base64": null,
            "content_disposition": "",
            "content_encoding": "",
            "content_language": "",
            "content_type": "image/png",
            "etag": "1600a7576b7a74d25c551f4d19e31240",
            "force_destroy": false,
            "id": "/logos/terraconstructs_vertical_light_229x256.png",
            "key": "/logos/terraconstructs_vertical_light_229x256.png",
            "kms_key_id": null,
            "metadata": null,
            "object_lock_legal_hold_status": "",
            "object_lock_mode": "",
            "object_lock_retain_until_date": "",
            "override_provider": [],
            "server_side_encryption": "AES256",
            "source": "assets/Source_source-0_PathAsset_FD59E05B/279EA474B28CF61FC236B8A18F3EF5D7/logos/terraconstructs_vertical_light_229x256.png",
            "source_hash": "1600a7576b7a74d25c551f4d19e31240",
            "storage_class": "STANDARD",
            "tags": {
              "Name": "prod-Source",
              "grid:EnvironmentName": "prod",
              "grid:UUID": "website"
            },
            "tags_all": {
              "Name": "prod-Source",
              "grid:EnvironmentName": "prod",
              "grid:UUID": "website"
            },
            "version_id": "",
            "website_redirect": ""
          },
          "sensitive_attributes": [],
          "private": "bnVsbA==",
          "dependencies": [
            "aws_s3_bucket.Source_71E471F1"
          ]
        }
      ]
    },
    {
      "mode": "managed",
      "type": "aws_s3_object",
      "name": "Source_source-0_File--logos--terraconstructs_vertical_light_458x512png_A4997BE2",
      "provider": "provider[\"registry.terraform.io/hashicorp/aws\"]",
      "instances": [
        {
          "schema_version": 0,
          "attributes": {
            "acl": null,
            "arn": "arn:aws:s3:::website-landingsource20241224042259745700000002/logos/terraconstructs_vertical_light_458x512.png",
            "bucket": "website-landingsource20241224042259745700000002",
            "bucket_key_enabled": false,
            "cache_control": "",
            "checksum_algorithm": null,
            "checksum_crc32": "",
            "checksum_crc32c": "",
            "checksum_crc64nvme": "",
            "checksum_sha1": "",
            "checksum_sha256": "",
            "content": null,
            "content_base64": null,
            "content_disposition": "",
            "content_encoding": "",
            "content_language": "",
            "content_type": "image/png",
            "etag": "17ed589dca94832452d8abe547b8e1cf",
            "force_destroy": false,
            "id": "/logos/terraconstructs_vertical_light_458x512.png",
            "key": "/logos/terraconstructs_vertical_light_458x512.png",
            "kms_key_id": null,
            "metadata": null,
            "object_lock_legal_hold_status": "",
            "object_lock_mode": "",
            "object_lock_retain_until_date": "",
            "override_provider": [],
            "server_side_encryption": "AES256",
            "source": "assets/Source_source-0_PathAsset_FD59E05B/279EA474B28CF61FC236B8A18F3EF5D7/logos/terraconstructs_vertical_light_458x512.png",
            "source_hash": "17ed589dca94832452d8abe547b8e1cf",
            "storage_class": "STANDARD",
            "tags": {
              "Name": "prod-Source",
              "grid:EnvironmentName": "prod",
              "grid:UUID": "website"
            },
            "tags_all": {
              "Name": "prod-Source",
              "grid:EnvironmentName": "prod",
              "grid:UUID": "website"
            },
            "version_id": "",
            "website_redirect": ""
          },
          "sensitive_attributes": [],
          "private": "bnVsbA==",
          "dependencies": [
            "aws_s3_bucket.Source_71E471F1"
          ]
        }
      ]
    },
    {
      "mode": "managed",
      "type": "aws_s3_object",
      "name": "Source_source-0_File--logos--terraconstructs_vertical_lightsvg_ECC6301B",
      "provider": "provider[\"registry.terraform.io/hashicorp/aws\"]",
      "instances": [
        {
          "schema_version": 0,
          "attributes": {
            "acl": null,
            "arn": "arn:aws:s3:::website-landingsource20241224042259745700000002/logos/terraconstructs_vertical_light.svg",
            "bucket": "website-landingsource20241224042259745700000002",
            "bucket_key_enabled": false,
            "cache_control": "",
            "checksum_algorithm": null,
            "checksum_crc32": "",
            "checksum_crc32c": "",
            "checksum_crc64nvme": "",
            "checksum_sha1": "",
            "checksum_sha256": "",
            "content": null,
            "content_base64": null,
            "content_disposition": "",
            "content_encoding": "",
            "content_language": "",
            "content_type": "image/svg+xml",
            "etag": "461aff024b2cfebdf660d70ca43029cb",
            "force_destroy": false,
            "id": "/logos/terraconstructs_vertical_light.svg",
            "key": "/logos/terraconstructs_vertical_light.svg",
            "kms_key_id": null,
            "metadata": null,
            "object_lock_legal_hold_status": "",
            "object_lock_mode": "",
            "object_lock_retain_until_date": "",
            "override_provider": [],
            "server_side_encryption": "AES256",
            "source": "assets/Source_source-0_PathAsset_FD59E05B/279EA474B28CF61FC236B8A18F3EF5D7/logos/terraconstructs_vertical_light.svg",
            "source_hash": "461aff024b2cfebdf660d70ca43029cb",
            "storage_class": "STANDARD",
            "tags": {
              "Name": "prod-Source",
              "grid:EnvironmentName": "prod",
              "grid:UUID": "website"
            },
            "tags_all": {
              "Name": "prod-Source",
              "grid:EnvironmentName": "prod",
              "grid:UUID": "website"
            },
            "version_id": "",
            "website_redirect": ""
          },
          "sensitive_attributes": [],
          "private": "bnVsbA==",
          "dependencies": [
            "aws_s3_bucket.Source_71E471F1"
          ]
        }
      ]
    },
    {
      "mode": "managed",
      "type": "aws_s3_object",
      "name": "Source_source-0_File--robotstxt_6F2DD3AC",
      "provider": "provider[\"registry.terraform.io/hashicorp/aws\"]",
      "instances": [
        {
          "schema_version": 0,
          "attributes": {
            "acl": null,
            "arn": "arn:aws:s3:::website-landingsource20241224042259745700000002/robots.txt",
            "bucket": "website-landingsource20241224042259745700000002",
            "bucket_key_enabled": false,
            "cache_control": "",
            "checksum_algorithm": null,
            "checksum_crc32": "",
            "checksum_crc32c": "",
            "checksum_crc64nvme": "",
            "checksum_sha1": "",
            "checksum_sha256": "",
            "content": null,
            "content_base64": null,
            "content_disposition": "",
            "content_encoding": "",
            "content_language": "",
            "content_type": "text/plain; charset=utf-8",
            "etag": "ddf1c47ba283ae21548e56806f39c5b4",
            "force_destroy": false,
            "id": "/robots.txt",
            "key": "/robots.txt",
            "kms_key_id": null,
            "metadata": {},
            "object_lock_legal_hold_status": "",
            "object_lock_mode": "",
            "object_lock_retain_until_date": "",
            "override_provider": [],
            "server_side_encryption": "AES256",
            "source": "assets/Source_source-0_PathAsset_FD59E05B/279EA474B28CF61FC236B8A18F3EF5D7/robots.txt",
            "source_hash": "ddf1c47ba283ae21548e56806f39c5b4",
            "storage_class": "STANDARD",
            "tags": {
              "Name": "prod-Source",
              "grid:EnvironmentName": "prod",
              "grid:UUID": "website"
            },
            "tags_all": {
              "Name": "prod-Source",
              "grid:EnvironmentName": "prod",
              "grid:UUID": "website"
            },
            "version_id": "",
            "website_redirect": ""
          },
          "sensitive_attributes": [],
          "private": "bnVsbA==",
          "dependencies": [
            "aws_s3_bucket.Source_71E471F1"
          ]
        }
      ]
    },
    {
      "mode": "managed",
      "type": "aws_s3_object",
      "name": "Source_source-0_File--sitemapxml_104FAD80",
      "provider": "provider[\"registry.terraform.io/hashicorp/aws\"]",
      "instances": [
        {
          "schema_version": 0,
          "attributes": {
            "acl": null,
            "arn": "arn:aws:s3:::website-landingsource20241224042259745700000002/sitemap.xml",
            "bucket": "website-landingsource20241224042259745700000002",
            "bucket_key_enabled": false,
            "cache_control": "",
            "checksum_algorithm": null,
            "checksum_crc32": "",
            "checksum_crc32c": "",
            "checksum_crc64nvme": "",
            "checksum_sha1": "",
            "checksum_sha256": "",
            "content": null,
            "content_base64": null,
            "content_disposition": "",
            "content_encoding": "",
            "content_language": "",
            "content_type": "application/xml",
            "etag": "4f12d8893f53f5f95b128337b0f45e89",
            "force_destroy": false,
            "id": "/sitemap.xml",
            "key": "/sitemap.xml",
            "kms_key_id": null,
            "metadata": {},
            "object_lock_legal_hold_status": "",
            "object_lock_mode": "",
            "object_lock_retain_until_date": "",
            "override_provider": [],
            "server_side_encryption": "AES256",
            "source": "assets/Source_source-0_PathAsset_FD59E05B/279EA474B28CF61FC236B8A18F3EF5D7/sitemap.xml",
            "source_hash": "4f12d8893f53f5f95b128337b0f45e89",
            "storage_class": "STANDARD",
            "tags": {
              "Name": "prod-Source",
              "grid:EnvironmentName": "prod",
              "grid:UUID": "website"
            },
            "tags_all": {
              "Name": "prod-Source",
              "grid:EnvironmentName": "prod",
              "grid:UUID": "website"
            },
            "version_id": "",
            "website_redirect": ""
          },
          "sensitive_attributes": [],
          "private": "bnVsbA==",
          "dependencies": [
            "aws_s3_bucket.Source_71E471F1"
          ]
        }
      ]
    }
  ],
  "check_results": null
}
